// !$*UTF8*$!
{
	archiveVersion = 1;
	classes = {
	};
	objectVersion = 48;
	objects = {

/* Begin PBXBuildFile section */
		130FA5160092F9EAED210012 /* libPods-IPOAsk.a in Frameworks */ = {isa = PBXBuildFile; fileRef = 71A9166307730159DB63610D /* libPods-IPOAsk.a */; };
		2072D1B220293C8A008E2178 /* FMDBManager.m in Sources */ = {isa = PBXBuildFile; fileRef = 2072D0D020293C8A008E2178 /* FMDBManager.m */; };
		2072D1B320293C8A008E2178 /* MyRefreshAutoGifFooter.m in Sources */ = {isa = PBXBuildFile; fileRef = 2072D0D320293C8A008E2178 /* MyRefreshAutoGifFooter.m */; };
		2072D1B420293C8A008E2178 /* MyRefreshAutoGifHeader.m in Sources */ = {isa = PBXBuildFile; fileRef = 2072D0D520293C8A008E2178 /* MyRefreshAutoGifHeader.m */; };
		2072D1B520293C8A008E2178 /* MBProgressHUD.m in Sources */ = {isa = PBXBuildFile; fileRef = 2072D0D820293C8A008E2178 /* MBProgressHUD.m */; };
		2072D1B620293C8A008E2178 /* UIBarButtonItem+myBarButtonItem.m in Sources */ = {isa = PBXBuildFile; fileRef = 2072D0DB20293C8A008E2178 /* UIBarButtonItem+myBarButtonItem.m */; };
		2072D1B720293C8A008E2178 /* UINavigationBar+MyNavigationBar.m in Sources */ = {isa = PBXBuildFile; fileRef = 2072D0DE20293C8A008E2178 /* UINavigationBar+MyNavigationBar.m */; };
		2072D1B820293C8A008E2178 /* UtilsCommon.m in Sources */ = {isa = PBXBuildFile; fileRef = 2072D0E420293C8A008E2178 /* UtilsCommon.m */; };
		2072D1B920293C8A008E2178 /* FLAnimatedImage.m in Sources */ = {isa = PBXBuildFile; fileRef = 2072D0E820293C8A008E2178 /* FLAnimatedImage.m */; };
		2072D1BA20293C8A008E2178 /* FLAnimatedImageView.m in Sources */ = {isa = PBXBuildFile; fileRef = 2072D0EA20293C8A008E2178 /* FLAnimatedImageView.m */; };
		2072D1BB20293C8A008E2178 /* 不是企业用户@2x.png in Resources */ = {isa = PBXBuildFile; fileRef = 2072D0ED20293C8A008E2178 /* 不是企业用户@2x.png */; };
		2072D1BC20293C8A008E2178 /* 勾选@2x.png in Resources */ = {isa = PBXBuildFile; fileRef = 2072D0EE20293C8A008E2178 /* 勾选@2x.png */; };
		2072D1BD20293C8A008E2178 /* 未勾选@2x.png in Resources */ = {isa = PBXBuildFile; fileRef = 2072D0EF20293C8A008E2178 /* 未勾选@2x.png */; };
		2072D1BE20293C8A008E2178 /* 没有提问@2x.png in Resources */ = {isa = PBXBuildFile; fileRef = 2072D0F020293C8A008E2178 /* 没有提问@2x.png */; };
		2072D1BF20293C8A008E2178 /* 不显示密码@2x.png in Resources */ = {isa = PBXBuildFile; fileRef = 2072D0F220293C8A008E2178 /* 不显示密码@2x.png */; };
		2072D1C020293C8A008E2178 /* 专家一对一@2x.png in Resources */ = {isa = PBXBuildFile; fileRef = 2072D0F320293C8A008E2178 /* 专家一对一@2x.png */; };
		2072D1C120293C8A008E2178 /* 其他优势@2x.png in Resources */ = {isa = PBXBuildFile; fileRef = 2072D0F420293C8A008E2178 /* 其他优势@2x.png */; };
		2072D1C220293C8A008E2178 /* 卡片@2x.png in Resources */ = {isa = PBXBuildFile; fileRef = 2072D0F520293C8A008E2178 /* 卡片@2x.png */; };
		2072D1C320293C8A008E2178 /* 显示密码@2x.png in Resources */ = {isa = PBXBuildFile; fileRef = 2072D0F620293C8A008E2178 /* 显示密码@2x.png */; };
		2072D1C420293C8A008E2178 /* 权威机构@2x.png in Resources */ = {isa = PBXBuildFile; fileRef = 2072D0F720293C8A008E2178 /* 权威机构@2x.png */; };
		2072D1C520293C8A008E2178 /* 电话联系@2x.png in Resources */ = {isa = PBXBuildFile; fileRef = 2072D0F820293C8A008E2178 /* 电话联系@2x.png */; };
		2072D1C620293C8A008E2178 /* 虚线@2x.png in Resources */ = {isa = PBXBuildFile; fileRef = 2072D0F920293C8A008E2178 /* 虚线@2x.png */; };
		2072D1C720293C8A008E2178 /* back@2x.png in Resources */ = {isa = PBXBuildFile; fileRef = 2072D0FB20293C8A008E2178 /* back@2x.png */; };
		2072D1C820293C8A008E2178 /* banner背景@2x.png in Resources */ = {isa = PBXBuildFile; fileRef = 2072D0FC20293C8A008E2178 /* banner背景@2x.png */; };
		2072D1C920293C8A008E2178 /* home_nor@2x.png in Resources */ = {isa = PBXBuildFile; fileRef = 2072D0FD20293C8A008E2178 /* home_nor@2x.png */; };
		2072D1CA20293C8A008E2178 /* home_pre@2x.png in Resources */ = {isa = PBXBuildFile; fileRef = 2072D0FE20293C8A008E2178 /* home_pre@2x.png */; };
		2072D1CB20293C8A008E2178 /* 企业-nor@2x.png in Resources */ = {isa = PBXBuildFile; fileRef = 2072D0FF20293C8A008E2178 /* 企业-nor@2x.png */; };
		2072D1CC20293C8A008E2178 /* 企业-pre@2x.png in Resources */ = {isa = PBXBuildFile; fileRef = 2072D10020293C8A008E2178 /* 企业-pre@2x.png */; };
		2072D1CD20293C8A008E2178 /* 关于我们@2x.png in Resources */ = {isa = PBXBuildFile; fileRef = 2072D10120293C8A008E2178 /* 关于我们@2x.png */; };
		2072D1CE20293C8A008E2178 /* 帮助中心@2x.png in Resources */ = {isa = PBXBuildFile; fileRef = 2072D10220293C8A008E2178 /* 帮助中心@2x.png */; };
		2072D1CF20293C8A008E2178 /* 我的-nor@2x.png in Resources */ = {isa = PBXBuildFile; fileRef = 2072D10320293C8A008E2178 /* 我的-nor@2x.png */; };
		2072D1D020293C8A008E2178 /* 我的-pre@2x.png in Resources */ = {isa = PBXBuildFile; fileRef = 2072D10420293C8A008E2178 /* 我的-pre@2x.png */; };
		2072D1D120293C8A008E2178 /* 我的钱包@2x.png in Resources */ = {isa = PBXBuildFile; fileRef = 2072D10520293C8A008E2178 /* 我的钱包@2x.png */; };
		2072D1D220293C8A008E2178 /* 消息-nor@2x.png in Resources */ = {isa = PBXBuildFile; fileRef = 2072D10620293C8A008E2178 /* 消息-nor@2x.png */; };
		2072D1D320293C8A008E2178 /* 消息-pre@2x.png in Resources */ = {isa = PBXBuildFile; fileRef = 2072D10720293C8A008E2178 /* 消息-pre@2x.png */; };
		2072D1D420293C8A008E2178 /* 申请成为答主@2x.png in Resources */ = {isa = PBXBuildFile; fileRef = 2072D10820293C8A008E2178 /* 申请成为答主@2x.png */; };
		2072D1D520293C8A008E2178 /* 草稿箱@2x.png in Resources */ = {isa = PBXBuildFile; fileRef = 2072D10920293C8A008E2178 /* 草稿箱@2x.png */; };
		2072D1D620293C8A008E2178 /* 设置@2x.png in Resources */ = {isa = PBXBuildFile; fileRef = 2072D10A20293C8A008E2178 /* 设置@2x.png */; };
		2072D1D720293C8A008E2178 /* 默认头像@2x.png in Resources */ = {isa = PBXBuildFile; fileRef = 2072D10B20293C8A008E2178 /* 默认头像@2x.png */; };
		2072D1D820293C8A008E2178 /* +关注@2x.png in Resources */ = {isa = PBXBuildFile; fileRef = 2072D10D20293C8A008E2178 /* +关注@2x.png */; };
		2072D1D920293C8A008E2178 /* 关注@2x.png in Resources */ = {isa = PBXBuildFile; fileRef = 2072D10E20293C8A008E2178 /* 关注@2x.png */; };
		2072D1DA20293C8A008E2178 /* 回答@2x.png in Resources */ = {isa = PBXBuildFile; fileRef = 2072D10F20293C8A008E2178 /* 回答@2x.png */; };
		2072D1DB20293C8A008E2178 /* 展开全文@2x.png in Resources */ = {isa = PBXBuildFile; fileRef = 2072D11020293C8A008E2178 /* 展开全文@2x.png */; };
		2072D1DC20293C8A008E2178 /* 已关注@2x.png in Resources */ = {isa = PBXBuildFile; fileRef = 2072D11120293C8A008E2178 /* 已关注@2x.png */; };
		2072D1DD20293C8A008E2178 /* 查看@2x.png in Resources */ = {isa = PBXBuildFile; fileRef = 2072D11220293C8A008E2178 /* 查看@2x.png */; };
		2072D1DE20293C8A008E2178 /* 点赞-回复-按下@2x.png in Resources */ = {isa = PBXBuildFile; fileRef = 2072D11320293C8A008E2178 /* 点赞-回复-按下@2x.png */; };
		2072D1DF20293C8A008E2178 /* 点赞-回复@2x.png in Resources */ = {isa = PBXBuildFile; fileRef = 2072D11420293C8A008E2178 /* 点赞-回复@2x.png */; };
		2072D1E020293C8A008E2178 /* 详情-查看@2x.png in Resources */ = {isa = PBXBuildFile; fileRef = 2072D11520293C8A008E2178 /* 详情-查看@2x.png */; };
		2072D1E120293C8A008E2178 /* 问题列表-点赞-按下@2x.png in Resources */ = {isa = PBXBuildFile; fileRef = 2072D11620293C8A008E2178 /* 问题列表-点赞-按下@2x.png */; };
		2072D1E220293C8A008E2178 /* 问题列表-点赞@2x.png in Resources */ = {isa = PBXBuildFile; fileRef = 2072D11720293C8A008E2178 /* 问题列表-点赞@2x.png */; };
		2072D1E320293C8A008E2178 /* 提问@2x.png in Resources */ = {isa = PBXBuildFile; fileRef = 2072D11920293C8A008E2178 /* 提问@2x.png */; };
		2072D1E420293C8A008E2178 /* 搜索@2x.png in Resources */ = {isa = PBXBuildFile; fileRef = 2072D11A20293C8A008E2178 /* 搜索@2x.png */; };
		2072D1E520293C8A008E2178 /* 搜索历史@2x.png in Resources */ = {isa = PBXBuildFile; fileRef = 2072D11B20293C8A008E2178 /* 搜索历史@2x.png */; };
		2072D1E620293C8A008E2178 /* 搜索无结果@2x.png in Resources */ = {isa = PBXBuildFile; fileRef = 2072D11C20293C8A008E2178 /* 搜索无结果@2x.png */; };
		2072D1E720293C8A008E2178 /* 上拉刷新.gif in Resources */ = {isa = PBXBuildFile; fileRef = 2072D11D20293C8A008E2178 /* 上拉刷新.gif */; };
		2072D1E820293C8A008E2178 /* 下拉加载.gif in Resources */ = {isa = PBXBuildFile; fileRef = 2072D11E20293C8A008E2178 /* 下拉加载.gif */; };
		2072D1E920293C8A008E2178 /* BaseNavViewController.m in Sources */ = {isa = PBXBuildFile; fileRef = 2072D12320293C8A008E2178 /* BaseNavViewController.m */; };
		2072D1EA20293C8A008E2178 /* BaseTableViewController.m in Sources */ = {isa = PBXBuildFile; fileRef = 2072D12520293C8A008E2178 /* BaseTableViewController.m */; };
		2072D1EB20293C8A008E2178 /* BaseViewController.m in Sources */ = {isa = PBXBuildFile; fileRef = 2072D12720293C8A008E2178 /* BaseViewController.m */; };
		2072D1EC20293C8A008E2178 /* BaseTabBarViewController.m in Sources */ = {isa = PBXBuildFile; fileRef = 2072D12A20293C8A008E2178 /* BaseTabBarViewController.m */; };
		2072D1ED20293C8A008E2178 /* ApplicationEnterpriseViewController.m in Sources */ = {isa = PBXBuildFile; fileRef = 2072D12E20293C8A008E2178 /* ApplicationEnterpriseViewController.m */; };
		2072D1EE20293C8A008E2178 /* EnterpriseViewController.m in Sources */ = {isa = PBXBuildFile; fileRef = 2072D13020293C8A008E2178 /* EnterpriseViewController.m */; };
		2072D1EF20293C8A008E2178 /* EnterpriseModel.m in Sources */ = {isa = PBXBuildFile; fileRef = 2072D13320293C8A008E2178 /* EnterpriseModel.m */; };
		2072D1F020293C8A008E2178 /* EnterpriseNotQuestionView.m in Sources */ = {isa = PBXBuildFile; fileRef = 2072D13620293C8A008E2178 /* EnterpriseNotQuestionView.m */; };
		2072D1F120293C8A008E2178 /* EnterpriseNotQuestionView.xib in Resources */ = {isa = PBXBuildFile; fileRef = 2072D13720293C8A008E2178 /* EnterpriseNotQuestionView.xib */; };
		2072D1F220293C8A008E2178 /* EnterpriseTableViewCell.m in Sources */ = {isa = PBXBuildFile; fileRef = 2072D13920293C8A008E2178 /* EnterpriseTableViewCell.m */; };
		2072D1F320293C8A008E2178 /* EnterpriseTableViewCell.xib in Resources */ = {isa = PBXBuildFile; fileRef = 2072D13A20293C8A008E2178 /* EnterpriseTableViewCell.xib */; };
		2072D1F420293C8A008E2178 /* NotEnterpriseView.m in Sources */ = {isa = PBXBuildFile; fileRef = 2072D13C20293C8A008E2178 /* NotEnterpriseView.m */; };
		2072D1F520293C8A008E2178 /* NotEnterpriseView.xib in Resources */ = {isa = PBXBuildFile; fileRef = 2072D13D20293C8A008E2178 /* NotEnterpriseView.xib */; };
		2072D1F620293C8A008E2178 /* AnswerDetailViewController.m in Sources */ = {isa = PBXBuildFile; fileRef = 2072D14120293C8A008E2178 /* AnswerDetailViewController.m */; };
		2072D1F720293C8A008E2178 /* DraftsViewController.m in Sources */ = {isa = PBXBuildFile; fileRef = 2072D14320293C8A008E2178 /* DraftsViewController.m */; };
		2072D1F820293C8A008E2178 /* EditAnswerViewController.m in Sources */ = {isa = PBXBuildFile; fileRef = 2072D14520293C8A008E2178 /* EditAnswerViewController.m */; };
		2072D1F920293C8A008E2178 /* EditQuestionViewController.m in Sources */ = {isa = PBXBuildFile; fileRef = 2072D14720293C8A008E2178 /* EditQuestionViewController.m */; };
		2072D1FA20293C8A008E2178 /* EditQuestionViewController.xib in Resources */ = {isa = PBXBuildFile; fileRef = 2072D14820293C8A008E2178 /* EditQuestionViewController.xib */; };
		2072D1FB20293C8A008E2178 /* MainAskCommViewController.m in Sources */ = {isa = PBXBuildFile; fileRef = 2072D14A20293C8A008E2178 /* MainAskCommViewController.m */; };
		2072D1FC20293C8A008E2178 /* MainAskCommViewController.xib in Resources */ = {isa = PBXBuildFile; fileRef = 2072D14B20293C8A008E2178 /* MainAskCommViewController.xib */; };
		2072D1FD20293C8A008E2178 /* MainAskDetailViewController.m in Sources */ = {isa = PBXBuildFile; fileRef = 2072D14D20293C8A008E2178 /* MainAskDetailViewController.m */; };
		2072D1FE20293C8A008E2178 /* MainAskDetailViewController.xib in Resources */ = {isa = PBXBuildFile; fileRef = 2072D14E20293C8A008E2178 /* MainAskDetailViewController.xib */; };
		2072D1FF20293C8A008E2178 /* MainAskViewController.m in Sources */ = {isa = PBXBuildFile; fileRef = 2072D15020293C8A008E2178 /* MainAskViewController.m */; };
		2072D20020293C8A008E2178 /* MainNavigationController.m in Sources */ = {isa = PBXBuildFile; fileRef = 2072D15220293C8A008E2178 /* MainNavigationController.m */; };
		2072D20120293C8A008E2178 /* QuestionViewController.m in Sources */ = {isa = PBXBuildFile; fileRef = 2072D15420293C8A008E2178 /* QuestionViewController.m */; };
		2072D20220293C8A008E2178 /* SearchViewController.m in Sources */ = {isa = PBXBuildFile; fileRef = 2072D15620293C8A008E2178 /* SearchViewController.m */; };
		2072D20320293C8A008E2178 /* AnswerModel.m in Sources */ = {isa = PBXBuildFile; fileRef = 2072D15920293C8A008E2178 /* AnswerModel.m */; };
		2072D20420293C8A008E2178 /* DraftsModel.m in Sources */ = {isa = PBXBuildFile; fileRef = 2072D15B20293C8A008E2178 /* DraftsModel.m */; };
		2072D20520293C8A008E2178 /* QuestionModel.m in Sources */ = {isa = PBXBuildFile; fileRef = 2072D15D20293C8A008E2178 /* QuestionModel.m */; };
		2072D20620293C8A008E2178 /* AnswerTableViewCell.m in Sources */ = {isa = PBXBuildFile; fileRef = 2072D16020293C8A008E2178 /* AnswerTableViewCell.m */; };
		2072D20720293C8A008E2178 /* DraftsTableViewCell.m in Sources */ = {isa = PBXBuildFile; fileRef = 2072D16220293C8A008E2178 /* DraftsTableViewCell.m */; };
		2072D20820293C8A008E2178 /* DraftsTableViewCell.xib in Resources */ = {isa = PBXBuildFile; fileRef = 2072D16320293C8A008E2178 /* DraftsTableViewCell.xib */; };
		2072D20920293C8A008E2178 /* MainAskDetailHeadViewCellTableViewCell.m in Sources */ = {isa = PBXBuildFile; fileRef = 2072D16520293C8A008E2178 /* MainAskDetailHeadViewCellTableViewCell.m */; };
		2072D20A20293C8A008E2178 /* MainAskDetailHeadViewCellTableViewCell.xib in Resources */ = {isa = PBXBuildFile; fileRef = 2072D16620293C8A008E2178 /* MainAskDetailHeadViewCellTableViewCell.xib */; };
		2072D20B20293C8A008E2178 /* QuestionTableViewCell.m in Sources */ = {isa = PBXBuildFile; fileRef = 2072D16820293C8A008E2178 /* QuestionTableViewCell.m */; };
		2072D20C20293C8A008E2178 /* MessageViewController.m in Sources */ = {isa = PBXBuildFile; fileRef = 2072D16C20293C8A008E2178 /* MessageViewController.m */; };
		2072D20D20293C8A008E2178 /* AnswerOrLikeModel.m in Sources */ = {isa = PBXBuildFile; fileRef = 2072D16F20293C8A008E2178 /* AnswerOrLikeModel.m */; };
		2072D20E20293C8A008E2178 /* AnswerOrLikeTableViewCell.m in Sources */ = {isa = PBXBuildFile; fileRef = 2072D17220293C8A008E2178 /* AnswerOrLikeTableViewCell.m */; };
		2072D20F20293C8A008E2178 /* AnswerOrLikeTableViewCell.xib in Resources */ = {isa = PBXBuildFile; fileRef = 2072D17320293C8A008E2178 /* AnswerOrLikeTableViewCell.xib */; };
		2072D21020293C8A008E2178 /* AboutViewController.m in Sources */ = {isa = PBXBuildFile; fileRef = 2072D17720293C8A008E2178 /* AboutViewController.m */; };
		2072D21120293C8A008E2178 /* AnswerViewController.m in Sources */ = {isa = PBXBuildFile; fileRef = 2072D17920293C8A008E2178 /* AnswerViewController.m */; };
		2072D21220293C8A008E2178 /* DraftViewController.m in Sources */ = {isa = PBXBuildFile; fileRef = 2072D17B20293C8A008E2178 /* DraftViewController.m */; };
		2072D21320293C8A008E2178 /* HelpViewController.m in Sources */ = {isa = PBXBuildFile; fileRef = 2072D17D20293C8A008E2178 /* HelpViewController.m */; };
		2072D21420293C8A008E2178 /* MineViewController.m in Sources */ = {isa = PBXBuildFile; fileRef = 2072D17F20293C8A008E2178 /* MineViewController.m */; };
		2072D21520293C8A008E2178 /* SettingViewController.m in Sources */ = {isa = PBXBuildFile; fileRef = 2072D18120293C8A008E2178 /* SettingViewController.m */; };
		2072D21620293C8A008E2178 /* WalletViewController.m in Sources */ = {isa = PBXBuildFile; fileRef = 2072D18320293C8A008E2178 /* WalletViewController.m */; };
		2072D21720293C8A008E2178 /* InfoViewController.m in Sources */ = {isa = PBXBuildFile; fileRef = 2072D18620293C8A008E2178 /* InfoViewController.m */; };
		2072D21820293C8A008E2178 /* MyAnswerViewController.m in Sources */ = {isa = PBXBuildFile; fileRef = 2072D18820293C8A008E2178 /* MyAnswerViewController.m */; };
		2072D21920293C8A008E2178 /* MyAskViewController.m in Sources */ = {isa = PBXBuildFile; fileRef = 2072D18A20293C8A008E2178 /* MyAskViewController.m */; };
		2072D21A20293C8A008E2178 /* MyFollowViewController.m in Sources */ = {isa = PBXBuildFile; fileRef = 2072D18C20293C8A008E2178 /* MyFollowViewController.m */; };
		2072D21B20293C8A008E2178 /* MyLikeViewController.m in Sources */ = {isa = PBXBuildFile; fileRef = 2072D18E20293C8A008E2178 /* MyLikeViewController.m */; };
		2072D21C20293C8A008E2178 /* DraftViewTableViewCell.m in Sources */ = {isa = PBXBuildFile; fileRef = 2072D19120293C8A008E2178 /* DraftViewTableViewCell.m */; };
		2072D21D20293C8A008E2178 /* FollowTableViewCell.m in Sources */ = {isa = PBXBuildFile; fileRef = 2072D19320293C8A008E2178 /* FollowTableViewCell.m */; };
		2072D21E20293C8A008E2178 /* HeadViewTableViewCell.m in Sources */ = {isa = PBXBuildFile; fileRef = 2072D19520293C8A008E2178 /* HeadViewTableViewCell.m */; };
		2072D21F20293C8A008E2178 /* LikeTableViewCell.m in Sources */ = {isa = PBXBuildFile; fileRef = 2072D19720293C8A008E2178 /* LikeTableViewCell.m */; };
		2072D22020293C8A008E2178 /* AskProgressHUD.m in Sources */ = {isa = PBXBuildFile; fileRef = 2072D19A20293C8A008E2178 /* AskProgressHUD.m */; };
		2072D22120293C8A008E2178 /* SearchView.m in Sources */ = {isa = PBXBuildFile; fileRef = 2072D19C20293C8A008E2178 /* SearchView.m */; };
		2072D22220293C8A008E2178 /* TipsViews.m in Sources */ = {isa = PBXBuildFile; fileRef = 2072D19E20293C8A008E2178 /* TipsViews.m */; };
		2072D22320293C8A008E2178 /* ResetPasswordViewController.m in Sources */ = {isa = PBXBuildFile; fileRef = 2072D1A220293C8A008E2178 /* ResetPasswordViewController.m */; };
		2072D22420293C8A008E2178 /* SignInViewController.m in Sources */ = {isa = PBXBuildFile; fileRef = 2072D1A420293C8A008E2178 /* SignInViewController.m */; };
		2072D22520293C8A008E2178 /* EnterpriseRegisterView.m in Sources */ = {isa = PBXBuildFile; fileRef = 2072D1A720293C8A008E2178 /* EnterpriseRegisterView.m */; };
		2072D22620293C8A008E2178 /* EnterpriseRegisterView.xib in Resources */ = {isa = PBXBuildFile; fileRef = 2072D1A820293C8A008E2178 /* EnterpriseRegisterView.xib */; };
		2072D22720293C8A008E2178 /* loginEnterpriseRegisterView.m in Sources */ = {isa = PBXBuildFile; fileRef = 2072D1AA20293C8A008E2178 /* loginEnterpriseRegisterView.m */; };
		2072D22820293C8A008E2178 /* loginEnterpriseRegisterView.xib in Resources */ = {isa = PBXBuildFile; fileRef = 2072D1AB20293C8A008E2178 /* loginEnterpriseRegisterView.xib */; };
		2072D22920293C8A008E2178 /* loginView.m in Sources */ = {isa = PBXBuildFile; fileRef = 2072D1AD20293C8A008E2178 /* loginView.m */; };
		2072D22A20293C8A008E2178 /* RegisterView.m in Sources */ = {isa = PBXBuildFile; fileRef = 2072D1AF20293C8A008E2178 /* RegisterView.m */; };
		2072D22B20293C8A008E2178 /* TextFieldViews.m in Sources */ = {isa = PBXBuildFile; fileRef = 2072D1B120293C8A008E2178 /* TextFieldViews.m */; };
		2072D23020299510008E2178 /* UserDataManager.m in Sources */ = {isa = PBXBuildFile; fileRef = 2072D22F20299510008E2178 /* UserDataManager.m */; };
		84D1B2F92017326600DF2DE4 /* main.m in Sources */ = {isa = PBXBuildFile; fileRef = 84D1B2F72017326600DF2DE4 /* main.m */; };
		84D1B2FE201733AB00DF2DE4 /* Info.plist in Resources */ = {isa = PBXBuildFile; fileRef = 84D1B2FD201733AB00DF2DE4 /* Info.plist */; };
		84FBDC0A20198675007A7E45 /* AskHttpLink.m in Sources */ = {isa = PBXBuildFile; fileRef = 84FBDC0920198675007A7E45 /* AskHttpLink.m */; };
		F563CCCF2017153B00D4751A /* AppDelegate.m in Sources */ = {isa = PBXBuildFile; fileRef = F563CCCE2017153B00D4751A /* AppDelegate.m */; };
		F563CCD52017153B00D4751A /* Main.storyboard in Resources */ = {isa = PBXBuildFile; fileRef = F563CCD32017153B00D4751A /* Main.storyboard */; };
		F563CCD72017153B00D4751A /* Assets.xcassets in Resources */ = {isa = PBXBuildFile; fileRef = F563CCD62017153B00D4751A /* Assets.xcassets */; };
		F563CCDA2017153B00D4751A /* LaunchScreen.storyboard in Resources */ = {isa = PBXBuildFile; fileRef = F563CCD82017153B00D4751A /* LaunchScreen.storyboard */; };
/* End PBXBuildFile section */

/* Begin PBXFileReference section */
		0441DF22CC1CD148DF8C8CB4 /* Pods-IPOAsk.debug.xcconfig */ = {isa = PBXFileReference; includeInIndex = 1; lastKnownFileType = text.xcconfig; name = "Pods-IPOAsk.debug.xcconfig"; path = "Pods/Target Support Files/Pods-IPOAsk/Pods-IPOAsk.debug.xcconfig"; sourceTree = "<group>"; };
		2072D0CF20293C8A008E2178 /* FMDBManager.h */ = {isa = PBXFileReference; fileEncoding = 4; lastKnownFileType = sourcecode.c.h; path = FMDBManager.h; sourceTree = "<group>"; };
		2072D0D020293C8A008E2178 /* FMDBManager.m */ = {isa = PBXFileReference; fileEncoding = 4; lastKnownFileType = sourcecode.c.objc; path = FMDBManager.m; sourceTree = "<group>"; };
		2072D0D220293C8A008E2178 /* MyRefreshAutoGifFooter.h */ = {isa = PBXFileReference; fileEncoding = 4; lastKnownFileType = sourcecode.c.h; path = MyRefreshAutoGifFooter.h; sourceTree = "<group>"; };
		2072D0D320293C8A008E2178 /* MyRefreshAutoGifFooter.m */ = {isa = PBXFileReference; fileEncoding = 4; lastKnownFileType = sourcecode.c.objc; path = MyRefreshAutoGifFooter.m; sourceTree = "<group>"; };
		2072D0D420293C8A008E2178 /* MyRefreshAutoGifHeader.h */ = {isa = PBXFileReference; fileEncoding = 4; lastKnownFileType = sourcecode.c.h; path = MyRefreshAutoGifHeader.h; sourceTree = "<group>"; };
		2072D0D520293C8A008E2178 /* MyRefreshAutoGifHeader.m */ = {isa = PBXFileReference; fileEncoding = 4; lastKnownFileType = sourcecode.c.objc; path = MyRefreshAutoGifHeader.m; sourceTree = "<group>"; };
		2072D0D720293C8A008E2178 /* MBProgressHUD.h */ = {isa = PBXFileReference; fileEncoding = 4; lastKnownFileType = sourcecode.c.h; path = MBProgressHUD.h; sourceTree = "<group>"; };
		2072D0D820293C8A008E2178 /* MBProgressHUD.m */ = {isa = PBXFileReference; fileEncoding = 4; lastKnownFileType = sourcecode.c.objc; path = MBProgressHUD.m; sourceTree = "<group>"; };
		2072D0DA20293C8A008E2178 /* UIBarButtonItem+myBarButtonItem.h */ = {isa = PBXFileReference; fileEncoding = 4; lastKnownFileType = sourcecode.c.h; path = "UIBarButtonItem+myBarButtonItem.h"; sourceTree = "<group>"; };
		2072D0DB20293C8A008E2178 /* UIBarButtonItem+myBarButtonItem.m */ = {isa = PBXFileReference; fileEncoding = 4; lastKnownFileType = sourcecode.c.objc; path = "UIBarButtonItem+myBarButtonItem.m"; sourceTree = "<group>"; };
		2072D0DD20293C8A008E2178 /* UINavigationBar+MyNavigationBar.h */ = {isa = PBXFileReference; fileEncoding = 4; lastKnownFileType = sourcecode.c.h; path = "UINavigationBar+MyNavigationBar.h"; sourceTree = "<group>"; };
		2072D0DE20293C8A008E2178 /* UINavigationBar+MyNavigationBar.m */ = {isa = PBXFileReference; fileEncoding = 4; lastKnownFileType = sourcecode.c.objc; path = "UINavigationBar+MyNavigationBar.m"; sourceTree = "<group>"; };
		2072D0E120293C8A008E2178 /* Macro.h */ = {isa = PBXFileReference; fileEncoding = 4; lastKnownFileType = sourcecode.c.h; path = Macro.h; sourceTree = "<group>"; };
		2072D0E320293C8A008E2178 /* UtilsCommon.h */ = {isa = PBXFileReference; fileEncoding = 4; lastKnownFileType = sourcecode.c.h; path = UtilsCommon.h; sourceTree = "<group>"; };
		2072D0E420293C8A008E2178 /* UtilsCommon.m */ = {isa = PBXFileReference; fileEncoding = 4; lastKnownFileType = sourcecode.c.objc; path = UtilsCommon.m; sourceTree = "<group>"; };
		2072D0E720293C8A008E2178 /* FLAnimatedImage.h */ = {isa = PBXFileReference; fileEncoding = 4; lastKnownFileType = sourcecode.c.h; path = FLAnimatedImage.h; sourceTree = "<group>"; };
		2072D0E820293C8A008E2178 /* FLAnimatedImage.m */ = {isa = PBXFileReference; fileEncoding = 4; lastKnownFileType = sourcecode.c.objc; path = FLAnimatedImage.m; sourceTree = "<group>"; };
		2072D0E920293C8A008E2178 /* FLAnimatedImageView.h */ = {isa = PBXFileReference; fileEncoding = 4; lastKnownFileType = sourcecode.c.h; path = FLAnimatedImageView.h; sourceTree = "<group>"; };
		2072D0EA20293C8A008E2178 /* FLAnimatedImageView.m */ = {isa = PBXFileReference; fileEncoding = 4; lastKnownFileType = sourcecode.c.objc; path = FLAnimatedImageView.m; sourceTree = "<group>"; };
		2072D0ED20293C8A008E2178 /* 不是企业用户@2x.png */ = {isa = PBXFileReference; lastKnownFileType = image.png; path = "不是企业用户@2x.png"; sourceTree = "<group>"; };
		2072D0EE20293C8A008E2178 /* 勾选@2x.png */ = {isa = PBXFileReference; lastKnownFileType = image.png; path = "勾选@2x.png"; sourceTree = "<group>"; };
		2072D0EF20293C8A008E2178 /* 未勾选@2x.png */ = {isa = PBXFileReference; lastKnownFileType = image.png; path = "未勾选@2x.png"; sourceTree = "<group>"; };
		2072D0F020293C8A008E2178 /* 没有提问@2x.png */ = {isa = PBXFileReference; lastKnownFileType = image.png; path = "没有提问@2x.png"; sourceTree = "<group>"; };
		2072D0F220293C8A008E2178 /* 不显示密码@2x.png */ = {isa = PBXFileReference; lastKnownFileType = image.png; path = "不显示密码@2x.png"; sourceTree = "<group>"; };
		2072D0F320293C8A008E2178 /* 专家一对一@2x.png */ = {isa = PBXFileReference; lastKnownFileType = image.png; path = "专家一对一@2x.png"; sourceTree = "<group>"; };
		2072D0F420293C8A008E2178 /* 其他优势@2x.png */ = {isa = PBXFileReference; lastKnownFileType = image.png; path = "其他优势@2x.png"; sourceTree = "<group>"; };
		2072D0F520293C8A008E2178 /* 卡片@2x.png */ = {isa = PBXFileReference; lastKnownFileType = image.png; path = "卡片@2x.png"; sourceTree = "<group>"; };
		2072D0F620293C8A008E2178 /* 显示密码@2x.png */ = {isa = PBXFileReference; lastKnownFileType = image.png; path = "显示密码@2x.png"; sourceTree = "<group>"; };
		2072D0F720293C8A008E2178 /* 权威机构@2x.png */ = {isa = PBXFileReference; lastKnownFileType = image.png; path = "权威机构@2x.png"; sourceTree = "<group>"; };
		2072D0F820293C8A008E2178 /* 电话联系@2x.png */ = {isa = PBXFileReference; lastKnownFileType = image.png; path = "电话联系@2x.png"; sourceTree = "<group>"; };
		2072D0F920293C8A008E2178 /* 虚线@2x.png */ = {isa = PBXFileReference; lastKnownFileType = image.png; path = "虚线@2x.png"; sourceTree = "<group>"; };
		2072D0FB20293C8A008E2178 /* back@2x.png */ = {isa = PBXFileReference; lastKnownFileType = image.png; path = "back@2x.png"; sourceTree = "<group>"; };
		2072D0FC20293C8A008E2178 /* banner背景@2x.png */ = {isa = PBXFileReference; lastKnownFileType = image.png; path = "banner背景@2x.png"; sourceTree = "<group>"; };
		2072D0FD20293C8A008E2178 /* home_nor@2x.png */ = {isa = PBXFileReference; lastKnownFileType = image.png; path = "home_nor@2x.png"; sourceTree = "<group>"; };
		2072D0FE20293C8A008E2178 /* home_pre@2x.png */ = {isa = PBXFileReference; lastKnownFileType = image.png; path = "home_pre@2x.png"; sourceTree = "<group>"; };
		2072D0FF20293C8A008E2178 /* 企业-nor@2x.png */ = {isa = PBXFileReference; lastKnownFileType = image.png; path = "企业-nor@2x.png"; sourceTree = "<group>"; };
		2072D10020293C8A008E2178 /* 企业-pre@2x.png */ = {isa = PBXFileReference; lastKnownFileType = image.png; path = "企业-pre@2x.png"; sourceTree = "<group>"; };
		2072D10120293C8A008E2178 /* 关于我们@2x.png */ = {isa = PBXFileReference; lastKnownFileType = image.png; path = "关于我们@2x.png"; sourceTree = "<group>"; };
		2072D10220293C8A008E2178 /* 帮助中心@2x.png */ = {isa = PBXFileReference; lastKnownFileType = image.png; path = "帮助中心@2x.png"; sourceTree = "<group>"; };
		2072D10320293C8A008E2178 /* 我的-nor@2x.png */ = {isa = PBXFileReference; lastKnownFileType = image.png; path = "我的-nor@2x.png"; sourceTree = "<group>"; };
		2072D10420293C8A008E2178 /* 我的-pre@2x.png */ = {isa = PBXFileReference; lastKnownFileType = image.png; path = "我的-pre@2x.png"; sourceTree = "<group>"; };
		2072D10520293C8A008E2178 /* 我的钱包@2x.png */ = {isa = PBXFileReference; lastKnownFileType = image.png; path = "我的钱包@2x.png"; sourceTree = "<group>"; };
		2072D10620293C8A008E2178 /* 消息-nor@2x.png */ = {isa = PBXFileReference; lastKnownFileType = image.png; path = "消息-nor@2x.png"; sourceTree = "<group>"; };
		2072D10720293C8A008E2178 /* 消息-pre@2x.png */ = {isa = PBXFileReference; lastKnownFileType = image.png; path = "消息-pre@2x.png"; sourceTree = "<group>"; };
		2072D10820293C8A008E2178 /* 申请成为答主@2x.png */ = {isa = PBXFileReference; lastKnownFileType = image.png; path = "申请成为答主@2x.png"; sourceTree = "<group>"; };
		2072D10920293C8A008E2178 /* 草稿箱@2x.png */ = {isa = PBXFileReference; lastKnownFileType = image.png; path = "草稿箱@2x.png"; sourceTree = "<group>"; };
		2072D10A20293C8A008E2178 /* 设置@2x.png */ = {isa = PBXFileReference; lastKnownFileType = image.png; path = "设置@2x.png"; sourceTree = "<group>"; };
		2072D10B20293C8A008E2178 /* 默认头像@2x.png */ = {isa = PBXFileReference; lastKnownFileType = image.png; path = "默认头像@2x.png"; sourceTree = "<group>"; };
		2072D10D20293C8A008E2178 /* +关注@2x.png */ = {isa = PBXFileReference; lastKnownFileType = image.png; path = "+关注@2x.png"; sourceTree = "<group>"; };
		2072D10E20293C8A008E2178 /* 关注@2x.png */ = {isa = PBXFileReference; lastKnownFileType = image.png; path = "关注@2x.png"; sourceTree = "<group>"; };
		2072D10F20293C8A008E2178 /* 回答@2x.png */ = {isa = PBXFileReference; lastKnownFileType = image.png; path = "回答@2x.png"; sourceTree = "<group>"; };
		2072D11020293C8A008E2178 /* 展开全文@2x.png */ = {isa = PBXFileReference; lastKnownFileType = image.png; path = "展开全文@2x.png"; sourceTree = "<group>"; };
		2072D11120293C8A008E2178 /* 已关注@2x.png */ = {isa = PBXFileReference; lastKnownFileType = image.png; path = "已关注@2x.png"; sourceTree = "<group>"; };
		2072D11220293C8A008E2178 /* 查看@2x.png */ = {isa = PBXFileReference; lastKnownFileType = image.png; path = "查看@2x.png"; sourceTree = "<group>"; };
		2072D11320293C8A008E2178 /* 点赞-回复-按下@2x.png */ = {isa = PBXFileReference; lastKnownFileType = image.png; path = "点赞-回复-按下@2x.png"; sourceTree = "<group>"; };
		2072D11420293C8A008E2178 /* 点赞-回复@2x.png */ = {isa = PBXFileReference; lastKnownFileType = image.png; path = "点赞-回复@2x.png"; sourceTree = "<group>"; };
		2072D11520293C8A008E2178 /* 详情-查看@2x.png */ = {isa = PBXFileReference; lastKnownFileType = image.png; path = "详情-查看@2x.png"; sourceTree = "<group>"; };
		2072D11620293C8A008E2178 /* 问题列表-点赞-按下@2x.png */ = {isa = PBXFileReference; lastKnownFileType = image.png; path = "问题列表-点赞-按下@2x.png"; sourceTree = "<group>"; };
		2072D11720293C8A008E2178 /* 问题列表-点赞@2x.png */ = {isa = PBXFileReference; lastKnownFileType = image.png; path = "问题列表-点赞@2x.png"; sourceTree = "<group>"; };
		2072D11920293C8A008E2178 /* 提问@2x.png */ = {isa = PBXFileReference; lastKnownFileType = image.png; path = "提问@2x.png"; sourceTree = "<group>"; };
		2072D11A20293C8A008E2178 /* 搜索@2x.png */ = {isa = PBXFileReference; lastKnownFileType = image.png; path = "搜索@2x.png"; sourceTree = "<group>"; };
		2072D11B20293C8A008E2178 /* 搜索历史@2x.png */ = {isa = PBXFileReference; lastKnownFileType = image.png; path = "搜索历史@2x.png"; sourceTree = "<group>"; };
		2072D11C20293C8A008E2178 /* 搜索无结果@2x.png */ = {isa = PBXFileReference; lastKnownFileType = image.png; path = "搜索无结果@2x.png"; sourceTree = "<group>"; };
		2072D11D20293C8A008E2178 /* 上拉刷新.gif */ = {isa = PBXFileReference; lastKnownFileType = image.gif; path = "上拉刷新.gif"; sourceTree = "<group>"; };
		2072D11E20293C8A008E2178 /* 下拉加载.gif */ = {isa = PBXFileReference; lastKnownFileType = image.gif; path = "下拉加载.gif"; sourceTree = "<group>"; };
		2072D12220293C8A008E2178 /* BaseNavViewController.h */ = {isa = PBXFileReference; fileEncoding = 4; lastKnownFileType = sourcecode.c.h; path = BaseNavViewController.h; sourceTree = "<group>"; };
		2072D12320293C8A008E2178 /* BaseNavViewController.m */ = {isa = PBXFileReference; fileEncoding = 4; lastKnownFileType = sourcecode.c.objc; path = BaseNavViewController.m; sourceTree = "<group>"; };
		2072D12420293C8A008E2178 /* BaseTableViewController.h */ = {isa = PBXFileReference; fileEncoding = 4; lastKnownFileType = sourcecode.c.h; path = BaseTableViewController.h; sourceTree = "<group>"; };
		2072D12520293C8A008E2178 /* BaseTableViewController.m */ = {isa = PBXFileReference; fileEncoding = 4; lastKnownFileType = sourcecode.c.objc; path = BaseTableViewController.m; sourceTree = "<group>"; };
		2072D12620293C8A008E2178 /* BaseViewController.h */ = {isa = PBXFileReference; fileEncoding = 4; lastKnownFileType = sourcecode.c.h; path = BaseViewController.h; sourceTree = "<group>"; };
		2072D12720293C8A008E2178 /* BaseViewController.m */ = {isa = PBXFileReference; fileEncoding = 4; lastKnownFileType = sourcecode.c.objc; path = BaseViewController.m; sourceTree = "<group>"; };
		2072D12920293C8A008E2178 /* BaseTabBarViewController.h */ = {isa = PBXFileReference; fileEncoding = 4; lastKnownFileType = sourcecode.c.h; path = BaseTabBarViewController.h; sourceTree = "<group>"; };
		2072D12A20293C8A008E2178 /* BaseTabBarViewController.m */ = {isa = PBXFileReference; fileEncoding = 4; lastKnownFileType = sourcecode.c.objc; path = BaseTabBarViewController.m; sourceTree = "<group>"; };
		2072D12D20293C8A008E2178 /* ApplicationEnterpriseViewController.h */ = {isa = PBXFileReference; fileEncoding = 4; lastKnownFileType = sourcecode.c.h; path = ApplicationEnterpriseViewController.h; sourceTree = "<group>"; };
		2072D12E20293C8A008E2178 /* ApplicationEnterpriseViewController.m */ = {isa = PBXFileReference; fileEncoding = 4; lastKnownFileType = sourcecode.c.objc; path = ApplicationEnterpriseViewController.m; sourceTree = "<group>"; };
		2072D12F20293C8A008E2178 /* EnterpriseViewController.h */ = {isa = PBXFileReference; fileEncoding = 4; lastKnownFileType = sourcecode.c.h; path = EnterpriseViewController.h; sourceTree = "<group>"; };
		2072D13020293C8A008E2178 /* EnterpriseViewController.m */ = {isa = PBXFileReference; fileEncoding = 4; lastKnownFileType = sourcecode.c.objc; path = EnterpriseViewController.m; sourceTree = "<group>"; };
		2072D13220293C8A008E2178 /* EnterpriseModel.h */ = {isa = PBXFileReference; fileEncoding = 4; lastKnownFileType = sourcecode.c.h; path = EnterpriseModel.h; sourceTree = "<group>"; };
		2072D13320293C8A008E2178 /* EnterpriseModel.m */ = {isa = PBXFileReference; fileEncoding = 4; lastKnownFileType = sourcecode.c.objc; path = EnterpriseModel.m; sourceTree = "<group>"; };
		2072D13520293C8A008E2178 /* EnterpriseNotQuestionView.h */ = {isa = PBXFileReference; fileEncoding = 4; lastKnownFileType = sourcecode.c.h; path = EnterpriseNotQuestionView.h; sourceTree = "<group>"; };
		2072D13620293C8A008E2178 /* EnterpriseNotQuestionView.m */ = {isa = PBXFileReference; fileEncoding = 4; lastKnownFileType = sourcecode.c.objc; path = EnterpriseNotQuestionView.m; sourceTree = "<group>"; };
		2072D13720293C8A008E2178 /* EnterpriseNotQuestionView.xib */ = {isa = PBXFileReference; fileEncoding = 4; lastKnownFileType = file.xib; path = EnterpriseNotQuestionView.xib; sourceTree = "<group>"; };
		2072D13820293C8A008E2178 /* EnterpriseTableViewCell.h */ = {isa = PBXFileReference; fileEncoding = 4; lastKnownFileType = sourcecode.c.h; path = EnterpriseTableViewCell.h; sourceTree = "<group>"; };
		2072D13920293C8A008E2178 /* EnterpriseTableViewCell.m */ = {isa = PBXFileReference; fileEncoding = 4; lastKnownFileType = sourcecode.c.objc; path = EnterpriseTableViewCell.m; sourceTree = "<group>"; };
		2072D13A20293C8A008E2178 /* EnterpriseTableViewCell.xib */ = {isa = PBXFileReference; fileEncoding = 4; lastKnownFileType = file.xib; path = EnterpriseTableViewCell.xib; sourceTree = "<group>"; };
		2072D13B20293C8A008E2178 /* NotEnterpriseView.h */ = {isa = PBXFileReference; fileEncoding = 4; lastKnownFileType = sourcecode.c.h; path = NotEnterpriseView.h; sourceTree = "<group>"; };
		2072D13C20293C8A008E2178 /* NotEnterpriseView.m */ = {isa = PBXFileReference; fileEncoding = 4; lastKnownFileType = sourcecode.c.objc; path = NotEnterpriseView.m; sourceTree = "<group>"; };
		2072D13D20293C8A008E2178 /* NotEnterpriseView.xib */ = {isa = PBXFileReference; fileEncoding = 4; lastKnownFileType = file.xib; path = NotEnterpriseView.xib; sourceTree = "<group>"; };
		2072D14020293C8A008E2178 /* AnswerDetailViewController.h */ = {isa = PBXFileReference; fileEncoding = 4; lastKnownFileType = sourcecode.c.h; path = AnswerDetailViewController.h; sourceTree = "<group>"; };
		2072D14120293C8A008E2178 /* AnswerDetailViewController.m */ = {isa = PBXFileReference; fileEncoding = 4; lastKnownFileType = sourcecode.c.objc; path = AnswerDetailViewController.m; sourceTree = "<group>"; };
		2072D14220293C8A008E2178 /* DraftsViewController.h */ = {isa = PBXFileReference; fileEncoding = 4; lastKnownFileType = sourcecode.c.h; path = DraftsViewController.h; sourceTree = "<group>"; };
		2072D14320293C8A008E2178 /* DraftsViewController.m */ = {isa = PBXFileReference; fileEncoding = 4; lastKnownFileType = sourcecode.c.objc; path = DraftsViewController.m; sourceTree = "<group>"; };
		2072D14420293C8A008E2178 /* EditAnswerViewController.h */ = {isa = PBXFileReference; fileEncoding = 4; lastKnownFileType = sourcecode.c.h; path = EditAnswerViewController.h; sourceTree = "<group>"; };
		2072D14520293C8A008E2178 /* EditAnswerViewController.m */ = {isa = PBXFileReference; fileEncoding = 4; lastKnownFileType = sourcecode.c.objc; path = EditAnswerViewController.m; sourceTree = "<group>"; };
		2072D14620293C8A008E2178 /* EditQuestionViewController.h */ = {isa = PBXFileReference; fileEncoding = 4; lastKnownFileType = sourcecode.c.h; path = EditQuestionViewController.h; sourceTree = "<group>"; };
		2072D14720293C8A008E2178 /* EditQuestionViewController.m */ = {isa = PBXFileReference; fileEncoding = 4; lastKnownFileType = sourcecode.c.objc; path = EditQuestionViewController.m; sourceTree = "<group>"; };
		2072D14820293C8A008E2178 /* EditQuestionViewController.xib */ = {isa = PBXFileReference; fileEncoding = 4; lastKnownFileType = file.xib; path = EditQuestionViewController.xib; sourceTree = "<group>"; };
		2072D14920293C8A008E2178 /* MainAskCommViewController.h */ = {isa = PBXFileReference; fileEncoding = 4; lastKnownFileType = sourcecode.c.h; path = MainAskCommViewController.h; sourceTree = "<group>"; };
		2072D14A20293C8A008E2178 /* MainAskCommViewController.m */ = {isa = PBXFileReference; fileEncoding = 4; lastKnownFileType = sourcecode.c.objc; path = MainAskCommViewController.m; sourceTree = "<group>"; };
		2072D14B20293C8A008E2178 /* MainAskCommViewController.xib */ = {isa = PBXFileReference; fileEncoding = 4; lastKnownFileType = file.xib; path = MainAskCommViewController.xib; sourceTree = "<group>"; };
		2072D14C20293C8A008E2178 /* MainAskDetailViewController.h */ = {isa = PBXFileReference; fileEncoding = 4; lastKnownFileType = sourcecode.c.h; path = MainAskDetailViewController.h; sourceTree = "<group>"; };
		2072D14D20293C8A008E2178 /* MainAskDetailViewController.m */ = {isa = PBXFileReference; fileEncoding = 4; lastKnownFileType = sourcecode.c.objc; path = MainAskDetailViewController.m; sourceTree = "<group>"; };
		2072D14E20293C8A008E2178 /* MainAskDetailViewController.xib */ = {isa = PBXFileReference; fileEncoding = 4; lastKnownFileType = file.xib; path = MainAskDetailViewController.xib; sourceTree = "<group>"; };
		2072D14F20293C8A008E2178 /* MainAskViewController.h */ = {isa = PBXFileReference; fileEncoding = 4; lastKnownFileType = sourcecode.c.h; path = MainAskViewController.h; sourceTree = "<group>"; };
		2072D15020293C8A008E2178 /* MainAskViewController.m */ = {isa = PBXFileReference; fileEncoding = 4; lastKnownFileType = sourcecode.c.objc; path = MainAskViewController.m; sourceTree = "<group>"; };
		2072D15120293C8A008E2178 /* MainNavigationController.h */ = {isa = PBXFileReference; fileEncoding = 4; lastKnownFileType = sourcecode.c.h; path = MainNavigationController.h; sourceTree = "<group>"; };
		2072D15220293C8A008E2178 /* MainNavigationController.m */ = {isa = PBXFileReference; fileEncoding = 4; lastKnownFileType = sourcecode.c.objc; path = MainNavigationController.m; sourceTree = "<group>"; };
		2072D15320293C8A008E2178 /* QuestionViewController.h */ = {isa = PBXFileReference; fileEncoding = 4; lastKnownFileType = sourcecode.c.h; path = QuestionViewController.h; sourceTree = "<group>"; };
		2072D15420293C8A008E2178 /* QuestionViewController.m */ = {isa = PBXFileReference; fileEncoding = 4; lastKnownFileType = sourcecode.c.objc; path = QuestionViewController.m; sourceTree = "<group>"; };
		2072D15520293C8A008E2178 /* SearchViewController.h */ = {isa = PBXFileReference; fileEncoding = 4; lastKnownFileType = sourcecode.c.h; path = SearchViewController.h; sourceTree = "<group>"; };
		2072D15620293C8A008E2178 /* SearchViewController.m */ = {isa = PBXFileReference; fileEncoding = 4; lastKnownFileType = sourcecode.c.objc; path = SearchViewController.m; sourceTree = "<group>"; };
		2072D15820293C8A008E2178 /* AnswerModel.h */ = {isa = PBXFileReference; fileEncoding = 4; lastKnownFileType = sourcecode.c.h; path = AnswerModel.h; sourceTree = "<group>"; };
		2072D15920293C8A008E2178 /* AnswerModel.m */ = {isa = PBXFileReference; fileEncoding = 4; lastKnownFileType = sourcecode.c.objc; path = AnswerModel.m; sourceTree = "<group>"; };
		2072D15A20293C8A008E2178 /* DraftsModel.h */ = {isa = PBXFileReference; fileEncoding = 4; lastKnownFileType = sourcecode.c.h; path = DraftsModel.h; sourceTree = "<group>"; };
		2072D15B20293C8A008E2178 /* DraftsModel.m */ = {isa = PBXFileReference; fileEncoding = 4; lastKnownFileType = sourcecode.c.objc; path = DraftsModel.m; sourceTree = "<group>"; };
		2072D15C20293C8A008E2178 /* QuestionModel.h */ = {isa = PBXFileReference; fileEncoding = 4; lastKnownFileType = sourcecode.c.h; path = QuestionModel.h; sourceTree = "<group>"; };
		2072D15D20293C8A008E2178 /* QuestionModel.m */ = {isa = PBXFileReference; fileEncoding = 4; lastKnownFileType = sourcecode.c.objc; path = QuestionModel.m; sourceTree = "<group>"; };
		2072D15F20293C8A008E2178 /* AnswerTableViewCell.h */ = {isa = PBXFileReference; fileEncoding = 4; lastKnownFileType = sourcecode.c.h; path = AnswerTableViewCell.h; sourceTree = "<group>"; };
		2072D16020293C8A008E2178 /* AnswerTableViewCell.m */ = {isa = PBXFileReference; fileEncoding = 4; lastKnownFileType = sourcecode.c.objc; path = AnswerTableViewCell.m; sourceTree = "<group>"; };
		2072D16120293C8A008E2178 /* DraftsTableViewCell.h */ = {isa = PBXFileReference; fileEncoding = 4; lastKnownFileType = sourcecode.c.h; path = DraftsTableViewCell.h; sourceTree = "<group>"; };
		2072D16220293C8A008E2178 /* DraftsTableViewCell.m */ = {isa = PBXFileReference; fileEncoding = 4; lastKnownFileType = sourcecode.c.objc; path = DraftsTableViewCell.m; sourceTree = "<group>"; };
		2072D16320293C8A008E2178 /* DraftsTableViewCell.xib */ = {isa = PBXFileReference; fileEncoding = 4; lastKnownFileType = file.xib; path = DraftsTableViewCell.xib; sourceTree = "<group>"; };
		2072D16420293C8A008E2178 /* MainAskDetailHeadViewCellTableViewCell.h */ = {isa = PBXFileReference; fileEncoding = 4; lastKnownFileType = sourcecode.c.h; path = MainAskDetailHeadViewCellTableViewCell.h; sourceTree = "<group>"; };
		2072D16520293C8A008E2178 /* MainAskDetailHeadViewCellTableViewCell.m */ = {isa = PBXFileReference; fileEncoding = 4; lastKnownFileType = sourcecode.c.objc; path = MainAskDetailHeadViewCellTableViewCell.m; sourceTree = "<group>"; };
		2072D16620293C8A008E2178 /* MainAskDetailHeadViewCellTableViewCell.xib */ = {isa = PBXFileReference; fileEncoding = 4; lastKnownFileType = file.xib; path = MainAskDetailHeadViewCellTableViewCell.xib; sourceTree = "<group>"; };
		2072D16720293C8A008E2178 /* QuestionTableViewCell.h */ = {isa = PBXFileReference; fileEncoding = 4; lastKnownFileType = sourcecode.c.h; path = QuestionTableViewCell.h; sourceTree = "<group>"; };
		2072D16820293C8A008E2178 /* QuestionTableViewCell.m */ = {isa = PBXFileReference; fileEncoding = 4; lastKnownFileType = sourcecode.c.objc; path = QuestionTableViewCell.m; sourceTree = "<group>"; };
		2072D16B20293C8A008E2178 /* MessageViewController.h */ = {isa = PBXFileReference; fileEncoding = 4; lastKnownFileType = sourcecode.c.h; path = MessageViewController.h; sourceTree = "<group>"; };
		2072D16C20293C8A008E2178 /* MessageViewController.m */ = {isa = PBXFileReference; fileEncoding = 4; lastKnownFileType = sourcecode.c.objc; path = MessageViewController.m; sourceTree = "<group>"; };
		2072D16E20293C8A008E2178 /* AnswerOrLikeModel.h */ = {isa = PBXFileReference; fileEncoding = 4; lastKnownFileType = sourcecode.c.h; path = AnswerOrLikeModel.h; sourceTree = "<group>"; };
		2072D16F20293C8A008E2178 /* AnswerOrLikeModel.m */ = {isa = PBXFileReference; fileEncoding = 4; lastKnownFileType = sourcecode.c.objc; path = AnswerOrLikeModel.m; sourceTree = "<group>"; };
		2072D17120293C8A008E2178 /* AnswerOrLikeTableViewCell.h */ = {isa = PBXFileReference; fileEncoding = 4; lastKnownFileType = sourcecode.c.h; path = AnswerOrLikeTableViewCell.h; sourceTree = "<group>"; };
		2072D17220293C8A008E2178 /* AnswerOrLikeTableViewCell.m */ = {isa = PBXFileReference; fileEncoding = 4; lastKnownFileType = sourcecode.c.objc; path = AnswerOrLikeTableViewCell.m; sourceTree = "<group>"; };
		2072D17320293C8A008E2178 /* AnswerOrLikeTableViewCell.xib */ = {isa = PBXFileReference; fileEncoding = 4; lastKnownFileType = file.xib; path = AnswerOrLikeTableViewCell.xib; sourceTree = "<group>"; };
		2072D17620293C8A008E2178 /* AboutViewController.h */ = {isa = PBXFileReference; fileEncoding = 4; lastKnownFileType = sourcecode.c.h; path = AboutViewController.h; sourceTree = "<group>"; };
		2072D17720293C8A008E2178 /* AboutViewController.m */ = {isa = PBXFileReference; fileEncoding = 4; lastKnownFileType = sourcecode.c.objc; path = AboutViewController.m; sourceTree = "<group>"; };
		2072D17820293C8A008E2178 /* AnswerViewController.h */ = {isa = PBXFileReference; fileEncoding = 4; lastKnownFileType = sourcecode.c.h; path = AnswerViewController.h; sourceTree = "<group>"; };
		2072D17920293C8A008E2178 /* AnswerViewController.m */ = {isa = PBXFileReference; fileEncoding = 4; lastKnownFileType = sourcecode.c.objc; path = AnswerViewController.m; sourceTree = "<group>"; };
		2072D17A20293C8A008E2178 /* DraftViewController.h */ = {isa = PBXFileReference; fileEncoding = 4; lastKnownFileType = sourcecode.c.h; path = DraftViewController.h; sourceTree = "<group>"; };
		2072D17B20293C8A008E2178 /* DraftViewController.m */ = {isa = PBXFileReference; fileEncoding = 4; lastKnownFileType = sourcecode.c.objc; path = DraftViewController.m; sourceTree = "<group>"; };
		2072D17C20293C8A008E2178 /* HelpViewController.h */ = {isa = PBXFileReference; fileEncoding = 4; lastKnownFileType = sourcecode.c.h; path = HelpViewController.h; sourceTree = "<group>"; };
		2072D17D20293C8A008E2178 /* HelpViewController.m */ = {isa = PBXFileReference; fileEncoding = 4; lastKnownFileType = sourcecode.c.objc; path = HelpViewController.m; sourceTree = "<group>"; };
		2072D17E20293C8A008E2178 /* MineViewController.h */ = {isa = PBXFileReference; fileEncoding = 4; lastKnownFileType = sourcecode.c.h; path = MineViewController.h; sourceTree = "<group>"; };
		2072D17F20293C8A008E2178 /* MineViewController.m */ = {isa = PBXFileReference; fileEncoding = 4; lastKnownFileType = sourcecode.c.objc; path = MineViewController.m; sourceTree = "<group>"; };
		2072D18020293C8A008E2178 /* SettingViewController.h */ = {isa = PBXFileReference; fileEncoding = 4; lastKnownFileType = sourcecode.c.h; path = SettingViewController.h; sourceTree = "<group>"; };
		2072D18120293C8A008E2178 /* SettingViewController.m */ = {isa = PBXFileReference; fileEncoding = 4; lastKnownFileType = sourcecode.c.objc; path = SettingViewController.m; sourceTree = "<group>"; };
		2072D18220293C8A008E2178 /* WalletViewController.h */ = {isa = PBXFileReference; fileEncoding = 4; lastKnownFileType = sourcecode.c.h; path = WalletViewController.h; sourceTree = "<group>"; };
		2072D18320293C8A008E2178 /* WalletViewController.m */ = {isa = PBXFileReference; fileEncoding = 4; lastKnownFileType = sourcecode.c.objc; path = WalletViewController.m; sourceTree = "<group>"; };
		2072D18520293C8A008E2178 /* InfoViewController.h */ = {isa = PBXFileReference; fileEncoding = 4; lastKnownFileType = sourcecode.c.h; path = InfoViewController.h; sourceTree = "<group>"; };
		2072D18620293C8A008E2178 /* InfoViewController.m */ = {isa = PBXFileReference; fileEncoding = 4; lastKnownFileType = sourcecode.c.objc; path = InfoViewController.m; sourceTree = "<group>"; };
		2072D18720293C8A008E2178 /* MyAnswerViewController.h */ = {isa = PBXFileReference; fileEncoding = 4; lastKnownFileType = sourcecode.c.h; path = MyAnswerViewController.h; sourceTree = "<group>"; };
		2072D18820293C8A008E2178 /* MyAnswerViewController.m */ = {isa = PBXFileReference; fileEncoding = 4; lastKnownFileType = sourcecode.c.objc; path = MyAnswerViewController.m; sourceTree = "<group>"; };
		2072D18920293C8A008E2178 /* MyAskViewController.h */ = {isa = PBXFileReference; fileEncoding = 4; lastKnownFileType = sourcecode.c.h; path = MyAskViewController.h; sourceTree = "<group>"; };
		2072D18A20293C8A008E2178 /* MyAskViewController.m */ = {isa = PBXFileReference; fileEncoding = 4; lastKnownFileType = sourcecode.c.objc; path = MyAskViewController.m; sourceTree = "<group>"; };
		2072D18B20293C8A008E2178 /* MyFollowViewController.h */ = {isa = PBXFileReference; fileEncoding = 4; lastKnownFileType = sourcecode.c.h; path = MyFollowViewController.h; sourceTree = "<group>"; };
		2072D18C20293C8A008E2178 /* MyFollowViewController.m */ = {isa = PBXFileReference; fileEncoding = 4; lastKnownFileType = sourcecode.c.objc; path = MyFollowViewController.m; sourceTree = "<group>"; };
		2072D18D20293C8A008E2178 /* MyLikeViewController.h */ = {isa = PBXFileReference; fileEncoding = 4; lastKnownFileType = sourcecode.c.h; path = MyLikeViewController.h; sourceTree = "<group>"; };
		2072D18E20293C8A008E2178 /* MyLikeViewController.m */ = {isa = PBXFileReference; fileEncoding = 4; lastKnownFileType = sourcecode.c.objc; path = MyLikeViewController.m; sourceTree = "<group>"; };
		2072D19020293C8A008E2178 /* DraftViewTableViewCell.h */ = {isa = PBXFileReference; fileEncoding = 4; lastKnownFileType = sourcecode.c.h; path = DraftViewTableViewCell.h; sourceTree = "<group>"; };
		2072D19120293C8A008E2178 /* DraftViewTableViewCell.m */ = {isa = PBXFileReference; fileEncoding = 4; lastKnownFileType = sourcecode.c.objc; path = DraftViewTableViewCell.m; sourceTree = "<group>"; };
		2072D19220293C8A008E2178 /* FollowTableViewCell.h */ = {isa = PBXFileReference; fileEncoding = 4; lastKnownFileType = sourcecode.c.h; path = FollowTableViewCell.h; sourceTree = "<group>"; };
		2072D19320293C8A008E2178 /* FollowTableViewCell.m */ = {isa = PBXFileReference; fileEncoding = 4; lastKnownFileType = sourcecode.c.objc; path = FollowTableViewCell.m; sourceTree = "<group>"; };
		2072D19420293C8A008E2178 /* HeadViewTableViewCell.h */ = {isa = PBXFileReference; fileEncoding = 4; lastKnownFileType = sourcecode.c.h; path = HeadViewTableViewCell.h; sourceTree = "<group>"; };
		2072D19520293C8A008E2178 /* HeadViewTableViewCell.m */ = {isa = PBXFileReference; fileEncoding = 4; lastKnownFileType = sourcecode.c.objc; path = HeadViewTableViewCell.m; sourceTree = "<group>"; };
		2072D19620293C8A008E2178 /* LikeTableViewCell.h */ = {isa = PBXFileReference; fileEncoding = 4; lastKnownFileType = sourcecode.c.h; path = LikeTableViewCell.h; sourceTree = "<group>"; };
		2072D19720293C8A008E2178 /* LikeTableViewCell.m */ = {isa = PBXFileReference; fileEncoding = 4; lastKnownFileType = sourcecode.c.objc; path = LikeTableViewCell.m; sourceTree = "<group>"; };
		2072D19920293C8A008E2178 /* AskProgressHUD.h */ = {isa = PBXFileReference; fileEncoding = 4; lastKnownFileType = sourcecode.c.h; path = AskProgressHUD.h; sourceTree = "<group>"; };
		2072D19A20293C8A008E2178 /* AskProgressHUD.m */ = {isa = PBXFileReference; fileEncoding = 4; lastKnownFileType = sourcecode.c.objc; path = AskProgressHUD.m; sourceTree = "<group>"; };
		2072D19B20293C8A008E2178 /* SearchView.h */ = {isa = PBXFileReference; fileEncoding = 4; lastKnownFileType = sourcecode.c.h; path = SearchView.h; sourceTree = "<group>"; };
		2072D19C20293C8A008E2178 /* SearchView.m */ = {isa = PBXFileReference; fileEncoding = 4; lastKnownFileType = sourcecode.c.objc; path = SearchView.m; sourceTree = "<group>"; };
		2072D19D20293C8A008E2178 /* TipsViews.h */ = {isa = PBXFileReference; fileEncoding = 4; lastKnownFileType = sourcecode.c.h; path = TipsViews.h; sourceTree = "<group>"; };
		2072D19E20293C8A008E2178 /* TipsViews.m */ = {isa = PBXFileReference; fileEncoding = 4; lastKnownFileType = sourcecode.c.objc; path = TipsViews.m; sourceTree = "<group>"; };
		2072D1A120293C8A008E2178 /* ResetPasswordViewController.h */ = {isa = PBXFileReference; fileEncoding = 4; lastKnownFileType = sourcecode.c.h; path = ResetPasswordViewController.h; sourceTree = "<group>"; };
		2072D1A220293C8A008E2178 /* ResetPasswordViewController.m */ = {isa = PBXFileReference; fileEncoding = 4; lastKnownFileType = sourcecode.c.objc; path = ResetPasswordViewController.m; sourceTree = "<group>"; };
		2072D1A320293C8A008E2178 /* SignInViewController.h */ = {isa = PBXFileReference; fileEncoding = 4; lastKnownFileType = sourcecode.c.h; path = SignInViewController.h; sourceTree = "<group>"; };
		2072D1A420293C8A008E2178 /* SignInViewController.m */ = {isa = PBXFileReference; fileEncoding = 4; lastKnownFileType = sourcecode.c.objc; path = SignInViewController.m; sourceTree = "<group>"; };
		2072D1A620293C8A008E2178 /* EnterpriseRegisterView.h */ = {isa = PBXFileReference; fileEncoding = 4; lastKnownFileType = sourcecode.c.h; path = EnterpriseRegisterView.h; sourceTree = "<group>"; };
		2072D1A720293C8A008E2178 /* EnterpriseRegisterView.m */ = {isa = PBXFileReference; fileEncoding = 4; lastKnownFileType = sourcecode.c.objc; path = EnterpriseRegisterView.m; sourceTree = "<group>"; };
		2072D1A820293C8A008E2178 /* EnterpriseRegisterView.xib */ = {isa = PBXFileReference; fileEncoding = 4; lastKnownFileType = file.xib; path = EnterpriseRegisterView.xib; sourceTree = "<group>"; };
		2072D1A920293C8A008E2178 /* loginEnterpriseRegisterView.h */ = {isa = PBXFileReference; fileEncoding = 4; lastKnownFileType = sourcecode.c.h; path = loginEnterpriseRegisterView.h; sourceTree = "<group>"; };
		2072D1AA20293C8A008E2178 /* loginEnterpriseRegisterView.m */ = {isa = PBXFileReference; fileEncoding = 4; lastKnownFileType = sourcecode.c.objc; path = loginEnterpriseRegisterView.m; sourceTree = "<group>"; };
		2072D1AB20293C8A008E2178 /* loginEnterpriseRegisterView.xib */ = {isa = PBXFileReference; fileEncoding = 4; lastKnownFileType = file.xib; path = loginEnterpriseRegisterView.xib; sourceTree = "<group>"; };
		2072D1AC20293C8A008E2178 /* loginView.h */ = {isa = PBXFileReference; fileEncoding = 4; lastKnownFileType = sourcecode.c.h; path = loginView.h; sourceTree = "<group>"; };
		2072D1AD20293C8A008E2178 /* loginView.m */ = {isa = PBXFileReference; fileEncoding = 4; lastKnownFileType = sourcecode.c.objc; path = loginView.m; sourceTree = "<group>"; };
		2072D1AE20293C8A008E2178 /* RegisterView.h */ = {isa = PBXFileReference; fileEncoding = 4; lastKnownFileType = sourcecode.c.h; path = RegisterView.h; sourceTree = "<group>"; };
		2072D1AF20293C8A008E2178 /* RegisterView.m */ = {isa = PBXFileReference; fileEncoding = 4; lastKnownFileType = sourcecode.c.objc; path = RegisterView.m; sourceTree = "<group>"; };
		2072D1B020293C8A008E2178 /* TextFieldViews.h */ = {isa = PBXFileReference; fileEncoding = 4; lastKnownFileType = sourcecode.c.h; path = TextFieldViews.h; sourceTree = "<group>"; };
		2072D1B120293C8A008E2178 /* TextFieldViews.m */ = {isa = PBXFileReference; fileEncoding = 4; lastKnownFileType = sourcecode.c.objc; path = TextFieldViews.m; sourceTree = "<group>"; };
		2072D22E20299510008E2178 /* UserDataManager.h */ = {isa = PBXFileReference; fileEncoding = 4; lastKnownFileType = sourcecode.c.h; path = UserDataManager.h; sourceTree = "<group>"; };
		2072D22F20299510008E2178 /* UserDataManager.m */ = {isa = PBXFileReference; fileEncoding = 4; lastKnownFileType = sourcecode.c.objc; path = UserDataManager.m; sourceTree = "<group>"; };
		71A9166307730159DB63610D /* libPods-IPOAsk.a */ = {isa = PBXFileReference; explicitFileType = archive.ar; includeInIndex = 0; path = "libPods-IPOAsk.a"; sourceTree = BUILT_PRODUCTS_DIR; };
		84994DE7CA75AE47A7213852 /* Pods-IPOAsk.release.xcconfig */ = {isa = PBXFileReference; includeInIndex = 1; lastKnownFileType = text.xcconfig; name = "Pods-IPOAsk.release.xcconfig"; path = "Pods/Target Support Files/Pods-IPOAsk/Pods-IPOAsk.release.xcconfig"; sourceTree = "<group>"; };
		84D1B2F72017326600DF2DE4 /* main.m */ = {isa = PBXFileReference; fileEncoding = 4; lastKnownFileType = sourcecode.c.objc; path = main.m; sourceTree = "<group>"; };
		84D1B2FA2017327700DF2DE4 /* PrefixHeader.pch */ = {isa = PBXFileReference; lastKnownFileType = sourcecode.c.h; path = PrefixHeader.pch; sourceTree = "<group>"; };
		84D1B2FD201733AB00DF2DE4 /* Info.plist */ = {isa = PBXFileReference; fileEncoding = 4; lastKnownFileType = text.plist.xml; path = Info.plist; sourceTree = "<group>"; };
		84FBDC0820198675007A7E45 /* AskHttpLink.h */ = {isa = PBXFileReference; fileEncoding = 4; lastKnownFileType = sourcecode.c.h; path = AskHttpLink.h; sourceTree = "<group>"; };
		84FBDC0920198675007A7E45 /* AskHttpLink.m */ = {isa = PBXFileReference; fileEncoding = 4; lastKnownFileType = sourcecode.c.objc; path = AskHttpLink.m; sourceTree = "<group>"; };
		F563CCCA2017153B00D4751A /* IPOAsk.app */ = {isa = PBXFileReference; explicitFileType = wrapper.application; includeInIndex = 0; path = IPOAsk.app; sourceTree = BUILT_PRODUCTS_DIR; };
		F563CCCD2017153B00D4751A /* AppDelegate.h */ = {isa = PBXFileReference; lastKnownFileType = sourcecode.c.h; path = AppDelegate.h; sourceTree = "<group>"; };
		F563CCCE2017153B00D4751A /* AppDelegate.m */ = {isa = PBXFileReference; lastKnownFileType = sourcecode.c.objc; path = AppDelegate.m; sourceTree = "<group>"; };
		F563CCD42017153B00D4751A /* Base */ = {isa = PBXFileReference; lastKnownFileType = file.storyboard; name = Base; path = Base.lproj/Main.storyboard; sourceTree = "<group>"; };
		F563CCD62017153B00D4751A /* Assets.xcassets */ = {isa = PBXFileReference; lastKnownFileType = folder.assetcatalog; path = Assets.xcassets; sourceTree = "<group>"; };
		F563CCD92017153B00D4751A /* Base */ = {isa = PBXFileReference; lastKnownFileType = file.storyboard; name = Base; path = Base.lproj/LaunchScreen.storyboard; sourceTree = "<group>"; };
/* End PBXFileReference section */

/* Begin PBXFrameworksBuildPhase section */
		F563CCC72017153B00D4751A /* Frameworks */ = {
			isa = PBXFrameworksBuildPhase;
			buildActionMask = 2147483647;
			files = (
				130FA5160092F9EAED210012 /* libPods-IPOAsk.a in Frameworks */,
			);
			runOnlyForDeploymentPostprocessing = 0;
		};
/* End PBXFrameworksBuildPhase section */

/* Begin PBXGroup section */
		2072D0CD20293C8A008E2178 /* Category */ = {
			isa = PBXGroup;
			children = (
				2072D0CE20293C8A008E2178 /* FMDBManager */,
				2072D0D120293C8A008E2178 /* gifReload */,
				2072D0D620293C8A008E2178 /* MBProgressHUD */,
				2072D0D920293C8A008E2178 /* UIBarButtonItem-Button */,
				2072D0DC20293C8A008E2178 /* UINavigationBar+NavigationBar */,
			);
			path = Category;
			sourceTree = "<group>";
		};
		2072D0CE20293C8A008E2178 /* FMDBManager */ = {
			isa = PBXGroup;
			children = (
				2072D0CF20293C8A008E2178 /* FMDBManager.h */,
				2072D0D020293C8A008E2178 /* FMDBManager.m */,
			);
			path = FMDBManager;
			sourceTree = "<group>";
		};
		2072D0D120293C8A008E2178 /* gifReload */ = {
			isa = PBXGroup;
			children = (
				2072D0D220293C8A008E2178 /* MyRefreshAutoGifFooter.h */,
				2072D0D320293C8A008E2178 /* MyRefreshAutoGifFooter.m */,
				2072D0D420293C8A008E2178 /* MyRefreshAutoGifHeader.h */,
				2072D0D520293C8A008E2178 /* MyRefreshAutoGifHeader.m */,
			);
			path = gifReload;
			sourceTree = "<group>";
		};
		2072D0D620293C8A008E2178 /* MBProgressHUD */ = {
			isa = PBXGroup;
			children = (
				2072D0D720293C8A008E2178 /* MBProgressHUD.h */,
				2072D0D820293C8A008E2178 /* MBProgressHUD.m */,
			);
			path = MBProgressHUD;
			sourceTree = "<group>";
		};
		2072D0D920293C8A008E2178 /* UIBarButtonItem-Button */ = {
			isa = PBXGroup;
			children = (
				2072D0DA20293C8A008E2178 /* UIBarButtonItem+myBarButtonItem.h */,
				2072D0DB20293C8A008E2178 /* UIBarButtonItem+myBarButtonItem.m */,
			);
			path = "UIBarButtonItem-Button";
			sourceTree = "<group>";
		};
		2072D0DC20293C8A008E2178 /* UINavigationBar+NavigationBar */ = {
			isa = PBXGroup;
			children = (
				2072D0DD20293C8A008E2178 /* UINavigationBar+MyNavigationBar.h */,
				2072D0DE20293C8A008E2178 /* UINavigationBar+MyNavigationBar.m */,
			);
			path = "UINavigationBar+NavigationBar";
			sourceTree = "<group>";
		};
		2072D0DF20293C8A008E2178 /* Utils */ = {
			isa = PBXGroup;
			children = (
				2072D0E020293C8A008E2178 /* Macro */,
				2072D0E220293C8A008E2178 /* UtilsCommon */,
			);
			path = Utils;
			sourceTree = "<group>";
		};
		2072D0E020293C8A008E2178 /* Macro */ = {
			isa = PBXGroup;
			children = (
				2072D0E120293C8A008E2178 /* Macro.h */,
			);
			path = Macro;
			sourceTree = "<group>";
		};
		2072D0E220293C8A008E2178 /* UtilsCommon */ = {
			isa = PBXGroup;
			children = (
				2072D0E320293C8A008E2178 /* UtilsCommon.h */,
				2072D0E420293C8A008E2178 /* UtilsCommon.m */,
			);
			path = UtilsCommon;
			sourceTree = "<group>";
		};
		2072D0E520293C8A008E2178 /* ThirdParty */ = {
			isa = PBXGroup;
			children = (
				2072D0E620293C8A008E2178 /* FLAnimatedImage */,
			);
			path = ThirdParty;
			sourceTree = "<group>";
		};
		2072D0E620293C8A008E2178 /* FLAnimatedImage */ = {
			isa = PBXGroup;
			children = (
				2072D0E720293C8A008E2178 /* FLAnimatedImage.h */,
				2072D0E820293C8A008E2178 /* FLAnimatedImage.m */,
				2072D0E920293C8A008E2178 /* FLAnimatedImageView.h */,
				2072D0EA20293C8A008E2178 /* FLAnimatedImageView.m */,
			);
			path = FLAnimatedImage;
			sourceTree = "<group>";
		};
		2072D0EB20293C8A008E2178 /* Resources */ = {
			isa = PBXGroup;
			children = (
				2072D0EC20293C8A008E2178 /* Enterprise */,
				2072D0F120293C8A008E2178 /* login */,
				2072D0FA20293C8A008E2178 /* Main */,
				2072D10C20293C8A008E2178 /* MainAsk */,
				2072D11820293C8A008E2178 /* Search */,
				2072D11D20293C8A008E2178 /* 上拉刷新.gif */,
				2072D11E20293C8A008E2178 /* 下拉加载.gif */,
			);
			path = Resources;
			sourceTree = "<group>";
		};
		2072D0EC20293C8A008E2178 /* Enterprise */ = {
			isa = PBXGroup;
			children = (
				2072D0ED20293C8A008E2178 /* 不是企业用户@2x.png */,
				2072D0EE20293C8A008E2178 /* 勾选@2x.png */,
				2072D0EF20293C8A008E2178 /* 未勾选@2x.png */,
				2072D0F020293C8A008E2178 /* 没有提问@2x.png */,
			);
			path = Enterprise;
			sourceTree = "<group>";
		};
		2072D0F120293C8A008E2178 /* login */ = {
			isa = PBXGroup;
			children = (
				2072D0F220293C8A008E2178 /* 不显示密码@2x.png */,
				2072D0F320293C8A008E2178 /* 专家一对一@2x.png */,
				2072D0F420293C8A008E2178 /* 其他优势@2x.png */,
				2072D0F520293C8A008E2178 /* 卡片@2x.png */,
				2072D0F620293C8A008E2178 /* 显示密码@2x.png */,
				2072D0F720293C8A008E2178 /* 权威机构@2x.png */,
				2072D0F820293C8A008E2178 /* 电话联系@2x.png */,
				2072D0F920293C8A008E2178 /* 虚线@2x.png */,
			);
			path = login;
			sourceTree = "<group>";
		};
		2072D0FA20293C8A008E2178 /* Main */ = {
			isa = PBXGroup;
			children = (
				2072D0FB20293C8A008E2178 /* back@2x.png */,
				2072D0FC20293C8A008E2178 /* banner背景@2x.png */,
				2072D0FD20293C8A008E2178 /* home_nor@2x.png */,
				2072D0FE20293C8A008E2178 /* home_pre@2x.png */,
				2072D0FF20293C8A008E2178 /* 企业-nor@2x.png */,
				2072D10020293C8A008E2178 /* 企业-pre@2x.png */,
				2072D10120293C8A008E2178 /* 关于我们@2x.png */,
				2072D10220293C8A008E2178 /* 帮助中心@2x.png */,
				2072D10320293C8A008E2178 /* 我的-nor@2x.png */,
				2072D10420293C8A008E2178 /* 我的-pre@2x.png */,
				2072D10520293C8A008E2178 /* 我的钱包@2x.png */,
				2072D10620293C8A008E2178 /* 消息-nor@2x.png */,
				2072D10720293C8A008E2178 /* 消息-pre@2x.png */,
				2072D10820293C8A008E2178 /* 申请成为答主@2x.png */,
				2072D10920293C8A008E2178 /* 草稿箱@2x.png */,
				2072D10A20293C8A008E2178 /* 设置@2x.png */,
				2072D10B20293C8A008E2178 /* 默认头像@2x.png */,
			);
			path = Main;
			sourceTree = "<group>";
		};
		2072D10C20293C8A008E2178 /* MainAsk */ = {
			isa = PBXGroup;
			children = (
				2072D10D20293C8A008E2178 /* +关注@2x.png */,
				2072D10E20293C8A008E2178 /* 关注@2x.png */,
				2072D10F20293C8A008E2178 /* 回答@2x.png */,
				2072D11020293C8A008E2178 /* 展开全文@2x.png */,
				2072D11120293C8A008E2178 /* 已关注@2x.png */,
				2072D11220293C8A008E2178 /* 查看@2x.png */,
				2072D11320293C8A008E2178 /* 点赞-回复-按下@2x.png */,
				2072D11420293C8A008E2178 /* 点赞-回复@2x.png */,
				2072D11520293C8A008E2178 /* 详情-查看@2x.png */,
				2072D11620293C8A008E2178 /* 问题列表-点赞-按下@2x.png */,
				2072D11720293C8A008E2178 /* 问题列表-点赞@2x.png */,
			);
			path = MainAsk;
			sourceTree = "<group>";
		};
		2072D11820293C8A008E2178 /* Search */ = {
			isa = PBXGroup;
			children = (
				2072D11920293C8A008E2178 /* 提问@2x.png */,
				2072D11A20293C8A008E2178 /* 搜索@2x.png */,
				2072D11B20293C8A008E2178 /* 搜索历史@2x.png */,
				2072D11C20293C8A008E2178 /* 搜索无结果@2x.png */,
			);
			path = Search;
			sourceTree = "<group>";
		};
		2072D11F20293C8A008E2178 /* UI */ = {
			isa = PBXGroup;
			children = (
				2072D12020293C8A008E2178 /* Base */,
				2072D12B20293C8A008E2178 /* Enterprise */,
				2072D13E20293C8A008E2178 /* MainAsk */,
				2072D16920293C8A008E2178 /* Message */,
				2072D17420293C8A008E2178 /* Mine */,
				2072D19820293C8A008E2178 /* Public */,
				2072D19F20293C8A008E2178 /* SignIn */,
			);
			path = UI;
			sourceTree = "<group>";
		};
		2072D12020293C8A008E2178 /* Base */ = {
			isa = PBXGroup;
			children = (
				2072D12120293C8A008E2178 /* Controller */,
				2072D12820293C8A008E2178 /* TabBarController */,
			);
			path = Base;
			sourceTree = "<group>";
		};
		2072D12120293C8A008E2178 /* Controller */ = {
			isa = PBXGroup;
			children = (
				2072D12220293C8A008E2178 /* BaseNavViewController.h */,
				2072D12320293C8A008E2178 /* BaseNavViewController.m */,
				2072D12420293C8A008E2178 /* BaseTableViewController.h */,
				2072D12520293C8A008E2178 /* BaseTableViewController.m */,
				2072D12620293C8A008E2178 /* BaseViewController.h */,
				2072D12720293C8A008E2178 /* BaseViewController.m */,
			);
			path = Controller;
			sourceTree = "<group>";
		};
		2072D12820293C8A008E2178 /* TabBarController */ = {
			isa = PBXGroup;
			children = (
				2072D12920293C8A008E2178 /* BaseTabBarViewController.h */,
				2072D12A20293C8A008E2178 /* BaseTabBarViewController.m */,
			);
			path = TabBarController;
			sourceTree = "<group>";
		};
		2072D12B20293C8A008E2178 /* Enterprise */ = {
			isa = PBXGroup;
			children = (
				2072D12C20293C8A008E2178 /* Controller */,
				2072D13120293C8A008E2178 /* Model */,
				2072D13420293C8A008E2178 /* Views */,
			);
			path = Enterprise;
			sourceTree = "<group>";
		};
		2072D12C20293C8A008E2178 /* Controller */ = {
			isa = PBXGroup;
			children = (
				2072D12D20293C8A008E2178 /* ApplicationEnterpriseViewController.h */,
				2072D12E20293C8A008E2178 /* ApplicationEnterpriseViewController.m */,
				2072D12F20293C8A008E2178 /* EnterpriseViewController.h */,
				2072D13020293C8A008E2178 /* EnterpriseViewController.m */,
			);
			path = Controller;
			sourceTree = "<group>";
		};
		2072D13120293C8A008E2178 /* Model */ = {
			isa = PBXGroup;
			children = (
				2072D13220293C8A008E2178 /* EnterpriseModel.h */,
				2072D13320293C8A008E2178 /* EnterpriseModel.m */,
			);
			path = Model;
			sourceTree = "<group>";
		};
		2072D13420293C8A008E2178 /* Views */ = {
			isa = PBXGroup;
			children = (
				2072D13520293C8A008E2178 /* EnterpriseNotQuestionView.h */,
				2072D13620293C8A008E2178 /* EnterpriseNotQuestionView.m */,
				2072D13720293C8A008E2178 /* EnterpriseNotQuestionView.xib */,
				2072D13820293C8A008E2178 /* EnterpriseTableViewCell.h */,
				2072D13920293C8A008E2178 /* EnterpriseTableViewCell.m */,
				2072D13A20293C8A008E2178 /* EnterpriseTableViewCell.xib */,
				2072D13B20293C8A008E2178 /* NotEnterpriseView.h */,
				2072D13C20293C8A008E2178 /* NotEnterpriseView.m */,
				2072D13D20293C8A008E2178 /* NotEnterpriseView.xib */,
			);
			path = Views;
			sourceTree = "<group>";
		};
		2072D13E20293C8A008E2178 /* MainAsk */ = {
			isa = PBXGroup;
			children = (
				2072D13F20293C8A008E2178 /* Controller */,
				2072D15720293C8A008E2178 /* Model */,
				2072D15E20293C8A008E2178 /* View */,
			);
			path = MainAsk;
			sourceTree = "<group>";
		};
		2072D13F20293C8A008E2178 /* Controller */ = {
			isa = PBXGroup;
			children = (
				2072D14020293C8A008E2178 /* AnswerDetailViewController.h */,
				2072D14120293C8A008E2178 /* AnswerDetailViewController.m */,
				2072D14220293C8A008E2178 /* DraftsViewController.h */,
				2072D14320293C8A008E2178 /* DraftsViewController.m */,
				2072D14420293C8A008E2178 /* EditAnswerViewController.h */,
				2072D14520293C8A008E2178 /* EditAnswerViewController.m */,
				2072D14620293C8A008E2178 /* EditQuestionViewController.h */,
				2072D14720293C8A008E2178 /* EditQuestionViewController.m */,
				2072D14820293C8A008E2178 /* EditQuestionViewController.xib */,
				2072D14920293C8A008E2178 /* MainAskCommViewController.h */,
				2072D14A20293C8A008E2178 /* MainAskCommViewController.m */,
				2072D14B20293C8A008E2178 /* MainAskCommViewController.xib */,
				2072D14C20293C8A008E2178 /* MainAskDetailViewController.h */,
				2072D14D20293C8A008E2178 /* MainAskDetailViewController.m */,
				2072D14E20293C8A008E2178 /* MainAskDetailViewController.xib */,
				2072D14F20293C8A008E2178 /* MainAskViewController.h */,
				2072D15020293C8A008E2178 /* MainAskViewController.m */,
				2072D15120293C8A008E2178 /* MainNavigationController.h */,
				2072D15220293C8A008E2178 /* MainNavigationController.m */,
				2072D15320293C8A008E2178 /* QuestionViewController.h */,
				2072D15420293C8A008E2178 /* QuestionViewController.m */,
				2072D15520293C8A008E2178 /* SearchViewController.h */,
				2072D15620293C8A008E2178 /* SearchViewController.m */,
			);
			path = Controller;
			sourceTree = "<group>";
		};
		2072D15720293C8A008E2178 /* Model */ = {
			isa = PBXGroup;
			children = (
				2072D15820293C8A008E2178 /* AnswerModel.h */,
				2072D15920293C8A008E2178 /* AnswerModel.m */,
				2072D15A20293C8A008E2178 /* DraftsModel.h */,
				2072D15B20293C8A008E2178 /* DraftsModel.m */,
				2072D15C20293C8A008E2178 /* QuestionModel.h */,
				2072D15D20293C8A008E2178 /* QuestionModel.m */,
			);
			path = Model;
			sourceTree = "<group>";
		};
		2072D15E20293C8A008E2178 /* View */ = {
			isa = PBXGroup;
			children = (
				2072D15F20293C8A008E2178 /* AnswerTableViewCell.h */,
				2072D16020293C8A008E2178 /* AnswerTableViewCell.m */,
				2072D16120293C8A008E2178 /* DraftsTableViewCell.h */,
				2072D16220293C8A008E2178 /* DraftsTableViewCell.m */,
				2072D16320293C8A008E2178 /* DraftsTableViewCell.xib */,
				2072D16420293C8A008E2178 /* MainAskDetailHeadViewCellTableViewCell.h */,
				2072D16520293C8A008E2178 /* MainAskDetailHeadViewCellTableViewCell.m */,
				2072D16620293C8A008E2178 /* MainAskDetailHeadViewCellTableViewCell.xib */,
				2072D16720293C8A008E2178 /* QuestionTableViewCell.h */,
				2072D16820293C8A008E2178 /* QuestionTableViewCell.m */,
			);
			path = View;
			sourceTree = "<group>";
		};
		2072D16920293C8A008E2178 /* Message */ = {
			isa = PBXGroup;
			children = (
				2072D16A20293C8A008E2178 /* Controller */,
				2072D16D20293C8A008E2178 /* Model */,
				2072D17020293C8A008E2178 /* Views */,
			);
			path = Message;
			sourceTree = "<group>";
		};
		2072D16A20293C8A008E2178 /* Controller */ = {
			isa = PBXGroup;
			children = (
				2072D16B20293C8A008E2178 /* MessageViewController.h */,
				2072D16C20293C8A008E2178 /* MessageViewController.m */,
			);
			path = Controller;
			sourceTree = "<group>";
		};
		2072D16D20293C8A008E2178 /* Model */ = {
			isa = PBXGroup;
			children = (
				2072D16E20293C8A008E2178 /* AnswerOrLikeModel.h */,
				2072D16F20293C8A008E2178 /* AnswerOrLikeModel.m */,
			);
			path = Model;
			sourceTree = "<group>";
		};
		2072D17020293C8A008E2178 /* Views */ = {
			isa = PBXGroup;
			children = (
				2072D17120293C8A008E2178 /* AnswerOrLikeTableViewCell.h */,
				2072D17220293C8A008E2178 /* AnswerOrLikeTableViewCell.m */,
				2072D17320293C8A008E2178 /* AnswerOrLikeTableViewCell.xib */,
			);
			path = Views;
			sourceTree = "<group>";
		};
		2072D17420293C8A008E2178 /* Mine */ = {
			isa = PBXGroup;
			children = (
				2072D17520293C8A008E2178 /* Controller */,
				2072D18420293C8A008E2178 /* InfoController */,
				2072D18F20293C8A008E2178 /* View */,
			);
			path = Mine;
			sourceTree = "<group>";
		};
		2072D17520293C8A008E2178 /* Controller */ = {
			isa = PBXGroup;
			children = (
				2072D17620293C8A008E2178 /* AboutViewController.h */,
				2072D17720293C8A008E2178 /* AboutViewController.m */,
				2072D17820293C8A008E2178 /* AnswerViewController.h */,
				2072D17920293C8A008E2178 /* AnswerViewController.m */,
				2072D17A20293C8A008E2178 /* DraftViewController.h */,
				2072D17B20293C8A008E2178 /* DraftViewController.m */,
				2072D17C20293C8A008E2178 /* HelpViewController.h */,
				2072D17D20293C8A008E2178 /* HelpViewController.m */,
				2072D17E20293C8A008E2178 /* MineViewController.h */,
				2072D17F20293C8A008E2178 /* MineViewController.m */,
				2072D18020293C8A008E2178 /* SettingViewController.h */,
				2072D18120293C8A008E2178 /* SettingViewController.m */,
				2072D18220293C8A008E2178 /* WalletViewController.h */,
				2072D18320293C8A008E2178 /* WalletViewController.m */,
			);
			path = Controller;
			sourceTree = "<group>";
		};
		2072D18420293C8A008E2178 /* InfoController */ = {
			isa = PBXGroup;
			children = (
				2072D18520293C8A008E2178 /* InfoViewController.h */,
				2072D18620293C8A008E2178 /* InfoViewController.m */,
				2072D18720293C8A008E2178 /* MyAnswerViewController.h */,
				2072D18820293C8A008E2178 /* MyAnswerViewController.m */,
				2072D18920293C8A008E2178 /* MyAskViewController.h */,
				2072D18A20293C8A008E2178 /* MyAskViewController.m */,
				2072D18B20293C8A008E2178 /* MyFollowViewController.h */,
				2072D18C20293C8A008E2178 /* MyFollowViewController.m */,
				2072D18D20293C8A008E2178 /* MyLikeViewController.h */,
				2072D18E20293C8A008E2178 /* MyLikeViewController.m */,
			);
			path = InfoController;
			sourceTree = "<group>";
		};
		2072D18F20293C8A008E2178 /* View */ = {
			isa = PBXGroup;
			children = (
				2072D19020293C8A008E2178 /* DraftViewTableViewCell.h */,
				2072D19120293C8A008E2178 /* DraftViewTableViewCell.m */,
				2072D19220293C8A008E2178 /* FollowTableViewCell.h */,
				2072D19320293C8A008E2178 /* FollowTableViewCell.m */,
				2072D19420293C8A008E2178 /* HeadViewTableViewCell.h */,
				2072D19520293C8A008E2178 /* HeadViewTableViewCell.m */,
				2072D19620293C8A008E2178 /* LikeTableViewCell.h */,
				2072D19720293C8A008E2178 /* LikeTableViewCell.m */,
			);
			path = View;
			sourceTree = "<group>";
		};
		2072D19820293C8A008E2178 /* Public */ = {
			isa = PBXGroup;
			children = (
				2072D19920293C8A008E2178 /* AskProgressHUD.h */,
				2072D19A20293C8A008E2178 /* AskProgressHUD.m */,
				2072D19B20293C8A008E2178 /* SearchView.h */,
				2072D19C20293C8A008E2178 /* SearchView.m */,
				2072D19D20293C8A008E2178 /* TipsViews.h */,
				2072D19E20293C8A008E2178 /* TipsViews.m */,
			);
			path = Public;
			sourceTree = "<group>";
		};
		2072D19F20293C8A008E2178 /* SignIn */ = {
			isa = PBXGroup;
			children = (
				2072D1A020293C8A008E2178 /* Controller */,
				2072D1A520293C8A008E2178 /* Views */,
			);
			path = SignIn;
			sourceTree = "<group>";
		};
		2072D1A020293C8A008E2178 /* Controller */ = {
			isa = PBXGroup;
			children = (
				2072D1A120293C8A008E2178 /* ResetPasswordViewController.h */,
				2072D1A220293C8A008E2178 /* ResetPasswordViewController.m */,
				2072D1A320293C8A008E2178 /* SignInViewController.h */,
				2072D1A420293C8A008E2178 /* SignInViewController.m */,
			);
			path = Controller;
			sourceTree = "<group>";
		};
		2072D1A520293C8A008E2178 /* Views */ = {
			isa = PBXGroup;
			children = (
				2072D1A620293C8A008E2178 /* EnterpriseRegisterView.h */,
				2072D1A720293C8A008E2178 /* EnterpriseRegisterView.m */,
				2072D1A820293C8A008E2178 /* EnterpriseRegisterView.xib */,
				2072D1A920293C8A008E2178 /* loginEnterpriseRegisterView.h */,
				2072D1AA20293C8A008E2178 /* loginEnterpriseRegisterView.m */,
				2072D1AB20293C8A008E2178 /* loginEnterpriseRegisterView.xib */,
				2072D1AC20293C8A008E2178 /* loginView.h */,
				2072D1AD20293C8A008E2178 /* loginView.m */,
				2072D1AE20293C8A008E2178 /* RegisterView.h */,
				2072D1AF20293C8A008E2178 /* RegisterView.m */,
				2072D1B020293C8A008E2178 /* TextFieldViews.h */,
				2072D1B120293C8A008E2178 /* TextFieldViews.m */,
			);
			path = Views;
			sourceTree = "<group>";
		};
		2072D22C20299510008E2178 /* Handle */ = {
			isa = PBXGroup;
			children = (
				2072D22D20299510008E2178 /* UserManager */,
			);
			path = Handle;
			sourceTree = "<group>";
		};
		2072D22D20299510008E2178 /* UserManager */ = {
			isa = PBXGroup;
			children = (
				2072D22E20299510008E2178 /* UserDataManager.h */,
				2072D22F20299510008E2178 /* UserDataManager.m */,
			);
			path = UserManager;
			sourceTree = "<group>";
		};
		3E1999E42540EC7D5B812FC3 /* Frameworks */ = {
			isa = PBXGroup;
			children = (
				71A9166307730159DB63610D /* libPods-IPOAsk.a */,
			);
			name = Frameworks;
			sourceTree = "<group>";
		};
		465A6C723346442489A9BC96 /* Pods */ = {
			isa = PBXGroup;
			children = (
				0441DF22CC1CD148DF8C8CB4 /* Pods-IPOAsk.debug.xcconfig */,
				84994DE7CA75AE47A7213852 /* Pods-IPOAsk.release.xcconfig */,
			);
			name = Pods;
			sourceTree = "<group>";
		};
		84D1B2F52017326600DF2DE4 /* Supporting Files */ = {
			isa = PBXGroup;
			children = (
				84D1B2F72017326600DF2DE4 /* main.m */,
				84D1B2FA2017327700DF2DE4 /* PrefixHeader.pch */,
			);
			path = "Supporting Files";
			sourceTree = "<group>";
		};
		84FBDC0720198675007A7E45 /* HTTP */ = {
			isa = PBXGroup;
			children = (
				84FBDC0820198675007A7E45 /* AskHttpLink.h */,
				84FBDC0920198675007A7E45 /* AskHttpLink.m */,
			);
			path = HTTP;
			sourceTree = "<group>";
		};
		F563CCC12017153B00D4751A = {
			isa = PBXGroup;
			children = (
				F563CCCC2017153B00D4751A /* IPOAsk */,
				F563CCCB2017153B00D4751A /* Products */,
				465A6C723346442489A9BC96 /* Pods */,
				3E1999E42540EC7D5B812FC3 /* Frameworks */,
			);
			sourceTree = "<group>";
		};
		F563CCCB2017153B00D4751A /* Products */ = {
			isa = PBXGroup;
			children = (
				F563CCCA2017153B00D4751A /* IPOAsk.app */,
			);
			name = Products;
			sourceTree = "<group>";
		};
		F563CCCC2017153B00D4751A /* IPOAsk */ = {
			isa = PBXGroup;
			children = (
				F563CCCD2017153B00D4751A /* AppDelegate.h */,
				F563CCCE2017153B00D4751A /* AppDelegate.m */,
				84D1B2FD201733AB00DF2DE4 /* Info.plist */,
				84FBDC0720198675007A7E45 /* HTTP */,
				84D1B2F52017326600DF2DE4 /* Supporting Files */,
				F563CCD32017153B00D4751A /* Main.storyboard */,
				2072D22C20299510008E2178 /* Handle */,
				2072D0CD20293C8A008E2178 /* Category */,
				2072D0EB20293C8A008E2178 /* Resources */,
				2072D0E520293C8A008E2178 /* ThirdParty */,
				2072D11F20293C8A008E2178 /* UI */,
				2072D0DF20293C8A008E2178 /* Utils */,
				F563CCD62017153B00D4751A /* Assets.xcassets */,
				F563CCD82017153B00D4751A /* LaunchScreen.storyboard */,
			);
			path = IPOAsk;
			sourceTree = "<group>";
		};
/* End PBXGroup section */

/* Begin PBXNativeTarget section */
		F563CCC92017153B00D4751A /* IPOAsk */ = {
			isa = PBXNativeTarget;
			buildConfigurationList = F563CCE02017153C00D4751A /* Build configuration list for PBXNativeTarget "IPOAsk" */;
			buildPhases = (
				47E36F4367B8A20BA7E94E27 /* [CP] Check Pods Manifest.lock */,
				F563CCC62017153B00D4751A /* Sources */,
				F563CCC72017153B00D4751A /* Frameworks */,
				F563CCC82017153B00D4751A /* Resources */,
				32EBB42DBBE1AD2790499676 /* [CP] Embed Pods Frameworks */,
				39654BB551EEE4AE36D1249B /* [CP] Copy Pods Resources */,
			);
			buildRules = (
			);
			dependencies = (
			);
			name = IPOAsk;
			productName = IPOAsk;
			productReference = F563CCCA2017153B00D4751A /* IPOAsk.app */;
			productType = "com.apple.product-type.application";
		};
/* End PBXNativeTarget section */

/* Begin PBXProject section */
		F563CCC22017153B00D4751A /* Project object */ = {
			isa = PBXProject;
			attributes = {
				LastUpgradeCheck = 0920;
				ORGANIZATIONNAME = law;
				TargetAttributes = {
					F563CCC92017153B00D4751A = {
						CreatedOnToolsVersion = 9.2;
						ProvisioningStyle = Automatic;
					};
				};
			};
			buildConfigurationList = F563CCC52017153B00D4751A /* Build configuration list for PBXProject "IPOAsk" */;
			compatibilityVersion = "Xcode 8.0";
			developmentRegion = en;
			hasScannedForEncodings = 0;
			knownRegions = (
				en,
				Base,
			);
			mainGroup = F563CCC12017153B00D4751A;
			productRefGroup = F563CCCB2017153B00D4751A /* Products */;
			projectDirPath = "";
			projectRoot = "";
			targets = (
				F563CCC92017153B00D4751A /* IPOAsk */,
			);
		};
/* End PBXProject section */

/* Begin PBXResourcesBuildPhase section */
		F563CCC82017153B00D4751A /* Resources */ = {
			isa = PBXResourcesBuildPhase;
			buildActionMask = 2147483647;
			files = (
				2072D1DA20293C8A008E2178 /* 回答@2x.png in Resources */,
				2072D1BF20293C8A008E2178 /* 不显示密码@2x.png in Resources */,
				2072D1DC20293C8A008E2178 /* 已关注@2x.png in Resources */,
				2072D1D220293C8A008E2178 /* 消息-nor@2x.png in Resources */,
				2072D1CB20293C8A008E2178 /* 企业-nor@2x.png in Resources */,
				2072D1BE20293C8A008E2178 /* 没有提问@2x.png in Resources */,
				2072D1E620293C8A008E2178 /* 搜索无结果@2x.png in Resources */,
				84D1B2FE201733AB00DF2DE4 /* Info.plist in Resources */,
				2072D1C920293C8A008E2178 /* home_nor@2x.png in Resources */,
				2072D1E220293C8A008E2178 /* 问题列表-点赞@2x.png in Resources */,
				2072D1D120293C8A008E2178 /* 我的钱包@2x.png in Resources */,
				2072D1C720293C8A008E2178 /* back@2x.png in Resources */,
				2072D1BB20293C8A008E2178 /* 不是企业用户@2x.png in Resources */,
				2072D1D520293C8A008E2178 /* 草稿箱@2x.png in Resources */,
				2072D20F20293C8A008E2178 /* AnswerOrLikeTableViewCell.xib in Resources */,
				2072D1DF20293C8A008E2178 /* 点赞-回复@2x.png in Resources */,
				2072D1CF20293C8A008E2178 /* 我的-nor@2x.png in Resources */,
				F563CCDA2017153B00D4751A /* LaunchScreen.storyboard in Resources */,
				2072D1CA20293C8A008E2178 /* home_pre@2x.png in Resources */,
				2072D1E720293C8A008E2178 /* 上拉刷新.gif in Resources */,
				F563CCD72017153B00D4751A /* Assets.xcassets in Resources */,
				2072D1E420293C8A008E2178 /* 搜索@2x.png in Resources */,
				2072D1C820293C8A008E2178 /* banner背景@2x.png in Resources */,
				2072D1FE20293C8A008E2178 /* MainAskDetailViewController.xib in Resources */,
				F563CCD52017153B00D4751A /* Main.storyboard in Resources */,
				2072D1DD20293C8A008E2178 /* 查看@2x.png in Resources */,
				2072D20820293C8A008E2178 /* DraftsTableViewCell.xib in Resources */,
				2072D1F120293C8A008E2178 /* EnterpriseNotQuestionView.xib in Resources */,
				2072D1BD20293C8A008E2178 /* 未勾选@2x.png in Resources */,
				2072D1BC20293C8A008E2178 /* 勾选@2x.png in Resources */,
				2072D1DB20293C8A008E2178 /* 展开全文@2x.png in Resources */,
				2072D1F320293C8A008E2178 /* EnterpriseTableViewCell.xib in Resources */,
				2072D1E020293C8A008E2178 /* 详情-查看@2x.png in Resources */,
				2072D20A20293C8A008E2178 /* MainAskDetailHeadViewCellTableViewCell.xib in Resources */,
				2072D1FC20293C8A008E2178 /* MainAskCommViewController.xib in Resources */,
				2072D1D620293C8A008E2178 /* 设置@2x.png in Resources */,
				2072D22620293C8A008E2178 /* EnterpriseRegisterView.xib in Resources */,
				2072D1C120293C8A008E2178 /* 其他优势@2x.png in Resources */,
				2072D1FA20293C8A008E2178 /* EditQuestionViewController.xib in Resources */,
				2072D1F520293C8A008E2178 /* NotEnterpriseView.xib in Resources */,
				2072D1D320293C8A008E2178 /* 消息-pre@2x.png in Resources */,
				2072D1C420293C8A008E2178 /* 权威机构@2x.png in Resources */,
				2072D22820293C8A008E2178 /* loginEnterpriseRegisterView.xib in Resources */,
				2072D1E520293C8A008E2178 /* 搜索历史@2x.png in Resources */,
				2072D1D720293C8A008E2178 /* 默认头像@2x.png in Resources */,
				2072D1D020293C8A008E2178 /* 我的-pre@2x.png in Resources */,
				2072D1D420293C8A008E2178 /* 申请成为答主@2x.png in Resources */,
				2072D1CD20293C8A008E2178 /* 关于我们@2x.png in Resources */,
				2072D1C220293C8A008E2178 /* 卡片@2x.png in Resources */,
				2072D1C320293C8A008E2178 /* 显示密码@2x.png in Resources */,
				2072D1C020293C8A008E2178 /* 专家一对一@2x.png in Resources */,
				2072D1D820293C8A008E2178 /* +关注@2x.png in Resources */,
				2072D1E320293C8A008E2178 /* 提问@2x.png in Resources */,
				2072D1E120293C8A008E2178 /* 问题列表-点赞-按下@2x.png in Resources */,
				2072D1CC20293C8A008E2178 /* 企业-pre@2x.png in Resources */,
				2072D1C520293C8A008E2178 /* 电话联系@2x.png in Resources */,
				2072D1DE20293C8A008E2178 /* 点赞-回复-按下@2x.png in Resources */,
				2072D1D920293C8A008E2178 /* 关注@2x.png in Resources */,
				2072D1C620293C8A008E2178 /* 虚线@2x.png in Resources */,
				2072D1CE20293C8A008E2178 /* 帮助中心@2x.png in Resources */,
				2072D1E820293C8A008E2178 /* 下拉加载.gif in Resources */,
			);
			runOnlyForDeploymentPostprocessing = 0;
		};
/* End PBXResourcesBuildPhase section */

/* Begin PBXShellScriptBuildPhase section */
		32EBB42DBBE1AD2790499676 /* [CP] Embed Pods Frameworks */ = {
			isa = PBXShellScriptBuildPhase;
			buildActionMask = 2147483647;
			files = (
			);
			inputPaths = (
			);
			name = "[CP] Embed Pods Frameworks";
			outputPaths = (
			);
			runOnlyForDeploymentPostprocessing = 0;
			shellPath = /bin/sh;
			shellScript = "\"${SRCROOT}/Pods/Target Support Files/Pods-IPOAsk/Pods-IPOAsk-frameworks.sh\"\n";
			showEnvVarsInLog = 0;
		};
		39654BB551EEE4AE36D1249B /* [CP] Copy Pods Resources */ = {
			isa = PBXShellScriptBuildPhase;
			buildActionMask = 2147483647;
			files = (
			);
			inputPaths = (
				"${SRCROOT}/Pods/Target Support Files/Pods-IPOAsk/Pods-IPOAsk-resources.sh",
				"${PODS_ROOT}/MJRefresh/MJRefresh/MJRefresh.bundle",
			);
			name = "[CP] Copy Pods Resources";
			outputPaths = (
				"${TARGET_BUILD_DIR}/${UNLOCALIZED_RESOURCES_FOLDER_PATH}",
			);
			runOnlyForDeploymentPostprocessing = 0;
			shellPath = /bin/sh;
			shellScript = "\"${SRCROOT}/Pods/Target Support Files/Pods-IPOAsk/Pods-IPOAsk-resources.sh\"\n";
			showEnvVarsInLog = 0;
		};
		47E36F4367B8A20BA7E94E27 /* [CP] Check Pods Manifest.lock */ = {
			isa = PBXShellScriptBuildPhase;
			buildActionMask = 2147483647;
			files = (
			);
			inputPaths = (
				"${PODS_PODFILE_DIR_PATH}/Podfile.lock",
				"${PODS_ROOT}/Manifest.lock",
			);
			name = "[CP] Check Pods Manifest.lock";
			outputPaths = (
				"$(DERIVED_FILE_DIR)/Pods-IPOAsk-checkManifestLockResult.txt",
			);
			runOnlyForDeploymentPostprocessing = 0;
			shellPath = /bin/sh;
			shellScript = "diff \"${PODS_PODFILE_DIR_PATH}/Podfile.lock\" \"${PODS_ROOT}/Manifest.lock\" > /dev/null\nif [ $? != 0 ] ; then\n    # print error to STDERR\n    echo \"error: The sandbox is not in sync with the Podfile.lock. Run 'pod install' or update your CocoaPods installation.\" >&2\n    exit 1\nfi\n# This output is used by Xcode 'outputs' to avoid re-running this script phase.\necho \"SUCCESS\" > \"${SCRIPT_OUTPUT_FILE_0}\"\n";
			showEnvVarsInLog = 0;
		};
/* End PBXShellScriptBuildPhase section */

/* Begin PBXSourcesBuildPhase section */
		F563CCC62017153B00D4751A /* Sources */ = {
			isa = PBXSourcesBuildPhase;
			buildActionMask = 2147483647;
			files = (
				2072D21A20293C8A008E2178 /* MyFollowViewController.m in Sources */,
				2072D1B820293C8A008E2178 /* UtilsCommon.m in Sources */,
				2072D1F420293C8A008E2178 /* NotEnterpriseView.m in Sources */,
				2072D1EB20293C8A008E2178 /* BaseViewController.m in Sources */,
				2072D20E20293C8A008E2178 /* AnswerOrLikeTableViewCell.m in Sources */,
				2072D1B920293C8A008E2178 /* FLAnimatedImage.m in Sources */,
				2072D23020299510008E2178 /* UserDataManager.m in Sources */,
				2072D22A20293C8A008E2178 /* RegisterView.m in Sources */,
				2072D1F720293C8A008E2178 /* DraftsViewController.m in Sources */,
				2072D22420293C8A008E2178 /* SignInViewController.m in Sources */,
				2072D20520293C8A008E2178 /* QuestionModel.m in Sources */,
				2072D20C20293C8A008E2178 /* MessageViewController.m in Sources */,
				2072D22920293C8A008E2178 /* loginView.m in Sources */,
				2072D21B20293C8A008E2178 /* MyLikeViewController.m in Sources */,
				2072D1B220293C8A008E2178 /* FMDBManager.m in Sources */,
				2072D20B20293C8A008E2178 /* QuestionTableViewCell.m in Sources */,
				2072D20220293C8A008E2178 /* SearchViewController.m in Sources */,
				2072D21420293C8A008E2178 /* MineViewController.m in Sources */,
				2072D21020293C8A008E2178 /* AboutViewController.m in Sources */,
				2072D1B620293C8A008E2178 /* UIBarButtonItem+myBarButtonItem.m in Sources */,
				2072D21620293C8A008E2178 /* WalletViewController.m in Sources */,
				84FBDC0A20198675007A7E45 /* AskHttpLink.m in Sources */,
				2072D21F20293C8A008E2178 /* LikeTableViewCell.m in Sources */,
				2072D1F920293C8A008E2178 /* EditQuestionViewController.m in Sources */,
				2072D1B720293C8A008E2178 /* UINavigationBar+MyNavigationBar.m in Sources */,
				2072D20720293C8A008E2178 /* DraftsTableViewCell.m in Sources */,
				2072D1B320293C8A008E2178 /* MyRefreshAutoGifFooter.m in Sources */,
				2072D1F820293C8A008E2178 /* EditAnswerViewController.m in Sources */,
				2072D20420293C8A008E2178 /* DraftsModel.m in Sources */,
				2072D22320293C8A008E2178 /* ResetPasswordViewController.m in Sources */,
				2072D20920293C8A008E2178 /* MainAskDetailHeadViewCellTableViewCell.m in Sources */,
				2072D21320293C8A008E2178 /* HelpViewController.m in Sources */,
				2072D21820293C8A008E2178 /* MyAnswerViewController.m in Sources */,
				2072D20120293C8A008E2178 /* QuestionViewController.m in Sources */,
				2072D21E20293C8A008E2178 /* HeadViewTableViewCell.m in Sources */,
				2072D21C20293C8A008E2178 /* DraftViewTableViewCell.m in Sources */,
				F563CCCF2017153B00D4751A /* AppDelegate.m in Sources */,
				2072D1B420293C8A008E2178 /* MyRefreshAutoGifHeader.m in Sources */,
				2072D20D20293C8A008E2178 /* AnswerOrLikeModel.m in Sources */,
				2072D22B20293C8A008E2178 /* TextFieldViews.m in Sources */,
				2072D22220293C8A008E2178 /* TipsViews.m in Sources */,
				2072D20320293C8A008E2178 /* AnswerModel.m in Sources */,
				2072D20020293C8A008E2178 /* MainNavigationController.m in Sources */,
				84D1B2F92017326600DF2DE4 /* main.m in Sources */,
				2072D21920293C8A008E2178 /* MyAskViewController.m in Sources */,
				2072D1FF20293C8A008E2178 /* MainAskViewController.m in Sources */,
				2072D1EE20293C8A008E2178 /* EnterpriseViewController.m in Sources */,
				2072D21220293C8A008E2178 /* DraftViewController.m in Sources */,
				2072D20620293C8A008E2178 /* AnswerTableViewCell.m in Sources */,
				2072D22720293C8A008E2178 /* loginEnterpriseRegisterView.m in Sources */,
				2072D1EC20293C8A008E2178 /* BaseTabBarViewController.m in Sources */,
				2072D1ED20293C8A008E2178 /* ApplicationEnterpriseViewController.m in Sources */,
				2072D1FB20293C8A008E2178 /* MainAskCommViewController.m in Sources */,
				2072D1EF20293C8A008E2178 /* EnterpriseModel.m in Sources */,
				2072D1F020293C8A008E2178 /* EnterpriseNotQuestionView.m in Sources */,
				2072D21120293C8A008E2178 /* AnswerViewController.m in Sources */,
				2072D22120293C8A008E2178 /* SearchView.m in Sources */,
				2072D22520293C8A008E2178 /* EnterpriseRegisterView.m in Sources */,
				2072D21D20293C8A008E2178 /* FollowTableViewCell.m in Sources */,
				2072D1EA20293C8A008E2178 /* BaseTableViewController.m in Sources */,
				2072D1B520293C8A008E2178 /* MBProgressHUD.m in Sources */,
				2072D1F220293C8A008E2178 /* EnterpriseTableViewCell.m in Sources */,
				2072D1E920293C8A008E2178 /* BaseNavViewController.m in Sources */,
				2072D22020293C8A008E2178 /* AskProgressHUD.m in Sources */,
				2072D1BA20293C8A008E2178 /* FLAnimatedImageView.m in Sources */,
				2072D1FD20293C8A008E2178 /* MainAskDetailViewController.m in Sources */,
				2072D1F620293C8A008E2178 /* AnswerDetailViewController.m in Sources */,
				2072D21720293C8A008E2178 /* InfoViewController.m in Sources */,
				2072D21520293C8A008E2178 /* SettingViewController.m in Sources */,
			);
			runOnlyForDeploymentPostprocessing = 0;
		};
/* End PBXSourcesBuildPhase section */

/* Begin PBXVariantGroup section */
		F563CCD32017153B00D4751A /* Main.storyboard */ = {
			isa = PBXVariantGroup;
			children = (
				F563CCD42017153B00D4751A /* Base */,
			);
			name = Main.storyboard;
			sourceTree = "<group>";
		};
		F563CCD82017153B00D4751A /* LaunchScreen.storyboard */ = {
			isa = PBXVariantGroup;
			children = (
				F563CCD92017153B00D4751A /* Base */,
			);
			name = LaunchScreen.storyboard;
			sourceTree = "<group>";
		};
/* End PBXVariantGroup section */

/* Begin XCBuildConfiguration section */
		F563CCDE2017153C00D4751A /* Debug */ = {
			isa = XCBuildConfiguration;
			buildSettings = {
				ALWAYS_SEARCH_USER_PATHS = NO;
				CLANG_ANALYZER_NONNULL = YES;
				CLANG_ANALYZER_NUMBER_OBJECT_CONVERSION = YES_AGGRESSIVE;
				CLANG_CXX_LANGUAGE_STANDARD = "gnu++14";
				CLANG_CXX_LIBRARY = "libc++";
				CLANG_ENABLE_MODULES = YES;
				CLANG_ENABLE_OBJC_ARC = YES;
				CLANG_WARN_BLOCK_CAPTURE_AUTORELEASING = YES;
				CLANG_WARN_BOOL_CONVERSION = YES;
				CLANG_WARN_COMMA = YES;
				CLANG_WARN_CONSTANT_CONVERSION = YES;
				CLANG_WARN_DIRECT_OBJC_ISA_USAGE = YES_ERROR;
				CLANG_WARN_DOCUMENTATION_COMMENTS = YES;
				CLANG_WARN_EMPTY_BODY = YES;
				CLANG_WARN_ENUM_CONVERSION = YES;
				CLANG_WARN_INFINITE_RECURSION = YES;
				CLANG_WARN_INT_CONVERSION = YES;
				CLANG_WARN_NON_LITERAL_NULL_CONVERSION = YES;
				CLANG_WARN_OBJC_LITERAL_CONVERSION = YES;
				CLANG_WARN_OBJC_ROOT_CLASS = YES_ERROR;
				CLANG_WARN_RANGE_LOOP_ANALYSIS = YES;
				CLANG_WARN_STRICT_PROTOTYPES = YES;
				CLANG_WARN_SUSPICIOUS_MOVE = YES;
				CLANG_WARN_UNGUARDED_AVAILABILITY = YES_AGGRESSIVE;
				CLANG_WARN_UNREACHABLE_CODE = YES;
				CLANG_WARN__DUPLICATE_METHOD_MATCH = YES;
				CODE_SIGN_IDENTITY = "iPhone Developer";
				COPY_PHASE_STRIP = NO;
				DEBUG_INFORMATION_FORMAT = dwarf;
				ENABLE_STRICT_OBJC_MSGSEND = YES;
				ENABLE_TESTABILITY = YES;
				GCC_C_LANGUAGE_STANDARD = gnu11;
				GCC_DYNAMIC_NO_PIC = NO;
				GCC_NO_COMMON_BLOCKS = YES;
				GCC_OPTIMIZATION_LEVEL = 0;
				GCC_PREPROCESSOR_DEFINITIONS = (
					"DEBUG=1",
					"$(inherited)",
				);
				GCC_WARN_64_TO_32_BIT_CONVERSION = YES;
				GCC_WARN_ABOUT_RETURN_TYPE = YES_ERROR;
				GCC_WARN_UNDECLARED_SELECTOR = YES;
				GCC_WARN_UNINITIALIZED_AUTOS = YES_AGGRESSIVE;
				GCC_WARN_UNUSED_FUNCTION = YES;
				GCC_WARN_UNUSED_VARIABLE = YES;
				IPHONEOS_DEPLOYMENT_TARGET = 11.2;
				MTL_ENABLE_DEBUG_INFO = YES;
				ONLY_ACTIVE_ARCH = YES;
				SDKROOT = iphoneos;
			};
			name = Debug;
		};
		F563CCDF2017153C00D4751A /* Release */ = {
			isa = XCBuildConfiguration;
			buildSettings = {
				ALWAYS_SEARCH_USER_PATHS = NO;
				CLANG_ANALYZER_NONNULL = YES;
				CLANG_ANALYZER_NUMBER_OBJECT_CONVERSION = YES_AGGRESSIVE;
				CLANG_CXX_LANGUAGE_STANDARD = "gnu++14";
				CLANG_CXX_LIBRARY = "libc++";
				CLANG_ENABLE_MODULES = YES;
				CLANG_ENABLE_OBJC_ARC = YES;
				CLANG_WARN_BLOCK_CAPTURE_AUTORELEASING = YES;
				CLANG_WARN_BOOL_CONVERSION = YES;
				CLANG_WARN_COMMA = YES;
				CLANG_WARN_CONSTANT_CONVERSION = YES;
				CLANG_WARN_DIRECT_OBJC_ISA_USAGE = YES_ERROR;
				CLANG_WARN_DOCUMENTATION_COMMENTS = YES;
				CLANG_WARN_EMPTY_BODY = YES;
				CLANG_WARN_ENUM_CONVERSION = YES;
				CLANG_WARN_INFINITE_RECURSION = YES;
				CLANG_WARN_INT_CONVERSION = YES;
				CLANG_WARN_NON_LITERAL_NULL_CONVERSION = YES;
				CLANG_WARN_OBJC_LITERAL_CONVERSION = YES;
				CLANG_WARN_OBJC_ROOT_CLASS = YES_ERROR;
				CLANG_WARN_RANGE_LOOP_ANALYSIS = YES;
				CLANG_WARN_STRICT_PROTOTYPES = YES;
				CLANG_WARN_SUSPICIOUS_MOVE = YES;
				CLANG_WARN_UNGUARDED_AVAILABILITY = YES_AGGRESSIVE;
				CLANG_WARN_UNREACHABLE_CODE = YES;
				CLANG_WARN__DUPLICATE_METHOD_MATCH = YES;
				CODE_SIGN_IDENTITY = "iPhone Developer";
				COPY_PHASE_STRIP = NO;
				DEBUG_INFORMATION_FORMAT = "dwarf-with-dsym";
				ENABLE_NS_ASSERTIONS = NO;
				ENABLE_STRICT_OBJC_MSGSEND = YES;
				GCC_C_LANGUAGE_STANDARD = gnu11;
				GCC_NO_COMMON_BLOCKS = YES;
				GCC_WARN_64_TO_32_BIT_CONVERSION = YES;
				GCC_WARN_ABOUT_RETURN_TYPE = YES_ERROR;
				GCC_WARN_UNDECLARED_SELECTOR = YES;
				GCC_WARN_UNINITIALIZED_AUTOS = YES_AGGRESSIVE;
				GCC_WARN_UNUSED_FUNCTION = YES;
				GCC_WARN_UNUSED_VARIABLE = YES;
				IPHONEOS_DEPLOYMENT_TARGET = 11.2;
				MTL_ENABLE_DEBUG_INFO = NO;
				SDKROOT = iphoneos;
				VALIDATE_PRODUCT = YES;
			};
			name = Release;
		};
		F563CCE12017153C00D4751A /* Debug */ = {
			isa = XCBuildConfiguration;
			baseConfigurationReference = 0441DF22CC1CD148DF8C8CB4 /* Pods-IPOAsk.debug.xcconfig */;
			buildSettings = {
				ASSETCATALOG_COMPILER_APPICON_NAME = AppIcon;
				CODE_SIGN_STYLE = Automatic;
				DEVELOPMENT_TEAM = NG2U3PU777;
				GCC_PREFIX_HEADER = "$(SRCROOT)/IPOAsk/Supporting Files/PrefixHeader.pch";
				INFOPLIST_FILE = IPOAsk/Info.plist;
				LD_RUNPATH_SEARCH_PATHS = "$(inherited) @executable_path/Frameworks";
				PRODUCT_BUNDLE_IDENTIFIER = com.IPOAsk;
				PRODUCT_NAME = "$(TARGET_NAME)";
				TARGETED_DEVICE_FAMILY = "1,2";
				USER_HEADER_SEARCH_PATHS = "";
			};
			name = Debug;
		};
		F563CCE22017153C00D4751A /* Release */ = {
			isa = XCBuildConfiguration;
			baseConfigurationReference = 84994DE7CA75AE47A7213852 /* Pods-IPOAsk.release.xcconfig */;
			buildSettings = {
				ASSETCATALOG_COMPILER_APPICON_NAME = AppIcon;
				CODE_SIGN_STYLE = Automatic;
				DEVELOPMENT_TEAM = NG2U3PU777;
				GCC_PREFIX_HEADER = "$(SRCROOT)/IPOAsk/Supporting Files/PrefixHeader.pch";
				INFOPLIST_FILE = IPOAsk/Info.plist;
				LD_RUNPATH_SEARCH_PATHS = "$(inherited) @executable_path/Frameworks";
				PRODUCT_BUNDLE_IDENTIFIER = com.IPOAsk;
				PRODUCT_NAME = "$(TARGET_NAME)";
				TARGETED_DEVICE_FAMILY = "1,2";
				USER_HEADER_SEARCH_PATHS = "";
			};
			name = Release;
		};
/* End XCBuildConfiguration section */

/* Begin XCConfigurationList section */
		F563CCC52017153B00D4751A /* Build configuration list for PBXProject "IPOAsk" */ = {
			isa = XCConfigurationList;
			buildConfigurations = (
				F563CCDE2017153C00D4751A /* Debug */,
				F563CCDF2017153C00D4751A /* Release */,
			);
			defaultConfigurationIsVisible = 0;
			defaultConfigurationName = Release;
		};
		F563CCE02017153C00D4751A /* Build configuration list for PBXNativeTarget "IPOAsk" */ = {
			isa = XCConfigurationList;
			buildConfigurations = (
				F563CCE12017153C00D4751A /* Debug */,
				F563CCE22017153C00D4751A /* Release */,
			);
			defaultConfigurationIsVisible = 0;
			defaultConfigurationName = Release;
		};
/* End XCConfigurationList section */
	};
	rootObject = F563CCC22017153B00D4751A /* Project object */;
}
