// !$*UTF8*$!
{
	archiveVersion = 1;
	classes = {
	};
	objectVersion = 48;
	objects = {

/* Begin PBXBuildFile section */
		130FA5160092F9EAED210012 /* libPods-IPOAsk.a in Frameworks */ = {isa = PBXBuildFile; fileRef = 71A9166307730159DB63610D /* libPods-IPOAsk.a */; };
		706B26342022B06C0018BE40 /* 显示密码@2x.png in Resources */ = {isa = PBXBuildFile; fileRef = 706B262E2022B06C0018BE40 /* 显示密码@2x.png */; };
		706B26352022B06C0018BE40 /* 不显示密码@2x.png in Resources */ = {isa = PBXBuildFile; fileRef = 706B262F2022B06C0018BE40 /* 不显示密码@2x.png */; };
		706B26362022B06C0018BE40 /* 卡片@2x.png in Resources */ = {isa = PBXBuildFile; fileRef = 706B26302022B06C0018BE40 /* 卡片@2x.png */; };
		706B26372022B06C0018BE40 /* 其他优势@2x.png in Resources */ = {isa = PBXBuildFile; fileRef = 706B26312022B06C0018BE40 /* 其他优势@2x.png */; };
		706B26382022B06C0018BE40 /* 权威机构@2x.png in Resources */ = {isa = PBXBuildFile; fileRef = 706B26322022B06C0018BE40 /* 权威机构@2x.png */; };
		706B26392022B06C0018BE40 /* 专家一对一@2x.png in Resources */ = {isa = PBXBuildFile; fileRef = 706B26332022B06C0018BE40 /* 专家一对一@2x.png */; };
		706B263B2022B6C20018BE40 /* 电话联系@2x.png in Resources */ = {isa = PBXBuildFile; fileRef = 706B263A2022B6C20018BE40 /* 电话联系@2x.png */; };
		70CF774B20216C6900B459F7 /* loginView.m in Sources */ = {isa = PBXBuildFile; fileRef = 70CF774820216C6900B459F7 /* loginView.m */; };
		70CF774C20216C6900B459F7 /* TextFieldViews.m in Sources */ = {isa = PBXBuildFile; fileRef = 70CF774A20216C6900B459F7 /* TextFieldViews.m */; };
		70CF774F2021729E00B459F7 /* RegisterView.m in Sources */ = {isa = PBXBuildFile; fileRef = 70CF774E2021729E00B459F7 /* RegisterView.m */; };
		70CF77522021AE5200B459F7 /* EnterpriseRegisterView.m in Sources */ = {isa = PBXBuildFile; fileRef = 70CF77512021AE5200B459F7 /* EnterpriseRegisterView.m */; };
		70CF77542021AE5A00B459F7 /* EnterpriseRegisterView.xib in Resources */ = {isa = PBXBuildFile; fileRef = 70CF77532021AE5900B459F7 /* EnterpriseRegisterView.xib */; };
		70CF77572021BD8100B459F7 /* ResetPasswordViewController.m in Sources */ = {isa = PBXBuildFile; fileRef = 70CF77562021BD8100B459F7 /* ResetPasswordViewController.m */; };
		84C47B392018238300E32486 /* SignInViewController.m in Sources */ = {isa = PBXBuildFile; fileRef = 84C47B382018238300E32486 /* SignInViewController.m */; };
		84C47B422018368A00E32486 /* BaseTableViewController.m in Sources */ = {isa = PBXBuildFile; fileRef = 84C47B412018368A00E32486 /* BaseTableViewController.m */; };
		84C47B47201869AA00E32486 /* MBProgressHUD.m in Sources */ = {isa = PBXBuildFile; fileRef = 84C47B46201869AA00E32486 /* MBProgressHUD.m */; };
		84D1B2E520172B0900DF2DE4 /* BaseTabBarViewController.m in Sources */ = {isa = PBXBuildFile; fileRef = 84D1B2E420172B0900DF2DE4 /* BaseTabBarViewController.m */; };
		84D1B2E820172CD800DF2DE4 /* BaseNavViewController.m in Sources */ = {isa = PBXBuildFile; fileRef = 84D1B2E720172CD800DF2DE4 /* BaseNavViewController.m */; };
		84D1B2EB20172DFD00DF2DE4 /* MainAskViewController.m in Sources */ = {isa = PBXBuildFile; fileRef = 84D1B2EA20172DFD00DF2DE4 /* MainAskViewController.m */; };
		84D1B2EE20172E9A00DF2DE4 /* EnterpriseViewController.m in Sources */ = {isa = PBXBuildFile; fileRef = 84D1B2ED20172E9A00DF2DE4 /* EnterpriseViewController.m */; };
		84D1B2F120172F4F00DF2DE4 /* MessageViewController.m in Sources */ = {isa = PBXBuildFile; fileRef = 84D1B2F020172F4F00DF2DE4 /* MessageViewController.m */; };
		84D1B2F420172F7300DF2DE4 /* MineViewController.m in Sources */ = {isa = PBXBuildFile; fileRef = 84D1B2F320172F7300DF2DE4 /* MineViewController.m */; };
		84D1B2F92017326600DF2DE4 /* main.m in Sources */ = {isa = PBXBuildFile; fileRef = 84D1B2F72017326600DF2DE4 /* main.m */; };
		84D1B3042017356200DF2DE4 /* UtilsCommon.m in Sources */ = {isa = PBXBuildFile; fileRef = 84D1B3032017356200DF2DE4 /* UtilsCommon.m */; };
		84FBDC0A20198675007A7E45 /* AskHttpLink.m in Sources */ = {isa = PBXBuildFile; fileRef = 84FBDC0920198675007A7E45 /* AskHttpLink.m */; };
		84FBDC11201987CF007A7E45 /* AskProgressHUD.m in Sources */ = {isa = PBXBuildFile; fileRef = 84FBDC0D201987CF007A7E45 /* AskProgressHUD.m */; };
		84FBDC142019A83F007A7E45 /* ApplicationEnterpriseViewController.m in Sources */ = {isa = PBXBuildFile; fileRef = 84FBDC132019A83F007A7E45 /* ApplicationEnterpriseViewController.m */; };
		84FBDC182019AC15007A7E45 /* UIBarButtonItem+myBarButtonItem.m in Sources */ = {isa = PBXBuildFile; fileRef = 84FBDC172019AC15007A7E45 /* UIBarButtonItem+myBarButtonItem.m */; };
		84FBDC202019AC9B007A7E45 /* UINavigationBar+MyNavigationBar.m in Sources */ = {isa = PBXBuildFile; fileRef = 84FBDC1F2019AC9B007A7E45 /* UINavigationBar+MyNavigationBar.m */; };
		84FBDC252019B081007A7E45 /* EnterpriseModel.m in Sources */ = {isa = PBXBuildFile; fileRef = 84FBDC242019B081007A7E45 /* EnterpriseModel.m */; };
		84FBDC292019B1DF007A7E45 /* EnterpriseTableViewCell.m in Sources */ = {isa = PBXBuildFile; fileRef = 84FBDC272019B1DF007A7E45 /* EnterpriseTableViewCell.m */; };
		84FBDC2A2019B1DF007A7E45 /* EnterpriseTableViewCell.xib in Resources */ = {isa = PBXBuildFile; fileRef = 84FBDC282019B1DF007A7E45 /* EnterpriseTableViewCell.xib */; };
		84FBDC2D2019C474007A7E45 /* TipsViews.m in Sources */ = {isa = PBXBuildFile; fileRef = 84FBDC2C2019C474007A7E45 /* TipsViews.m */; };
		F502DBAC2028594400D898D5 /* UserDataManager.m in Sources */ = {isa = PBXBuildFile; fileRef = F502DBAB2028594400D898D5 /* UserDataManager.m */; };
		F502DBB02029534500D898D5 /* FMDBManager.m in Sources */ = {isa = PBXBuildFile; fileRef = F502DBAF2029534500D898D5 /* FMDBManager.m */; };
		F502DBB32029536E00D898D5 /* DraftsModel.m in Sources */ = {isa = PBXBuildFile; fileRef = F502DBB22029536D00D898D5 /* DraftsModel.m */; };
		F502DBB72029537800D898D5 /* DraftsTableViewCell.m in Sources */ = {isa = PBXBuildFile; fileRef = F502DBB52029537800D898D5 /* DraftsTableViewCell.m */; };
		F502DBB82029537800D898D5 /* DraftsTableViewCell.xib in Resources */ = {isa = PBXBuildFile; fileRef = F502DBB62029537800D898D5 /* DraftsTableViewCell.xib */; };
		F502DBBB2029538500D898D5 /* DraftsViewController.m in Sources */ = {isa = PBXBuildFile; fileRef = F502DBB92029538500D898D5 /* DraftsViewController.m */; };
		F502DBBE2029A78500D898D5 /* SendPhoneCodeViewController.m in Sources */ = {isa = PBXBuildFile; fileRef = F502DBBC2029A78500D898D5 /* SendPhoneCodeViewController.m */; };
		F563CCCF2017153B00D4751A /* AppDelegate.m in Sources */ = {isa = PBXBuildFile; fileRef = F563CCCE2017153B00D4751A /* AppDelegate.m */; };
		F563CCD52017153B00D4751A /* Main.storyboard in Resources */ = {isa = PBXBuildFile; fileRef = F563CCD32017153B00D4751A /* Main.storyboard */; };
		F563CCD72017153B00D4751A /* Assets.xcassets in Resources */ = {isa = PBXBuildFile; fileRef = F563CCD62017153B00D4751A /* Assets.xcassets */; };
		F563CCDA2017153B00D4751A /* LaunchScreen.storyboard in Resources */ = {isa = PBXBuildFile; fileRef = F563CCD82017153B00D4751A /* LaunchScreen.storyboard */; };
		F5759A3A2022C29200DAE584 /* InfoViewController.m in Sources */ = {isa = PBXBuildFile; fileRef = F5759A362022C29200DAE584 /* InfoViewController.m */; };
		F5759A3B2022C29200DAE584 /* MyFollowViewController.m in Sources */ = {isa = PBXBuildFile; fileRef = F5759A382022C29200DAE584 /* MyFollowViewController.m */; };
		F5759A402022C2AB00DAE584 /* DraftViewTableViewCell.m in Sources */ = {isa = PBXBuildFile; fileRef = F5759A3D2022C2AA00DAE584 /* DraftViewTableViewCell.m */; };
		F5759A412022C2AB00DAE584 /* FollowTableViewCell.m in Sources */ = {isa = PBXBuildFile; fileRef = F5759A3F2022C2AA00DAE584 /* FollowTableViewCell.m */; };
		F5759A4E2022C2B700DAE584 /* AnswerViewController.m in Sources */ = {isa = PBXBuildFile; fileRef = F5759A422022C2B600DAE584 /* AnswerViewController.m */; };
		F5759A4F2022C2B700DAE584 /* DraftViewController.m in Sources */ = {isa = PBXBuildFile; fileRef = F5759A432022C2B600DAE584 /* DraftViewController.m */; };
		F5759A502022C2B700DAE584 /* SettingViewController.m in Sources */ = {isa = PBXBuildFile; fileRef = F5759A452022C2B700DAE584 /* SettingViewController.m */; };
		F5759A512022C2B700DAE584 /* AboutViewController.m in Sources */ = {isa = PBXBuildFile; fileRef = F5759A472022C2B700DAE584 /* AboutViewController.m */; };
		F5759A522022C2B700DAE584 /* HelpViewController.m in Sources */ = {isa = PBXBuildFile; fileRef = F5759A482022C2B700DAE584 /* HelpViewController.m */; };
		F5759A532022C2B700DAE584 /* WalletViewController.m in Sources */ = {isa = PBXBuildFile; fileRef = F5759A492022C2B700DAE584 /* WalletViewController.m */; };
		F5759A562022FCC400DAE584 /* MyLikeViewController.m in Sources */ = {isa = PBXBuildFile; fileRef = F5759A552022FCC400DAE584 /* MyLikeViewController.m */; };
		F5759A59202300BF00DAE584 /* LikeTableViewCell.m in Sources */ = {isa = PBXBuildFile; fileRef = F5759A58202300BF00DAE584 /* LikeTableViewCell.m */; };
		F5759A5C2023167A00DAE584 /* MyAskViewController.m in Sources */ = {isa = PBXBuildFile; fileRef = F5759A5B2023167A00DAE584 /* MyAskViewController.m */; };
		F5759A5F2023169C00DAE584 /* MyAnswerViewController.m in Sources */ = {isa = PBXBuildFile; fileRef = F5759A5E2023169C00DAE584 /* MyAnswerViewController.m */; };
		F5759A652023F88500DAE584 /* 未勾选@2x.png in Resources */ = {isa = PBXBuildFile; fileRef = F5759A612023F88500DAE584 /* 未勾选@2x.png */; };
		F5759A662023F88500DAE584 /* 勾选@2x.png in Resources */ = {isa = PBXBuildFile; fileRef = F5759A622023F88500DAE584 /* 勾选@2x.png */; };
		F5759A672023F88500DAE584 /* 没有提问@2x.png in Resources */ = {isa = PBXBuildFile; fileRef = F5759A632023F88500DAE584 /* 没有提问@2x.png */; };
		F5759A682023F88500DAE584 /* 不是企业用户@2x.png in Resources */ = {isa = PBXBuildFile; fileRef = F5759A642023F88500DAE584 /* 不是企业用户@2x.png */; };
		F5759A6A2023F88F00DAE584 /* 虚线@2x.png in Resources */ = {isa = PBXBuildFile; fileRef = F5759A692023F88F00DAE584 /* 虚线@2x.png */; };
		F5759A6E2023F8AB00DAE584 /* loginEnterpriseRegisterView.m in Sources */ = {isa = PBXBuildFile; fileRef = F5759A6B2023F8AB00DAE584 /* loginEnterpriseRegisterView.m */; };
		F5759A6F2023F8AB00DAE584 /* loginEnterpriseRegisterView.xib in Resources */ = {isa = PBXBuildFile; fileRef = F5759A6C2023F8AB00DAE584 /* loginEnterpriseRegisterView.xib */; };
		F5759A762023FA6700DAE584 /* EnterpriseNotQuestionView.xib in Resources */ = {isa = PBXBuildFile; fileRef = F5759A702023FA6700DAE584 /* EnterpriseNotQuestionView.xib */; };
		F5759A772023FA6700DAE584 /* NotEnterpriseView.xib in Resources */ = {isa = PBXBuildFile; fileRef = F5759A722023FA6700DAE584 /* NotEnterpriseView.xib */; };
		F5759A782023FA6700DAE584 /* EnterpriseNotQuestionView.m in Sources */ = {isa = PBXBuildFile; fileRef = F5759A732023FA6700DAE584 /* EnterpriseNotQuestionView.m */; };
		F5759A792023FA6700DAE584 /* NotEnterpriseView.m in Sources */ = {isa = PBXBuildFile; fileRef = F5759A752023FA6700DAE584 /* NotEnterpriseView.m */; };
		F5759A982027EE6000DAE584 /* back@2x.png in Resources */ = {isa = PBXBuildFile; fileRef = F5759A7B2027EE6000DAE584 /* back@2x.png */; };
		F5759A992027EE6000DAE584 /* 默认头像@2x.png in Resources */ = {isa = PBXBuildFile; fileRef = F5759A7C2027EE6000DAE584 /* 默认头像@2x.png */; };
		F5759A9A2027EE6000DAE584 /* 帮助中心@2x.png in Resources */ = {isa = PBXBuildFile; fileRef = F5759A7D2027EE6000DAE584 /* 帮助中心@2x.png */; };
		F5759A9B2027EE6000DAE584 /* 企业-pre@2x.png in Resources */ = {isa = PBXBuildFile; fileRef = F5759A7E2027EE6000DAE584 /* 企业-pre@2x.png */; };
		F5759A9C2027EE6000DAE584 /* 消息-nor@2x.png in Resources */ = {isa = PBXBuildFile; fileRef = F5759A7F2027EE6000DAE584 /* 消息-nor@2x.png */; };
		F5759A9D2027EE6000DAE584 /* 设置@2x.png in Resources */ = {isa = PBXBuildFile; fileRef = F5759A802027EE6000DAE584 /* 设置@2x.png */; };
		F5759A9E2027EE6000DAE584 /* 我的钱包@2x.png in Resources */ = {isa = PBXBuildFile; fileRef = F5759A812027EE6000DAE584 /* 我的钱包@2x.png */; };
		F5759A9F2027EE6000DAE584 /* home_nor@2x.png in Resources */ = {isa = PBXBuildFile; fileRef = F5759A822027EE6000DAE584 /* home_nor@2x.png */; };
		F5759AA02027EE6000DAE584 /* banner背景@2x.png in Resources */ = {isa = PBXBuildFile; fileRef = F5759A832027EE6000DAE584 /* banner背景@2x.png */; };
		F5759AA12027EE6000DAE584 /* 我的-pre@2x.png in Resources */ = {isa = PBXBuildFile; fileRef = F5759A842027EE6000DAE584 /* 我的-pre@2x.png */; };
		F5759AA22027EE6000DAE584 /* 消息-pre@2x.png in Resources */ = {isa = PBXBuildFile; fileRef = F5759A852027EE6000DAE584 /* 消息-pre@2x.png */; };
		F5759AA32027EE6000DAE584 /* 企业-nor@2x.png in Resources */ = {isa = PBXBuildFile; fileRef = F5759A862027EE6000DAE584 /* 企业-nor@2x.png */; };
		F5759AA42027EE6000DAE584 /* 关于我们@2x.png in Resources */ = {isa = PBXBuildFile; fileRef = F5759A872027EE6000DAE584 /* 关于我们@2x.png */; };
		F5759AA52027EE6000DAE584 /* 我的-nor@2x.png in Resources */ = {isa = PBXBuildFile; fileRef = F5759A882027EE6000DAE584 /* 我的-nor@2x.png */; };
		F5759AA62027EE6000DAE584 /* home_pre@2x.png in Resources */ = {isa = PBXBuildFile; fileRef = F5759A892027EE6000DAE584 /* home_pre@2x.png */; };
		F5759AA72027EE6000DAE584 /* 申请成为答主@2x.png in Resources */ = {isa = PBXBuildFile; fileRef = F5759A8A2027EE6000DAE584 /* 申请成为答主@2x.png */; };
		F5759AA82027EE6000DAE584 /* 草稿箱@2x.png in Resources */ = {isa = PBXBuildFile; fileRef = F5759A8B2027EE6000DAE584 /* 草稿箱@2x.png */; };
		F5759AA92027EE6000DAE584 /* 下拉加载.gif in Resources */ = {isa = PBXBuildFile; fileRef = F5759A8C2027EE6000DAE584 /* 下拉加载.gif */; };
		F5759AAA2027EE6000DAE584 /* 已关注@2x.png in Resources */ = {isa = PBXBuildFile; fileRef = F5759A8E2027EE6000DAE584 /* 已关注@2x.png */; };
		F5759AAB2027EE6000DAE584 /* 关注@2x.png in Resources */ = {isa = PBXBuildFile; fileRef = F5759A8F2027EE6000DAE584 /* 关注@2x.png */; };
		F5759AAC2027EE6000DAE584 /* 回答@2x.png in Resources */ = {isa = PBXBuildFile; fileRef = F5759A902027EE6000DAE584 /* 回答@2x.png */; };
		F5759AAD2027EE6000DAE584 /* 详情-查看@2x.png in Resources */ = {isa = PBXBuildFile; fileRef = F5759A912027EE6000DAE584 /* 详情-查看@2x.png */; };
		F5759AAE2027EE6000DAE584 /* 查看@2x.png in Resources */ = {isa = PBXBuildFile; fileRef = F5759A922027EE6000DAE584 /* 查看@2x.png */; };
		F5759AAF2027EE6000DAE584 /* 问题列表-点赞-按下@2x.png in Resources */ = {isa = PBXBuildFile; fileRef = F5759A932027EE6000DAE584 /* 问题列表-点赞-按下@2x.png */; };
		F5759AB02027EE6000DAE584 /* +关注@2x.png in Resources */ = {isa = PBXBuildFile; fileRef = F5759A942027EE6000DAE584 /* +关注@2x.png */; };
		F5759AB12027EE6000DAE584 /* 展开全文@2x.png in Resources */ = {isa = PBXBuildFile; fileRef = F5759A952027EE6000DAE584 /* 展开全文@2x.png */; };
		F5759AB22027EE6000DAE584 /* 问题列表-点赞@2x.png in Resources */ = {isa = PBXBuildFile; fileRef = F5759A962027EE6000DAE584 /* 问题列表-点赞@2x.png */; };
		F5759AB32027EE6000DAE584 /* 上拉刷新.gif in Resources */ = {isa = PBXBuildFile; fileRef = F5759A972027EE6000DAE584 /* 上拉刷新.gif */; };
		F5759ABA2027EE9A00DAE584 /* FLAnimatedImage.m in Sources */ = {isa = PBXBuildFile; fileRef = F5759AB62027EE9A00DAE584 /* FLAnimatedImage.m */; };
		F5759ABB2027EE9A00DAE584 /* FLAnimatedImageView.m in Sources */ = {isa = PBXBuildFile; fileRef = F5759AB72027EE9A00DAE584 /* FLAnimatedImageView.m */; };
		F5759ABF2027EF2F00DAE584 /* MainAskDetailHeadViewCellTableViewCell.xib in Resources */ = {isa = PBXBuildFile; fileRef = F5759ABD2027EF2F00DAE584 /* MainAskDetailHeadViewCellTableViewCell.xib */; };
		F5759AC02027EF2F00DAE584 /* MainAskDetailHeadViewCellTableViewCell.m in Sources */ = {isa = PBXBuildFile; fileRef = F5759ABE2027EF2F00DAE584 /* MainAskDetailHeadViewCellTableViewCell.m */; };
		F5759AC82027EF3C00DAE584 /* MainAskCommViewController.m in Sources */ = {isa = PBXBuildFile; fileRef = F5759AC12027EF3B00DAE584 /* MainAskCommViewController.m */; };
		F5759AC92027EF3C00DAE584 /* EditQuestionViewController.xib in Resources */ = {isa = PBXBuildFile; fileRef = F5759AC22027EF3C00DAE584 /* EditQuestionViewController.xib */; };
		F5759ACA2027EF3C00DAE584 /* MainAskCommViewController.xib in Resources */ = {isa = PBXBuildFile; fileRef = F5759AC32027EF3C00DAE584 /* MainAskCommViewController.xib */; };
		F5759ACB2027EF3C00DAE584 /* MainAskDetailViewController.m in Sources */ = {isa = PBXBuildFile; fileRef = F5759AC42027EF3C00DAE584 /* MainAskDetailViewController.m */; };
		F5759ACC2027EF3C00DAE584 /* MainAskDetailViewController.xib in Resources */ = {isa = PBXBuildFile; fileRef = F5759AC52027EF3C00DAE584 /* MainAskDetailViewController.xib */; };
		F5759AD22027EFB400DAE584 /* MyRefreshAutoGifFooter.m in Sources */ = {isa = PBXBuildFile; fileRef = F5759AD02027EFB400DAE584 /* MyRefreshAutoGifFooter.m */; };
		F5759AD32027EFB400DAE584 /* MyRefreshAutoGifHeader.m in Sources */ = {isa = PBXBuildFile; fileRef = F5759AD12027EFB400DAE584 /* MyRefreshAutoGifHeader.m */; };
		F5E91E8B201B39C80059843A /* HeadViewTableViewCell.m in Sources */ = {isa = PBXBuildFile; fileRef = F5E91E8A201B39C80059843A /* HeadViewTableViewCell.m */; };
		F5E91E8E201B3A120059843A /* BaseViewController.m in Sources */ = {isa = PBXBuildFile; fileRef = F5E91E8D201B3A110059843A /* BaseViewController.m */; };
		F5E91E9B201B3A540059843A /* SearchViewController.m in Sources */ = {isa = PBXBuildFile; fileRef = F5E91E90201B3A530059843A /* SearchViewController.m */; };
		F5E91E9C201B3A540059843A /* QuestionViewController.m in Sources */ = {isa = PBXBuildFile; fileRef = F5E91E91201B3A530059843A /* QuestionViewController.m */; };
		F5E91E9D201B3A540059843A /* EditAnswerViewController.m in Sources */ = {isa = PBXBuildFile; fileRef = F5E91E92201B3A530059843A /* EditAnswerViewController.m */; };
		F5E91E9E201B3A540059843A /* EditQuestionViewController.m in Sources */ = {isa = PBXBuildFile; fileRef = F5E91E93201B3A530059843A /* EditQuestionViewController.m */; };
		F5E91E9F201B3A540059843A /* MainNavigationController.m in Sources */ = {isa = PBXBuildFile; fileRef = F5E91E99201B3A530059843A /* MainNavigationController.m */; };
		F5E91EA0201B3A540059843A /* AnswerDetailViewController.m in Sources */ = {isa = PBXBuildFile; fileRef = F5E91E9A201B3A530059843A /* AnswerDetailViewController.m */; };
		F5E91EAB201B3A750059843A /* QuestionModel.m in Sources */ = {isa = PBXBuildFile; fileRef = F5E91EA4201B3A750059843A /* QuestionModel.m */; };
		F5E91EAC201B3A750059843A /* AnswerModel.m in Sources */ = {isa = PBXBuildFile; fileRef = F5E91EA5201B3A750059843A /* AnswerModel.m */; };
		F5E91EAD201B3A750059843A /* AnswerTableViewCell.m in Sources */ = {isa = PBXBuildFile; fileRef = F5E91EA8201B3A750059843A /* AnswerTableViewCell.m */; };
		F5E91EAE201B3A750059843A /* QuestionTableViewCell.m in Sources */ = {isa = PBXBuildFile; fileRef = F5E91EA9201B3A750059843A /* QuestionTableViewCell.m */; };
		F5E91EB6201B3A960059843A /* AnswerOrLikeTableViewCell.xib in Resources */ = {isa = PBXBuildFile; fileRef = F5E91EB1201B3A950059843A /* AnswerOrLikeTableViewCell.xib */; };
		F5E91EB7201B3A960059843A /* AnswerOrLikeTableViewCell.m in Sources */ = {isa = PBXBuildFile; fileRef = F5E91EB2201B3A950059843A /* AnswerOrLikeTableViewCell.m */; };
		F5E91EB8201B3A960059843A /* AnswerOrLikeModel.m in Sources */ = {isa = PBXBuildFile; fileRef = F5E91EB4201B3A960059843A /* AnswerOrLikeModel.m */; };
/* End PBXBuildFile section */

/* Begin PBXFileReference section */
		0441DF22CC1CD148DF8C8CB4 /* Pods-IPOAsk.debug.xcconfig */ = {isa = PBXFileReference; includeInIndex = 1; lastKnownFileType = text.xcconfig; name = "Pods-IPOAsk.debug.xcconfig"; path = "Pods/Target Support Files/Pods-IPOAsk/Pods-IPOAsk.debug.xcconfig"; sourceTree = "<group>"; };
		706B262E2022B06C0018BE40 /* 显示密码@2x.png */ = {isa = PBXFileReference; lastKnownFileType = image.png; path = "显示密码@2x.png"; sourceTree = "<group>"; };
		706B262F2022B06C0018BE40 /* 不显示密码@2x.png */ = {isa = PBXFileReference; lastKnownFileType = image.png; path = "不显示密码@2x.png"; sourceTree = "<group>"; };
		706B26302022B06C0018BE40 /* 卡片@2x.png */ = {isa = PBXFileReference; lastKnownFileType = image.png; path = "卡片@2x.png"; sourceTree = "<group>"; };
		706B26312022B06C0018BE40 /* 其他优势@2x.png */ = {isa = PBXFileReference; lastKnownFileType = image.png; path = "其他优势@2x.png"; sourceTree = "<group>"; };
		706B26322022B06C0018BE40 /* 权威机构@2x.png */ = {isa = PBXFileReference; lastKnownFileType = image.png; path = "权威机构@2x.png"; sourceTree = "<group>"; };
		706B26332022B06C0018BE40 /* 专家一对一@2x.png */ = {isa = PBXFileReference; lastKnownFileType = image.png; path = "专家一对一@2x.png"; sourceTree = "<group>"; };
		706B263A2022B6C20018BE40 /* 电话联系@2x.png */ = {isa = PBXFileReference; lastKnownFileType = image.png; path = "电话联系@2x.png"; sourceTree = "<group>"; };
		70CF774720216C6900B459F7 /* loginView.h */ = {isa = PBXFileReference; fileEncoding = 4; lastKnownFileType = sourcecode.c.h; path = loginView.h; sourceTree = "<group>"; };
		70CF774820216C6900B459F7 /* loginView.m */ = {isa = PBXFileReference; fileEncoding = 4; lastKnownFileType = sourcecode.c.objc; path = loginView.m; sourceTree = "<group>"; };
		70CF774920216C6900B459F7 /* TextFieldViews.h */ = {isa = PBXFileReference; fileEncoding = 4; lastKnownFileType = sourcecode.c.h; path = TextFieldViews.h; sourceTree = "<group>"; };
		70CF774A20216C6900B459F7 /* TextFieldViews.m */ = {isa = PBXFileReference; fileEncoding = 4; lastKnownFileType = sourcecode.c.objc; path = TextFieldViews.m; sourceTree = "<group>"; };
		70CF774D2021729E00B459F7 /* RegisterView.h */ = {isa = PBXFileReference; lastKnownFileType = sourcecode.c.h; path = RegisterView.h; sourceTree = "<group>"; };
		70CF774E2021729E00B459F7 /* RegisterView.m */ = {isa = PBXFileReference; lastKnownFileType = sourcecode.c.objc; path = RegisterView.m; sourceTree = "<group>"; };
		70CF77502021AE5200B459F7 /* EnterpriseRegisterView.h */ = {isa = PBXFileReference; lastKnownFileType = sourcecode.c.h; path = EnterpriseRegisterView.h; sourceTree = "<group>"; };
		70CF77512021AE5200B459F7 /* EnterpriseRegisterView.m */ = {isa = PBXFileReference; lastKnownFileType = sourcecode.c.objc; path = EnterpriseRegisterView.m; sourceTree = "<group>"; };
		70CF77532021AE5900B459F7 /* EnterpriseRegisterView.xib */ = {isa = PBXFileReference; lastKnownFileType = file.xib; path = EnterpriseRegisterView.xib; sourceTree = "<group>"; };
		70CF77552021BD8100B459F7 /* ResetPasswordViewController.h */ = {isa = PBXFileReference; fileEncoding = 4; lastKnownFileType = sourcecode.c.h; path = ResetPasswordViewController.h; sourceTree = "<group>"; };
		70CF77562021BD8100B459F7 /* ResetPasswordViewController.m */ = {isa = PBXFileReference; fileEncoding = 4; lastKnownFileType = sourcecode.c.objc; path = ResetPasswordViewController.m; sourceTree = "<group>"; };
		71A9166307730159DB63610D /* libPods-IPOAsk.a */ = {isa = PBXFileReference; explicitFileType = archive.ar; includeInIndex = 0; path = "libPods-IPOAsk.a"; sourceTree = BUILT_PRODUCTS_DIR; };
		84994DE7CA75AE47A7213852 /* Pods-IPOAsk.release.xcconfig */ = {isa = PBXFileReference; includeInIndex = 1; lastKnownFileType = text.xcconfig; name = "Pods-IPOAsk.release.xcconfig"; path = "Pods/Target Support Files/Pods-IPOAsk/Pods-IPOAsk.release.xcconfig"; sourceTree = "<group>"; };
		84C47B372018238300E32486 /* SignInViewController.h */ = {isa = PBXFileReference; lastKnownFileType = sourcecode.c.h; path = SignInViewController.h; sourceTree = "<group>"; };
		84C47B382018238300E32486 /* SignInViewController.m */ = {isa = PBXFileReference; lastKnownFileType = sourcecode.c.objc; path = SignInViewController.m; sourceTree = "<group>"; };
		84C47B402018368A00E32486 /* BaseTableViewController.h */ = {isa = PBXFileReference; lastKnownFileType = sourcecode.c.h; path = BaseTableViewController.h; sourceTree = "<group>"; };
		84C47B412018368A00E32486 /* BaseTableViewController.m */ = {isa = PBXFileReference; lastKnownFileType = sourcecode.c.objc; path = BaseTableViewController.m; sourceTree = "<group>"; };
		84C47B45201869AA00E32486 /* MBProgressHUD.h */ = {isa = PBXFileReference; fileEncoding = 4; lastKnownFileType = sourcecode.c.h; path = MBProgressHUD.h; sourceTree = "<group>"; };
		84C47B46201869AA00E32486 /* MBProgressHUD.m */ = {isa = PBXFileReference; fileEncoding = 4; lastKnownFileType = sourcecode.c.objc; path = MBProgressHUD.m; sourceTree = "<group>"; };
		84D1B2E320172B0900DF2DE4 /* BaseTabBarViewController.h */ = {isa = PBXFileReference; lastKnownFileType = sourcecode.c.h; path = BaseTabBarViewController.h; sourceTree = "<group>"; };
		84D1B2E420172B0900DF2DE4 /* BaseTabBarViewController.m */ = {isa = PBXFileReference; lastKnownFileType = sourcecode.c.objc; path = BaseTabBarViewController.m; sourceTree = "<group>"; };
		84D1B2E620172CD800DF2DE4 /* BaseNavViewController.h */ = {isa = PBXFileReference; lastKnownFileType = sourcecode.c.h; path = BaseNavViewController.h; sourceTree = "<group>"; };
		84D1B2E720172CD800DF2DE4 /* BaseNavViewController.m */ = {isa = PBXFileReference; lastKnownFileType = sourcecode.c.objc; path = BaseNavViewController.m; sourceTree = "<group>"; };
		84D1B2E920172DFD00DF2DE4 /* MainAskViewController.h */ = {isa = PBXFileReference; lastKnownFileType = sourcecode.c.h; path = MainAskViewController.h; sourceTree = "<group>"; };
		84D1B2EA20172DFD00DF2DE4 /* MainAskViewController.m */ = {isa = PBXFileReference; lastKnownFileType = sourcecode.c.objc; path = MainAskViewController.m; sourceTree = "<group>"; };
		84D1B2EC20172E9A00DF2DE4 /* EnterpriseViewController.h */ = {isa = PBXFileReference; lastKnownFileType = sourcecode.c.h; path = EnterpriseViewController.h; sourceTree = "<group>"; };
		84D1B2ED20172E9A00DF2DE4 /* EnterpriseViewController.m */ = {isa = PBXFileReference; lastKnownFileType = sourcecode.c.objc; path = EnterpriseViewController.m; sourceTree = "<group>"; };
		84D1B2EF20172F4F00DF2DE4 /* MessageViewController.h */ = {isa = PBXFileReference; lastKnownFileType = sourcecode.c.h; path = MessageViewController.h; sourceTree = "<group>"; };
		84D1B2F020172F4F00DF2DE4 /* MessageViewController.m */ = {isa = PBXFileReference; lastKnownFileType = sourcecode.c.objc; path = MessageViewController.m; sourceTree = "<group>"; };
		84D1B2F220172F7300DF2DE4 /* MineViewController.h */ = {isa = PBXFileReference; lastKnownFileType = sourcecode.c.h; path = MineViewController.h; sourceTree = "<group>"; };
		84D1B2F320172F7300DF2DE4 /* MineViewController.m */ = {isa = PBXFileReference; lastKnownFileType = sourcecode.c.objc; path = MineViewController.m; sourceTree = "<group>"; };
		84D1B2F72017326600DF2DE4 /* main.m */ = {isa = PBXFileReference; fileEncoding = 4; lastKnownFileType = sourcecode.c.objc; path = main.m; sourceTree = "<group>"; };
		84D1B2FA2017327700DF2DE4 /* PrefixHeader.pch */ = {isa = PBXFileReference; lastKnownFileType = sourcecode.c.h; path = PrefixHeader.pch; sourceTree = "<group>"; };
		84D1B2FD201733AB00DF2DE4 /* Info.plist */ = {isa = PBXFileReference; fileEncoding = 4; lastKnownFileType = text.plist.xml; path = Info.plist; sourceTree = "<group>"; };
		84D1B3022017356200DF2DE4 /* UtilsCommon.h */ = {isa = PBXFileReference; lastKnownFileType = sourcecode.c.h; path = UtilsCommon.h; sourceTree = "<group>"; };
		84D1B3032017356200DF2DE4 /* UtilsCommon.m */ = {isa = PBXFileReference; lastKnownFileType = sourcecode.c.objc; path = UtilsCommon.m; sourceTree = "<group>"; };
		84D1B305201735B400DF2DE4 /* Macro.h */ = {isa = PBXFileReference; lastKnownFileType = sourcecode.c.h; path = Macro.h; sourceTree = "<group>"; };
		84FBDC0820198675007A7E45 /* AskHttpLink.h */ = {isa = PBXFileReference; fileEncoding = 4; lastKnownFileType = sourcecode.c.h; path = AskHttpLink.h; sourceTree = "<group>"; };
		84FBDC0920198675007A7E45 /* AskHttpLink.m */ = {isa = PBXFileReference; fileEncoding = 4; lastKnownFileType = sourcecode.c.objc; path = AskHttpLink.m; sourceTree = "<group>"; };
		84FBDC0D201987CF007A7E45 /* AskProgressHUD.m */ = {isa = PBXFileReference; fileEncoding = 4; lastKnownFileType = sourcecode.c.objc; path = AskProgressHUD.m; sourceTree = "<group>"; };
		84FBDC0F201987CF007A7E45 /* AskProgressHUD.h */ = {isa = PBXFileReference; fileEncoding = 4; lastKnownFileType = sourcecode.c.h; path = AskProgressHUD.h; sourceTree = "<group>"; };
		84FBDC122019A83F007A7E45 /* ApplicationEnterpriseViewController.h */ = {isa = PBXFileReference; lastKnownFileType = sourcecode.c.h; path = ApplicationEnterpriseViewController.h; sourceTree = "<group>"; };
		84FBDC132019A83F007A7E45 /* ApplicationEnterpriseViewController.m */ = {isa = PBXFileReference; lastKnownFileType = sourcecode.c.objc; path = ApplicationEnterpriseViewController.m; sourceTree = "<group>"; };
		84FBDC162019AC15007A7E45 /* UIBarButtonItem+myBarButtonItem.h */ = {isa = PBXFileReference; lastKnownFileType = sourcecode.c.h; path = "UIBarButtonItem+myBarButtonItem.h"; sourceTree = "<group>"; };
		84FBDC172019AC15007A7E45 /* UIBarButtonItem+myBarButtonItem.m */ = {isa = PBXFileReference; lastKnownFileType = sourcecode.c.objc; path = "UIBarButtonItem+myBarButtonItem.m"; sourceTree = "<group>"; };
		84FBDC1E2019AC9B007A7E45 /* UINavigationBar+MyNavigationBar.h */ = {isa = PBXFileReference; lastKnownFileType = sourcecode.c.h; path = "UINavigationBar+MyNavigationBar.h"; sourceTree = "<group>"; };
		84FBDC1F2019AC9B007A7E45 /* UINavigationBar+MyNavigationBar.m */ = {isa = PBXFileReference; lastKnownFileType = sourcecode.c.objc; path = "UINavigationBar+MyNavigationBar.m"; sourceTree = "<group>"; };
		84FBDC232019B081007A7E45 /* EnterpriseModel.h */ = {isa = PBXFileReference; lastKnownFileType = sourcecode.c.h; path = EnterpriseModel.h; sourceTree = "<group>"; };
		84FBDC242019B081007A7E45 /* EnterpriseModel.m */ = {isa = PBXFileReference; lastKnownFileType = sourcecode.c.objc; path = EnterpriseModel.m; sourceTree = "<group>"; };
		84FBDC262019B1DF007A7E45 /* EnterpriseTableViewCell.h */ = {isa = PBXFileReference; lastKnownFileType = sourcecode.c.h; path = EnterpriseTableViewCell.h; sourceTree = "<group>"; };
		84FBDC272019B1DF007A7E45 /* EnterpriseTableViewCell.m */ = {isa = PBXFileReference; lastKnownFileType = sourcecode.c.objc; path = EnterpriseTableViewCell.m; sourceTree = "<group>"; };
		84FBDC282019B1DF007A7E45 /* EnterpriseTableViewCell.xib */ = {isa = PBXFileReference; lastKnownFileType = file.xib; path = EnterpriseTableViewCell.xib; sourceTree = "<group>"; };
		84FBDC2B2019C474007A7E45 /* TipsViews.h */ = {isa = PBXFileReference; lastKnownFileType = sourcecode.c.h; path = TipsViews.h; sourceTree = "<group>"; };
		84FBDC2C2019C474007A7E45 /* TipsViews.m */ = {isa = PBXFileReference; lastKnownFileType = sourcecode.c.objc; path = TipsViews.m; sourceTree = "<group>"; };
		F502DBAA2028594400D898D5 /* UserDataManager.h */ = {isa = PBXFileReference; lastKnownFileType = sourcecode.c.h; path = UserDataManager.h; sourceTree = "<group>"; };
		F502DBAB2028594400D898D5 /* UserDataManager.m */ = {isa = PBXFileReference; lastKnownFileType = sourcecode.c.objc; path = UserDataManager.m; sourceTree = "<group>"; };
		F502DBAE2029534500D898D5 /* FMDBManager.h */ = {isa = PBXFileReference; fileEncoding = 4; lastKnownFileType = sourcecode.c.h; path = FMDBManager.h; sourceTree = "<group>"; };
		F502DBAF2029534500D898D5 /* FMDBManager.m */ = {isa = PBXFileReference; fileEncoding = 4; lastKnownFileType = sourcecode.c.objc; path = FMDBManager.m; sourceTree = "<group>"; };
		F502DBB12029536D00D898D5 /* DraftsModel.h */ = {isa = PBXFileReference; fileEncoding = 4; lastKnownFileType = sourcecode.c.h; path = DraftsModel.h; sourceTree = "<group>"; };
		F502DBB22029536D00D898D5 /* DraftsModel.m */ = {isa = PBXFileReference; fileEncoding = 4; lastKnownFileType = sourcecode.c.objc; path = DraftsModel.m; sourceTree = "<group>"; };
		F502DBB42029537800D898D5 /* DraftsTableViewCell.h */ = {isa = PBXFileReference; fileEncoding = 4; lastKnownFileType = sourcecode.c.h; path = DraftsTableViewCell.h; sourceTree = "<group>"; };
		F502DBB52029537800D898D5 /* DraftsTableViewCell.m */ = {isa = PBXFileReference; fileEncoding = 4; lastKnownFileType = sourcecode.c.objc; path = DraftsTableViewCell.m; sourceTree = "<group>"; };
		F502DBB62029537800D898D5 /* DraftsTableViewCell.xib */ = {isa = PBXFileReference; fileEncoding = 4; lastKnownFileType = file.xib; path = DraftsTableViewCell.xib; sourceTree = "<group>"; };
		F502DBB92029538500D898D5 /* DraftsViewController.m */ = {isa = PBXFileReference; fileEncoding = 4; lastKnownFileType = sourcecode.c.objc; path = DraftsViewController.m; sourceTree = "<group>"; };
		F502DBBA2029538500D898D5 /* DraftsViewController.h */ = {isa = PBXFileReference; fileEncoding = 4; lastKnownFileType = sourcecode.c.h; path = DraftsViewController.h; sourceTree = "<group>"; };
		F502DBBC2029A78500D898D5 /* SendPhoneCodeViewController.m */ = {isa = PBXFileReference; fileEncoding = 4; lastKnownFileType = sourcecode.c.objc; path = SendPhoneCodeViewController.m; sourceTree = "<group>"; };
		F502DBBD2029A78500D898D5 /* SendPhoneCodeViewController.h */ = {isa = PBXFileReference; fileEncoding = 4; lastKnownFileType = sourcecode.c.h; path = SendPhoneCodeViewController.h; sourceTree = "<group>"; };
		F563CCCA2017153B00D4751A /* IPOAsk.app */ = {isa = PBXFileReference; explicitFileType = wrapper.application; includeInIndex = 0; path = IPOAsk.app; sourceTree = BUILT_PRODUCTS_DIR; };
		F563CCCD2017153B00D4751A /* AppDelegate.h */ = {isa = PBXFileReference; lastKnownFileType = sourcecode.c.h; path = AppDelegate.h; sourceTree = "<group>"; };
		F563CCCE2017153B00D4751A /* AppDelegate.m */ = {isa = PBXFileReference; lastKnownFileType = sourcecode.c.objc; path = AppDelegate.m; sourceTree = "<group>"; };
		F563CCD42017153B00D4751A /* Base */ = {isa = PBXFileReference; lastKnownFileType = file.storyboard; name = Base; path = Base.lproj/Main.storyboard; sourceTree = "<group>"; };
		F563CCD62017153B00D4751A /* Assets.xcassets */ = {isa = PBXFileReference; lastKnownFileType = folder.assetcatalog; path = Assets.xcassets; sourceTree = "<group>"; };
		F563CCD92017153B00D4751A /* Base */ = {isa = PBXFileReference; lastKnownFileType = file.storyboard; name = Base; path = Base.lproj/LaunchScreen.storyboard; sourceTree = "<group>"; };
		F5759A362022C29200DAE584 /* InfoViewController.m */ = {isa = PBXFileReference; fileEncoding = 4; lastKnownFileType = sourcecode.c.objc; path = InfoViewController.m; sourceTree = "<group>"; };
		F5759A372022C29200DAE584 /* MyFollowViewController.h */ = {isa = PBXFileReference; fileEncoding = 4; lastKnownFileType = sourcecode.c.h; path = MyFollowViewController.h; sourceTree = "<group>"; };
		F5759A382022C29200DAE584 /* MyFollowViewController.m */ = {isa = PBXFileReference; fileEncoding = 4; lastKnownFileType = sourcecode.c.objc; path = MyFollowViewController.m; sourceTree = "<group>"; };
		F5759A392022C29200DAE584 /* InfoViewController.h */ = {isa = PBXFileReference; fileEncoding = 4; lastKnownFileType = sourcecode.c.h; path = InfoViewController.h; sourceTree = "<group>"; };
		F5759A3C2022C2AA00DAE584 /* FollowTableViewCell.h */ = {isa = PBXFileReference; fileEncoding = 4; lastKnownFileType = sourcecode.c.h; path = FollowTableViewCell.h; sourceTree = "<group>"; };
		F5759A3D2022C2AA00DAE584 /* DraftViewTableViewCell.m */ = {isa = PBXFileReference; fileEncoding = 4; lastKnownFileType = sourcecode.c.objc; path = DraftViewTableViewCell.m; sourceTree = "<group>"; };
		F5759A3E2022C2AA00DAE584 /* DraftViewTableViewCell.h */ = {isa = PBXFileReference; fileEncoding = 4; lastKnownFileType = sourcecode.c.h; path = DraftViewTableViewCell.h; sourceTree = "<group>"; };
		F5759A3F2022C2AA00DAE584 /* FollowTableViewCell.m */ = {isa = PBXFileReference; fileEncoding = 4; lastKnownFileType = sourcecode.c.objc; path = FollowTableViewCell.m; sourceTree = "<group>"; };
		F5759A422022C2B600DAE584 /* AnswerViewController.m */ = {isa = PBXFileReference; fileEncoding = 4; lastKnownFileType = sourcecode.c.objc; path = AnswerViewController.m; sourceTree = "<group>"; };
		F5759A432022C2B600DAE584 /* DraftViewController.m */ = {isa = PBXFileReference; fileEncoding = 4; lastKnownFileType = sourcecode.c.objc; path = DraftViewController.m; sourceTree = "<group>"; };
		F5759A442022C2B600DAE584 /* AnswerViewController.h */ = {isa = PBXFileReference; fileEncoding = 4; lastKnownFileType = sourcecode.c.h; path = AnswerViewController.h; sourceTree = "<group>"; };
		F5759A452022C2B700DAE584 /* SettingViewController.m */ = {isa = PBXFileReference; fileEncoding = 4; lastKnownFileType = sourcecode.c.objc; path = SettingViewController.m; sourceTree = "<group>"; };
		F5759A462022C2B700DAE584 /* DraftViewController.h */ = {isa = PBXFileReference; fileEncoding = 4; lastKnownFileType = sourcecode.c.h; path = DraftViewController.h; sourceTree = "<group>"; };
		F5759A472022C2B700DAE584 /* AboutViewController.m */ = {isa = PBXFileReference; fileEncoding = 4; lastKnownFileType = sourcecode.c.objc; path = AboutViewController.m; sourceTree = "<group>"; };
		F5759A482022C2B700DAE584 /* HelpViewController.m */ = {isa = PBXFileReference; fileEncoding = 4; lastKnownFileType = sourcecode.c.objc; path = HelpViewController.m; sourceTree = "<group>"; };
		F5759A492022C2B700DAE584 /* WalletViewController.m */ = {isa = PBXFileReference; fileEncoding = 4; lastKnownFileType = sourcecode.c.objc; path = WalletViewController.m; sourceTree = "<group>"; };
		F5759A4A2022C2B700DAE584 /* WalletViewController.h */ = {isa = PBXFileReference; fileEncoding = 4; lastKnownFileType = sourcecode.c.h; path = WalletViewController.h; sourceTree = "<group>"; };
		F5759A4B2022C2B700DAE584 /* SettingViewController.h */ = {isa = PBXFileReference; fileEncoding = 4; lastKnownFileType = sourcecode.c.h; path = SettingViewController.h; sourceTree = "<group>"; };
		F5759A4C2022C2B700DAE584 /* AboutViewController.h */ = {isa = PBXFileReference; fileEncoding = 4; lastKnownFileType = sourcecode.c.h; path = AboutViewController.h; sourceTree = "<group>"; };
		F5759A4D2022C2B700DAE584 /* HelpViewController.h */ = {isa = PBXFileReference; fileEncoding = 4; lastKnownFileType = sourcecode.c.h; path = HelpViewController.h; sourceTree = "<group>"; };
		F5759A542022FCC400DAE584 /* MyLikeViewController.h */ = {isa = PBXFileReference; lastKnownFileType = sourcecode.c.h; path = MyLikeViewController.h; sourceTree = "<group>"; };
		F5759A552022FCC400DAE584 /* MyLikeViewController.m */ = {isa = PBXFileReference; lastKnownFileType = sourcecode.c.objc; path = MyLikeViewController.m; sourceTree = "<group>"; };
		F5759A57202300BF00DAE584 /* LikeTableViewCell.h */ = {isa = PBXFileReference; lastKnownFileType = sourcecode.c.h; path = LikeTableViewCell.h; sourceTree = "<group>"; };
		F5759A58202300BF00DAE584 /* LikeTableViewCell.m */ = {isa = PBXFileReference; lastKnownFileType = sourcecode.c.objc; path = LikeTableViewCell.m; sourceTree = "<group>"; };
		F5759A5A2023167A00DAE584 /* MyAskViewController.h */ = {isa = PBXFileReference; lastKnownFileType = sourcecode.c.h; path = MyAskViewController.h; sourceTree = "<group>"; };
		F5759A5B2023167A00DAE584 /* MyAskViewController.m */ = {isa = PBXFileReference; lastKnownFileType = sourcecode.c.objc; path = MyAskViewController.m; sourceTree = "<group>"; };
		F5759A5D2023169C00DAE584 /* MyAnswerViewController.h */ = {isa = PBXFileReference; lastKnownFileType = sourcecode.c.h; path = MyAnswerViewController.h; sourceTree = "<group>"; };
		F5759A5E2023169C00DAE584 /* MyAnswerViewController.m */ = {isa = PBXFileReference; lastKnownFileType = sourcecode.c.objc; path = MyAnswerViewController.m; sourceTree = "<group>"; };
		F5759A612023F88500DAE584 /* 未勾选@2x.png */ = {isa = PBXFileReference; lastKnownFileType = image.png; path = "未勾选@2x.png"; sourceTree = "<group>"; };
		F5759A622023F88500DAE584 /* 勾选@2x.png */ = {isa = PBXFileReference; lastKnownFileType = image.png; path = "勾选@2x.png"; sourceTree = "<group>"; };
		F5759A632023F88500DAE584 /* 没有提问@2x.png */ = {isa = PBXFileReference; lastKnownFileType = image.png; path = "没有提问@2x.png"; sourceTree = "<group>"; };
		F5759A642023F88500DAE584 /* 不是企业用户@2x.png */ = {isa = PBXFileReference; lastKnownFileType = image.png; path = "不是企业用户@2x.png"; sourceTree = "<group>"; };
		F5759A692023F88F00DAE584 /* 虚线@2x.png */ = {isa = PBXFileReference; lastKnownFileType = image.png; path = "虚线@2x.png"; sourceTree = "<group>"; };
		F5759A6B2023F8AB00DAE584 /* loginEnterpriseRegisterView.m */ = {isa = PBXFileReference; fileEncoding = 4; lastKnownFileType = sourcecode.c.objc; path = loginEnterpriseRegisterView.m; sourceTree = "<group>"; };
		F5759A6C2023F8AB00DAE584 /* loginEnterpriseRegisterView.xib */ = {isa = PBXFileReference; fileEncoding = 4; lastKnownFileType = file.xib; path = loginEnterpriseRegisterView.xib; sourceTree = "<group>"; };
		F5759A6D2023F8AB00DAE584 /* loginEnterpriseRegisterView.h */ = {isa = PBXFileReference; fileEncoding = 4; lastKnownFileType = sourcecode.c.h; path = loginEnterpriseRegisterView.h; sourceTree = "<group>"; };
		F5759A702023FA6700DAE584 /* EnterpriseNotQuestionView.xib */ = {isa = PBXFileReference; fileEncoding = 4; lastKnownFileType = file.xib; path = EnterpriseNotQuestionView.xib; sourceTree = "<group>"; };
		F5759A712023FA6700DAE584 /* EnterpriseNotQuestionView.h */ = {isa = PBXFileReference; fileEncoding = 4; lastKnownFileType = sourcecode.c.h; path = EnterpriseNotQuestionView.h; sourceTree = "<group>"; };
		F5759A722023FA6700DAE584 /* NotEnterpriseView.xib */ = {isa = PBXFileReference; fileEncoding = 4; lastKnownFileType = file.xib; path = NotEnterpriseView.xib; sourceTree = "<group>"; };
		F5759A732023FA6700DAE584 /* EnterpriseNotQuestionView.m */ = {isa = PBXFileReference; fileEncoding = 4; lastKnownFileType = sourcecode.c.objc; path = EnterpriseNotQuestionView.m; sourceTree = "<group>"; };
		F5759A742023FA6700DAE584 /* NotEnterpriseView.h */ = {isa = PBXFileReference; fileEncoding = 4; lastKnownFileType = sourcecode.c.h; path = NotEnterpriseView.h; sourceTree = "<group>"; };
		F5759A752023FA6700DAE584 /* NotEnterpriseView.m */ = {isa = PBXFileReference; fileEncoding = 4; lastKnownFileType = sourcecode.c.objc; path = NotEnterpriseView.m; sourceTree = "<group>"; };
		F5759A7B2027EE6000DAE584 /* back@2x.png */ = {isa = PBXFileReference; lastKnownFileType = image.png; path = "back@2x.png"; sourceTree = "<group>"; };
		F5759A7C2027EE6000DAE584 /* 默认头像@2x.png */ = {isa = PBXFileReference; lastKnownFileType = image.png; path = "默认头像@2x.png"; sourceTree = "<group>"; };
		F5759A7D2027EE6000DAE584 /* 帮助中心@2x.png */ = {isa = PBXFileReference; lastKnownFileType = image.png; path = "帮助中心@2x.png"; sourceTree = "<group>"; };
		F5759A7E2027EE6000DAE584 /* 企业-pre@2x.png */ = {isa = PBXFileReference; lastKnownFileType = image.png; path = "企业-pre@2x.png"; sourceTree = "<group>"; };
		F5759A7F2027EE6000DAE584 /* 消息-nor@2x.png */ = {isa = PBXFileReference; lastKnownFileType = image.png; path = "消息-nor@2x.png"; sourceTree = "<group>"; };
		F5759A802027EE6000DAE584 /* 设置@2x.png */ = {isa = PBXFileReference; lastKnownFileType = image.png; path = "设置@2x.png"; sourceTree = "<group>"; };
		F5759A812027EE6000DAE584 /* 我的钱包@2x.png */ = {isa = PBXFileReference; lastKnownFileType = image.png; path = "我的钱包@2x.png"; sourceTree = "<group>"; };
		F5759A822027EE6000DAE584 /* home_nor@2x.png */ = {isa = PBXFileReference; lastKnownFileType = image.png; path = "home_nor@2x.png"; sourceTree = "<group>"; };
		F5759A832027EE6000DAE584 /* banner背景@2x.png */ = {isa = PBXFileReference; lastKnownFileType = image.png; path = "banner背景@2x.png"; sourceTree = "<group>"; };
		F5759A842027EE6000DAE584 /* 我的-pre@2x.png */ = {isa = PBXFileReference; lastKnownFileType = image.png; path = "我的-pre@2x.png"; sourceTree = "<group>"; };
		F5759A852027EE6000DAE584 /* 消息-pre@2x.png */ = {isa = PBXFileReference; lastKnownFileType = image.png; path = "消息-pre@2x.png"; sourceTree = "<group>"; };
		F5759A862027EE6000DAE584 /* 企业-nor@2x.png */ = {isa = PBXFileReference; lastKnownFileType = image.png; path = "企业-nor@2x.png"; sourceTree = "<group>"; };
		F5759A872027EE6000DAE584 /* 关于我们@2x.png */ = {isa = PBXFileReference; lastKnownFileType = image.png; path = "关于我们@2x.png"; sourceTree = "<group>"; };
		F5759A882027EE6000DAE584 /* 我的-nor@2x.png */ = {isa = PBXFileReference; lastKnownFileType = image.png; path = "我的-nor@2x.png"; sourceTree = "<group>"; };
		F5759A892027EE6000DAE584 /* home_pre@2x.png */ = {isa = PBXFileReference; lastKnownFileType = image.png; path = "home_pre@2x.png"; sourceTree = "<group>"; };
		F5759A8A2027EE6000DAE584 /* 申请成为答主@2x.png */ = {isa = PBXFileReference; lastKnownFileType = image.png; path = "申请成为答主@2x.png"; sourceTree = "<group>"; };
		F5759A8B2027EE6000DAE584 /* 草稿箱@2x.png */ = {isa = PBXFileReference; lastKnownFileType = image.png; path = "草稿箱@2x.png"; sourceTree = "<group>"; };
		F5759A8C2027EE6000DAE584 /* 下拉加载.gif */ = {isa = PBXFileReference; lastKnownFileType = image.gif; path = "下拉加载.gif"; sourceTree = "<group>"; };
		F5759A8E2027EE6000DAE584 /* 已关注@2x.png */ = {isa = PBXFileReference; lastKnownFileType = image.png; path = "已关注@2x.png"; sourceTree = "<group>"; };
		F5759A8F2027EE6000DAE584 /* 关注@2x.png */ = {isa = PBXFileReference; lastKnownFileType = image.png; path = "关注@2x.png"; sourceTree = "<group>"; };
		F5759A902027EE6000DAE584 /* 回答@2x.png */ = {isa = PBXFileReference; lastKnownFileType = image.png; path = "回答@2x.png"; sourceTree = "<group>"; };
		F5759A912027EE6000DAE584 /* 详情-查看@2x.png */ = {isa = PBXFileReference; lastKnownFileType = image.png; path = "详情-查看@2x.png"; sourceTree = "<group>"; };
		F5759A922027EE6000DAE584 /* 查看@2x.png */ = {isa = PBXFileReference; lastKnownFileType = image.png; path = "查看@2x.png"; sourceTree = "<group>"; };
		F5759A932027EE6000DAE584 /* 问题列表-点赞-按下@2x.png */ = {isa = PBXFileReference; lastKnownFileType = image.png; path = "问题列表-点赞-按下@2x.png"; sourceTree = "<group>"; };
		F5759A942027EE6000DAE584 /* +关注@2x.png */ = {isa = PBXFileReference; lastKnownFileType = image.png; path = "+关注@2x.png"; sourceTree = "<group>"; };
		F5759A952027EE6000DAE584 /* 展开全文@2x.png */ = {isa = PBXFileReference; lastKnownFileType = image.png; path = "展开全文@2x.png"; sourceTree = "<group>"; };
		F5759A962027EE6000DAE584 /* 问题列表-点赞@2x.png */ = {isa = PBXFileReference; lastKnownFileType = image.png; path = "问题列表-点赞@2x.png"; sourceTree = "<group>"; };
		F5759A972027EE6000DAE584 /* 上拉刷新.gif */ = {isa = PBXFileReference; lastKnownFileType = image.gif; path = "上拉刷新.gif"; sourceTree = "<group>"; };
		F5759AB62027EE9A00DAE584 /* FLAnimatedImage.m */ = {isa = PBXFileReference; fileEncoding = 4; lastKnownFileType = sourcecode.c.objc; path = FLAnimatedImage.m; sourceTree = "<group>"; };
		F5759AB72027EE9A00DAE584 /* FLAnimatedImageView.m */ = {isa = PBXFileReference; fileEncoding = 4; lastKnownFileType = sourcecode.c.objc; path = FLAnimatedImageView.m; sourceTree = "<group>"; };
		F5759AB82027EE9A00DAE584 /* FLAnimatedImage.h */ = {isa = PBXFileReference; fileEncoding = 4; lastKnownFileType = sourcecode.c.h; path = FLAnimatedImage.h; sourceTree = "<group>"; };
		F5759AB92027EE9A00DAE584 /* FLAnimatedImageView.h */ = {isa = PBXFileReference; fileEncoding = 4; lastKnownFileType = sourcecode.c.h; path = FLAnimatedImageView.h; sourceTree = "<group>"; };
		F5759ABC2027EF2F00DAE584 /* MainAskDetailHeadViewCellTableViewCell.h */ = {isa = PBXFileReference; fileEncoding = 4; lastKnownFileType = sourcecode.c.h; path = MainAskDetailHeadViewCellTableViewCell.h; sourceTree = "<group>"; };
		F5759ABD2027EF2F00DAE584 /* MainAskDetailHeadViewCellTableViewCell.xib */ = {isa = PBXFileReference; fileEncoding = 4; lastKnownFileType = file.xib; path = MainAskDetailHeadViewCellTableViewCell.xib; sourceTree = "<group>"; };
		F5759ABE2027EF2F00DAE584 /* MainAskDetailHeadViewCellTableViewCell.m */ = {isa = PBXFileReference; fileEncoding = 4; lastKnownFileType = sourcecode.c.objc; path = MainAskDetailHeadViewCellTableViewCell.m; sourceTree = "<group>"; };
		F5759AC12027EF3B00DAE584 /* MainAskCommViewController.m */ = {isa = PBXFileReference; fileEncoding = 4; lastKnownFileType = sourcecode.c.objc; path = MainAskCommViewController.m; sourceTree = "<group>"; };
		F5759AC22027EF3C00DAE584 /* EditQuestionViewController.xib */ = {isa = PBXFileReference; fileEncoding = 4; lastKnownFileType = file.xib; path = EditQuestionViewController.xib; sourceTree = "<group>"; };
		F5759AC32027EF3C00DAE584 /* MainAskCommViewController.xib */ = {isa = PBXFileReference; fileEncoding = 4; lastKnownFileType = file.xib; path = MainAskCommViewController.xib; sourceTree = "<group>"; };
		F5759AC42027EF3C00DAE584 /* MainAskDetailViewController.m */ = {isa = PBXFileReference; fileEncoding = 4; lastKnownFileType = sourcecode.c.objc; path = MainAskDetailViewController.m; sourceTree = "<group>"; };
		F5759AC52027EF3C00DAE584 /* MainAskDetailViewController.xib */ = {isa = PBXFileReference; fileEncoding = 4; lastKnownFileType = file.xib; path = MainAskDetailViewController.xib; sourceTree = "<group>"; };
		F5759AC62027EF3C00DAE584 /* MainAskDetailViewController.h */ = {isa = PBXFileReference; fileEncoding = 4; lastKnownFileType = sourcecode.c.h; path = MainAskDetailViewController.h; sourceTree = "<group>"; };
		F5759AC72027EF3C00DAE584 /* MainAskCommViewController.h */ = {isa = PBXFileReference; fileEncoding = 4; lastKnownFileType = sourcecode.c.h; path = MainAskCommViewController.h; sourceTree = "<group>"; };
		F5759ACE2027EFB400DAE584 /* MyRefreshAutoGifHeader.h */ = {isa = PBXFileReference; fileEncoding = 4; lastKnownFileType = sourcecode.c.h; path = MyRefreshAutoGifHeader.h; sourceTree = "<group>"; };
		F5759ACF2027EFB400DAE584 /* MyRefreshAutoGifFooter.h */ = {isa = PBXFileReference; fileEncoding = 4; lastKnownFileType = sourcecode.c.h; path = MyRefreshAutoGifFooter.h; sourceTree = "<group>"; };
		F5759AD02027EFB400DAE584 /* MyRefreshAutoGifFooter.m */ = {isa = PBXFileReference; fileEncoding = 4; lastKnownFileType = sourcecode.c.objc; path = MyRefreshAutoGifFooter.m; sourceTree = "<group>"; };
		F5759AD12027EFB400DAE584 /* MyRefreshAutoGifHeader.m */ = {isa = PBXFileReference; fileEncoding = 4; lastKnownFileType = sourcecode.c.objc; path = MyRefreshAutoGifHeader.m; sourceTree = "<group>"; };
		F5E91E89201B39C80059843A /* HeadViewTableViewCell.h */ = {isa = PBXFileReference; fileEncoding = 4; lastKnownFileType = sourcecode.c.h; path = HeadViewTableViewCell.h; sourceTree = "<group>"; };
		F5E91E8A201B39C80059843A /* HeadViewTableViewCell.m */ = {isa = PBXFileReference; fileEncoding = 4; lastKnownFileType = sourcecode.c.objc; path = HeadViewTableViewCell.m; sourceTree = "<group>"; };
		F5E91E8C201B3A110059843A /* BaseViewController.h */ = {isa = PBXFileReference; fileEncoding = 4; lastKnownFileType = sourcecode.c.h; path = BaseViewController.h; sourceTree = "<group>"; };
		F5E91E8D201B3A110059843A /* BaseViewController.m */ = {isa = PBXFileReference; fileEncoding = 4; lastKnownFileType = sourcecode.c.objc; path = BaseViewController.m; sourceTree = "<group>"; };
		F5E91E8F201B3A520059843A /* QuestionViewController.h */ = {isa = PBXFileReference; fileEncoding = 4; lastKnownFileType = sourcecode.c.h; path = QuestionViewController.h; sourceTree = "<group>"; };
		F5E91E90201B3A530059843A /* SearchViewController.m */ = {isa = PBXFileReference; fileEncoding = 4; lastKnownFileType = sourcecode.c.objc; path = SearchViewController.m; sourceTree = "<group>"; };
		F5E91E91201B3A530059843A /* QuestionViewController.m */ = {isa = PBXFileReference; fileEncoding = 4; lastKnownFileType = sourcecode.c.objc; path = QuestionViewController.m; sourceTree = "<group>"; };
		F5E91E92201B3A530059843A /* EditAnswerViewController.m */ = {isa = PBXFileReference; fileEncoding = 4; lastKnownFileType = sourcecode.c.objc; path = EditAnswerViewController.m; sourceTree = "<group>"; };
		F5E91E93201B3A530059843A /* EditQuestionViewController.m */ = {isa = PBXFileReference; fileEncoding = 4; lastKnownFileType = sourcecode.c.objc; path = EditQuestionViewController.m; sourceTree = "<group>"; };
		F5E91E94201B3A530059843A /* SearchViewController.h */ = {isa = PBXFileReference; fileEncoding = 4; lastKnownFileType = sourcecode.c.h; path = SearchViewController.h; sourceTree = "<group>"; };
		F5E91E95201B3A530059843A /* AnswerDetailViewController.h */ = {isa = PBXFileReference; fileEncoding = 4; lastKnownFileType = sourcecode.c.h; path = AnswerDetailViewController.h; sourceTree = "<group>"; };
		F5E91E96201B3A530059843A /* MainNavigationController.h */ = {isa = PBXFileReference; fileEncoding = 4; lastKnownFileType = sourcecode.c.h; path = MainNavigationController.h; sourceTree = "<group>"; };
		F5E91E97201B3A530059843A /* EditAnswerViewController.h */ = {isa = PBXFileReference; fileEncoding = 4; lastKnownFileType = sourcecode.c.h; path = EditAnswerViewController.h; sourceTree = "<group>"; };
		F5E91E98201B3A530059843A /* EditQuestionViewController.h */ = {isa = PBXFileReference; fileEncoding = 4; lastKnownFileType = sourcecode.c.h; path = EditQuestionViewController.h; sourceTree = "<group>"; };
		F5E91E99201B3A530059843A /* MainNavigationController.m */ = {isa = PBXFileReference; fileEncoding = 4; lastKnownFileType = sourcecode.c.objc; path = MainNavigationController.m; sourceTree = "<group>"; };
		F5E91E9A201B3A530059843A /* AnswerDetailViewController.m */ = {isa = PBXFileReference; fileEncoding = 4; lastKnownFileType = sourcecode.c.objc; path = AnswerDetailViewController.m; sourceTree = "<group>"; };
		F5E91EA2201B3A750059843A /* QuestionModel.h */ = {isa = PBXFileReference; fileEncoding = 4; lastKnownFileType = sourcecode.c.h; path = QuestionModel.h; sourceTree = "<group>"; };
		F5E91EA3201B3A750059843A /* AnswerModel.h */ = {isa = PBXFileReference; fileEncoding = 4; lastKnownFileType = sourcecode.c.h; path = AnswerModel.h; sourceTree = "<group>"; };
		F5E91EA4201B3A750059843A /* QuestionModel.m */ = {isa = PBXFileReference; fileEncoding = 4; lastKnownFileType = sourcecode.c.objc; path = QuestionModel.m; sourceTree = "<group>"; };
		F5E91EA5201B3A750059843A /* AnswerModel.m */ = {isa = PBXFileReference; fileEncoding = 4; lastKnownFileType = sourcecode.c.objc; path = AnswerModel.m; sourceTree = "<group>"; };
		F5E91EA7201B3A750059843A /* QuestionTableViewCell.h */ = {isa = PBXFileReference; fileEncoding = 4; lastKnownFileType = sourcecode.c.h; path = QuestionTableViewCell.h; sourceTree = "<group>"; };
		F5E91EA8201B3A750059843A /* AnswerTableViewCell.m */ = {isa = PBXFileReference; fileEncoding = 4; lastKnownFileType = sourcecode.c.objc; path = AnswerTableViewCell.m; sourceTree = "<group>"; };
		F5E91EA9201B3A750059843A /* QuestionTableViewCell.m */ = {isa = PBXFileReference; fileEncoding = 4; lastKnownFileType = sourcecode.c.objc; path = QuestionTableViewCell.m; sourceTree = "<group>"; };
		F5E91EAA201B3A750059843A /* AnswerTableViewCell.h */ = {isa = PBXFileReference; fileEncoding = 4; lastKnownFileType = sourcecode.c.h; path = AnswerTableViewCell.h; sourceTree = "<group>"; };
		F5E91EB0201B3A950059843A /* AnswerOrLikeTableViewCell.h */ = {isa = PBXFileReference; fileEncoding = 4; lastKnownFileType = sourcecode.c.h; path = AnswerOrLikeTableViewCell.h; sourceTree = "<group>"; };
		F5E91EB1201B3A950059843A /* AnswerOrLikeTableViewCell.xib */ = {isa = PBXFileReference; fileEncoding = 4; lastKnownFileType = file.xib; path = AnswerOrLikeTableViewCell.xib; sourceTree = "<group>"; };
		F5E91EB2201B3A950059843A /* AnswerOrLikeTableViewCell.m */ = {isa = PBXFileReference; fileEncoding = 4; lastKnownFileType = sourcecode.c.objc; path = AnswerOrLikeTableViewCell.m; sourceTree = "<group>"; };
		F5E91EB4201B3A960059843A /* AnswerOrLikeModel.m */ = {isa = PBXFileReference; fileEncoding = 4; lastKnownFileType = sourcecode.c.objc; path = AnswerOrLikeModel.m; sourceTree = "<group>"; };
		F5E91EB5201B3A960059843A /* AnswerOrLikeModel.h */ = {isa = PBXFileReference; fileEncoding = 4; lastKnownFileType = sourcecode.c.h; path = AnswerOrLikeModel.h; sourceTree = "<group>"; };
/* End PBXFileReference section */

/* Begin PBXFrameworksBuildPhase section */
		F563CCC72017153B00D4751A /* Frameworks */ = {
			isa = PBXFrameworksBuildPhase;
			buildActionMask = 2147483647;
			files = (
				130FA5160092F9EAED210012 /* libPods-IPOAsk.a in Frameworks */,
			);
			runOnlyForDeploymentPostprocessing = 0;
		};
/* End PBXFrameworksBuildPhase section */

/* Begin PBXGroup section */
		3E1999E42540EC7D5B812FC3 /* Frameworks */ = {
			isa = PBXGroup;
			children = (
				71A9166307730159DB63610D /* libPods-IPOAsk.a */,
			);
			name = Frameworks;
			sourceTree = "<group>";
		};
		465A6C723346442489A9BC96 /* Pods */ = {
			isa = PBXGroup;
			children = (
				0441DF22CC1CD148DF8C8CB4 /* Pods-IPOAsk.debug.xcconfig */,
				84994DE7CA75AE47A7213852 /* Pods-IPOAsk.release.xcconfig */,
			);
			name = Pods;
			sourceTree = "<group>";
		};
		706B261A2022A99A0018BE40 /* Resources */ = {
			isa = PBXGroup;
			children = (
				F5759A972027EE6000DAE584 /* 上拉刷新.gif */,
				F5759A8C2027EE6000DAE584 /* 下拉加载.gif */,
				F5759A7A2027EE6000DAE584 /* Main */,
				F5759A8D2027EE6000DAE584 /* MainAsk */,
				F5759A602023F88500DAE584 /* Enterprise */,
				706B262B2022A9AC0018BE40 /* login */,
			);
			path = Resources;
			sourceTree = "<group>";
		};
		706B262B2022A9AC0018BE40 /* login */ = {
			isa = PBXGroup;
			children = (
				F5759A692023F88F00DAE584 /* 虚线@2x.png */,
				706B263A2022B6C20018BE40 /* 电话联系@2x.png */,
				706B262F2022B06C0018BE40 /* 不显示密码@2x.png */,
				706B26302022B06C0018BE40 /* 卡片@2x.png */,
				706B26312022B06C0018BE40 /* 其他优势@2x.png */,
				706B26322022B06C0018BE40 /* 权威机构@2x.png */,
				706B262E2022B06C0018BE40 /* 显示密码@2x.png */,
				706B26332022B06C0018BE40 /* 专家一对一@2x.png */,
			);
			path = login;
			sourceTree = "<group>";
		};
		70CF774620216C6900B459F7 /* Views */ = {
			isa = PBXGroup;
			children = (
				F5759A6D2023F8AB00DAE584 /* loginEnterpriseRegisterView.h */,
				F5759A6B2023F8AB00DAE584 /* loginEnterpriseRegisterView.m */,
				F5759A6C2023F8AB00DAE584 /* loginEnterpriseRegisterView.xib */,
				70CF774720216C6900B459F7 /* loginView.h */,
				70CF774820216C6900B459F7 /* loginView.m */,
				70CF774D2021729E00B459F7 /* RegisterView.h */,
				70CF774E2021729E00B459F7 /* RegisterView.m */,
				70CF77502021AE5200B459F7 /* EnterpriseRegisterView.h */,
				70CF77512021AE5200B459F7 /* EnterpriseRegisterView.m */,
				70CF77532021AE5900B459F7 /* EnterpriseRegisterView.xib */,
				70CF774920216C6900B459F7 /* TextFieldViews.h */,
				70CF774A20216C6900B459F7 /* TextFieldViews.m */,
			);
			path = Views;
			sourceTree = "<group>";
		};
		84C47B332018235500E32486 /* SignIn */ = {
			isa = PBXGroup;
			children = (
				84C47B342018235F00E32486 /* Controller */,
				70CF774620216C6900B459F7 /* Views */,
			);
			path = SignIn;
			sourceTree = "<group>";
		};
		84C47B342018235F00E32486 /* Controller */ = {
			isa = PBXGroup;
			children = (
				F502DBBD2029A78500D898D5 /* SendPhoneCodeViewController.h */,
				F502DBBC2029A78500D898D5 /* SendPhoneCodeViewController.m */,
				84C47B372018238300E32486 /* SignInViewController.h */,
				84C47B382018238300E32486 /* SignInViewController.m */,
				70CF77552021BD8100B459F7 /* ResetPasswordViewController.h */,
				70CF77562021BD8100B459F7 /* ResetPasswordViewController.m */,
			);
			path = Controller;
			sourceTree = "<group>";
		};
		84C47B3C20182C7500E32486 /* Views */ = {
			isa = PBXGroup;
			children = (
			);
			path = Views;
			sourceTree = "<group>";
		};
		84C47B43201869AA00E32486 /* Category */ = {
			isa = PBXGroup;
			children = (
				F502DBAD2029534500D898D5 /* FMDBManager */,
				F5759ACD2027EFB400DAE584 /* gifReload */,
				84FBDC1D2019AC87007A7E45 /* UINavigationBar+NavigationBar */,
				84FBDC152019ABEA007A7E45 /* UIBarButtonItem-Button */,
				84C47B44201869AA00E32486 /* MBProgressHUD */,
			);
			path = Category;
			sourceTree = "<group>";
		};
		84C47B44201869AA00E32486 /* MBProgressHUD */ = {
			isa = PBXGroup;
			children = (
				84C47B45201869AA00E32486 /* MBProgressHUD.h */,
				84C47B46201869AA00E32486 /* MBProgressHUD.m */,
			);
			path = MBProgressHUD;
			sourceTree = "<group>";
		};
		84D1B2CA20172ACD00DF2DE4 /* UI */ = {
			isa = PBXGroup;
			children = (
				84FBDC0B201986FF007A7E45 /* Public */,
				84D1B2CB20172ACD00DF2DE4 /* Base */,
				84D1B2CF20172ACD00DF2DE4 /* Enterprise */,
				84D1B2D320172ACD00DF2DE4 /* MainAsk */,
				84D1B2D720172ACD00DF2DE4 /* Message */,
				84D1B2DB20172ACD00DF2DE4 /* Mine */,
				84C47B332018235500E32486 /* SignIn */,
			);
			path = UI;
			sourceTree = "<group>";
		};
		84D1B2CB20172ACD00DF2DE4 /* Base */ = {
			isa = PBXGroup;
			children = (
				84D1B2CD20172ACD00DF2DE4 /* TabBarController */,
				84D1B2CC20172ACD00DF2DE4 /* Controller */,
				84C47B3C20182C7500E32486 /* Views */,
			);
			path = Base;
			sourceTree = "<group>";
		};
		84D1B2CC20172ACD00DF2DE4 /* Controller */ = {
			isa = PBXGroup;
			children = (
				F5E91E8C201B3A110059843A /* BaseViewController.h */,
				F5E91E8D201B3A110059843A /* BaseViewController.m */,
				84D1B2E620172CD800DF2DE4 /* BaseNavViewController.h */,
				84D1B2E720172CD800DF2DE4 /* BaseNavViewController.m */,
				84C47B402018368A00E32486 /* BaseTableViewController.h */,
				84C47B412018368A00E32486 /* BaseTableViewController.m */,
			);
			path = Controller;
			sourceTree = "<group>";
		};
		84D1B2CD20172ACD00DF2DE4 /* TabBarController */ = {
			isa = PBXGroup;
			children = (
				84D1B2E320172B0900DF2DE4 /* BaseTabBarViewController.h */,
				84D1B2E420172B0900DF2DE4 /* BaseTabBarViewController.m */,
			);
			path = TabBarController;
			sourceTree = "<group>";
		};
		84D1B2CF20172ACD00DF2DE4 /* Enterprise */ = {
			isa = PBXGroup;
			children = (
				84D1B2D020172ACD00DF2DE4 /* Controller */,
				84FBDC222019B067007A7E45 /* Model */,
				84FBDC212019B057007A7E45 /* Views */,
			);
			path = Enterprise;
			sourceTree = "<group>";
		};
		84D1B2D020172ACD00DF2DE4 /* Controller */ = {
			isa = PBXGroup;
			children = (
				84D1B2EC20172E9A00DF2DE4 /* EnterpriseViewController.h */,
				84D1B2ED20172E9A00DF2DE4 /* EnterpriseViewController.m */,
				84FBDC122019A83F007A7E45 /* ApplicationEnterpriseViewController.h */,
				84FBDC132019A83F007A7E45 /* ApplicationEnterpriseViewController.m */,
			);
			path = Controller;
			sourceTree = "<group>";
		};
		84D1B2D320172ACD00DF2DE4 /* MainAsk */ = {
			isa = PBXGroup;
			children = (
				F5E91EA1201B3A750059843A /* Model */,
				F5E91EA6201B3A750059843A /* View */,
				84D1B2D420172ACD00DF2DE4 /* Controller */,
			);
			path = MainAsk;
			sourceTree = "<group>";
		};
		84D1B2D420172ACD00DF2DE4 /* Controller */ = {
			isa = PBXGroup;
			children = (
				F502DBBA2029538500D898D5 /* DraftsViewController.h */,
				F502DBB92029538500D898D5 /* DraftsViewController.m */,
				F5759AC22027EF3C00DAE584 /* EditQuestionViewController.xib */,
				F5759AC72027EF3C00DAE584 /* MainAskCommViewController.h */,
				F5759AC12027EF3B00DAE584 /* MainAskCommViewController.m */,
				F5759AC32027EF3C00DAE584 /* MainAskCommViewController.xib */,
				F5759AC62027EF3C00DAE584 /* MainAskDetailViewController.h */,
				F5759AC42027EF3C00DAE584 /* MainAskDetailViewController.m */,
				F5759AC52027EF3C00DAE584 /* MainAskDetailViewController.xib */,
				F5E91E95201B3A530059843A /* AnswerDetailViewController.h */,
				F5E91E9A201B3A530059843A /* AnswerDetailViewController.m */,
				F5E91E97201B3A530059843A /* EditAnswerViewController.h */,
				F5E91E92201B3A530059843A /* EditAnswerViewController.m */,
				F5E91E98201B3A530059843A /* EditQuestionViewController.h */,
				F5E91E93201B3A530059843A /* EditQuestionViewController.m */,
				F5E91E96201B3A530059843A /* MainNavigationController.h */,
				F5E91E99201B3A530059843A /* MainNavigationController.m */,
				F5E91E8F201B3A520059843A /* QuestionViewController.h */,
				F5E91E91201B3A530059843A /* QuestionViewController.m */,
				F5E91E94201B3A530059843A /* SearchViewController.h */,
				F5E91E90201B3A530059843A /* SearchViewController.m */,
				84D1B2E920172DFD00DF2DE4 /* MainAskViewController.h */,
				84D1B2EA20172DFD00DF2DE4 /* MainAskViewController.m */,
			);
			path = Controller;
			sourceTree = "<group>";
		};
		84D1B2D720172ACD00DF2DE4 /* Message */ = {
			isa = PBXGroup;
			children = (
				F5E91EB3201B3A960059843A /* Model */,
				F5E91EAF201B3A950059843A /* Views */,
				84D1B2D820172ACD00DF2DE4 /* Controller */,
			);
			path = Message;
			sourceTree = "<group>";
		};
		84D1B2D820172ACD00DF2DE4 /* Controller */ = {
			isa = PBXGroup;
			children = (
				84D1B2EF20172F4F00DF2DE4 /* MessageViewController.h */,
				84D1B2F020172F4F00DF2DE4 /* MessageViewController.m */,
			);
			path = Controller;
			sourceTree = "<group>";
		};
		84D1B2DB20172ACD00DF2DE4 /* Mine */ = {
			isa = PBXGroup;
			children = (
				F5759A352022C29200DAE584 /* InfoController */,
				F5E91E88201B39C80059843A /* View */,
				84D1B2DC20172ACD00DF2DE4 /* Controller */,
			);
			path = Mine;
			sourceTree = "<group>";
		};
		84D1B2DC20172ACD00DF2DE4 /* Controller */ = {
			isa = PBXGroup;
			children = (
				F5759A4C2022C2B700DAE584 /* AboutViewController.h */,
				F5759A472022C2B700DAE584 /* AboutViewController.m */,
				F5759A442022C2B600DAE584 /* AnswerViewController.h */,
				F5759A422022C2B600DAE584 /* AnswerViewController.m */,
				F5759A462022C2B700DAE584 /* DraftViewController.h */,
				F5759A432022C2B600DAE584 /* DraftViewController.m */,
				F5759A4D2022C2B700DAE584 /* HelpViewController.h */,
				F5759A482022C2B700DAE584 /* HelpViewController.m */,
				F5759A4B2022C2B700DAE584 /* SettingViewController.h */,
				F5759A452022C2B700DAE584 /* SettingViewController.m */,
				F5759A4A2022C2B700DAE584 /* WalletViewController.h */,
				F5759A492022C2B700DAE584 /* WalletViewController.m */,
				84D1B2F220172F7300DF2DE4 /* MineViewController.h */,
				84D1B2F320172F7300DF2DE4 /* MineViewController.m */,
			);
			path = Controller;
			sourceTree = "<group>";
		};
		84D1B2F52017326600DF2DE4 /* Supporting Files */ = {
			isa = PBXGroup;
			children = (
				84D1B2F72017326600DF2DE4 /* main.m */,
				84D1B2FA2017327700DF2DE4 /* PrefixHeader.pch */,
			);
			path = "Supporting Files";
			sourceTree = "<group>";
		};
		84D1B2FF2017354300DF2DE4 /* Utils */ = {
			isa = PBXGroup;
			children = (
				84D1B3012017354300DF2DE4 /* UtilsCommon */,
				84D1B3002017354300DF2DE4 /* Macro */,
			);
			path = Utils;
			sourceTree = "<group>";
		};
		84D1B3002017354300DF2DE4 /* Macro */ = {
			isa = PBXGroup;
			children = (
				84D1B305201735B400DF2DE4 /* Macro.h */,
			);
			path = Macro;
			sourceTree = "<group>";
		};
		84D1B3012017354300DF2DE4 /* UtilsCommon */ = {
			isa = PBXGroup;
			children = (
				84D1B3022017356200DF2DE4 /* UtilsCommon.h */,
				84D1B3032017356200DF2DE4 /* UtilsCommon.m */,
			);
			path = UtilsCommon;
			sourceTree = "<group>";
		};
		84FBDC0720198675007A7E45 /* HTTP */ = {
			isa = PBXGroup;
			children = (
				84FBDC0820198675007A7E45 /* AskHttpLink.h */,
				84FBDC0920198675007A7E45 /* AskHttpLink.m */,
			);
			path = HTTP;
			sourceTree = "<group>";
		};
		84FBDC0B201986FF007A7E45 /* Public */ = {
			isa = PBXGroup;
			children = (
				84FBDC0F201987CF007A7E45 /* AskProgressHUD.h */,
				84FBDC0D201987CF007A7E45 /* AskProgressHUD.m */,
				84FBDC2B2019C474007A7E45 /* TipsViews.h */,
				84FBDC2C2019C474007A7E45 /* TipsViews.m */,
			);
			path = Public;
			sourceTree = "<group>";
		};
		84FBDC152019ABEA007A7E45 /* UIBarButtonItem-Button */ = {
			isa = PBXGroup;
			children = (
				84FBDC162019AC15007A7E45 /* UIBarButtonItem+myBarButtonItem.h */,
				84FBDC172019AC15007A7E45 /* UIBarButtonItem+myBarButtonItem.m */,
			);
			path = "UIBarButtonItem-Button";
			sourceTree = "<group>";
		};
		84FBDC1D2019AC87007A7E45 /* UINavigationBar+NavigationBar */ = {
			isa = PBXGroup;
			children = (
				84FBDC1E2019AC9B007A7E45 /* UINavigationBar+MyNavigationBar.h */,
				84FBDC1F2019AC9B007A7E45 /* UINavigationBar+MyNavigationBar.m */,
			);
			path = "UINavigationBar+NavigationBar";
			sourceTree = "<group>";
		};
		84FBDC212019B057007A7E45 /* Views */ = {
			isa = PBXGroup;
			children = (
				F5759A712023FA6700DAE584 /* EnterpriseNotQuestionView.h */,
				F5759A732023FA6700DAE584 /* EnterpriseNotQuestionView.m */,
				F5759A702023FA6700DAE584 /* EnterpriseNotQuestionView.xib */,
				F5759A742023FA6700DAE584 /* NotEnterpriseView.h */,
				F5759A752023FA6700DAE584 /* NotEnterpriseView.m */,
				F5759A722023FA6700DAE584 /* NotEnterpriseView.xib */,
				84FBDC262019B1DF007A7E45 /* EnterpriseTableViewCell.h */,
				84FBDC272019B1DF007A7E45 /* EnterpriseTableViewCell.m */,
				84FBDC282019B1DF007A7E45 /* EnterpriseTableViewCell.xib */,
			);
			path = Views;
			sourceTree = "<group>";
		};
		84FBDC222019B067007A7E45 /* Model */ = {
			isa = PBXGroup;
			children = (
				84FBDC232019B081007A7E45 /* EnterpriseModel.h */,
				84FBDC242019B081007A7E45 /* EnterpriseModel.m */,
			);
			path = Model;
			sourceTree = "<group>";
		};
		F502DBA82028585D00D898D5 /* Handle */ = {
			isa = PBXGroup;
			children = (
				F502DBA92028591F00D898D5 /* UserManager */,
			);
			path = Handle;
			sourceTree = "<group>";
		};
		F502DBA92028591F00D898D5 /* UserManager */ = {
			isa = PBXGroup;
			children = (
				F502DBAA2028594400D898D5 /* UserDataManager.h */,
				F502DBAB2028594400D898D5 /* UserDataManager.m */,
			);
			path = UserManager;
			sourceTree = "<group>";
		};
		F502DBAD2029534500D898D5 /* FMDBManager */ = {
			isa = PBXGroup;
			children = (
				F502DBAE2029534500D898D5 /* FMDBManager.h */,
				F502DBAF2029534500D898D5 /* FMDBManager.m */,
			);
			path = FMDBManager;
			sourceTree = "<group>";
		};
		F563CCC12017153B00D4751A = {
			isa = PBXGroup;
			children = (
				F563CCCC2017153B00D4751A /* IPOAsk */,
				F563CCCB2017153B00D4751A /* Products */,
				465A6C723346442489A9BC96 /* Pods */,
				3E1999E42540EC7D5B812FC3 /* Frameworks */,
			);
			sourceTree = "<group>";
		};
		F563CCCB2017153B00D4751A /* Products */ = {
			isa = PBXGroup;
			children = (
				F563CCCA2017153B00D4751A /* IPOAsk.app */,
			);
			name = Products;
			sourceTree = "<group>";
		};
		F563CCCC2017153B00D4751A /* IPOAsk */ = {
			isa = PBXGroup;
			children = (
				F563CCCD2017153B00D4751A /* AppDelegate.h */,
				F563CCCE2017153B00D4751A /* AppDelegate.m */,
				F5759AB42027EE9A00DAE584 /* ThirdParty */,
				84FBDC0720198675007A7E45 /* HTTP */,
				84D1B2F52017326600DF2DE4 /* Supporting Files */,
				84C47B43201869AA00E32486 /* Category */,
				84D1B2CA20172ACD00DF2DE4 /* UI */,
				84D1B2FF2017354300DF2DE4 /* Utils */,
				F502DBA82028585D00D898D5 /* Handle */,
				706B261A2022A99A0018BE40 /* Resources */,
				F563CCD32017153B00D4751A /* Main.storyboard */,
				F563CCD62017153B00D4751A /* Assets.xcassets */,
				F563CCD82017153B00D4751A /* LaunchScreen.storyboard */,
				84D1B2FD201733AB00DF2DE4 /* Info.plist */,
			);
			path = IPOAsk;
			sourceTree = "<group>";
		};
		F5759A352022C29200DAE584 /* InfoController */ = {
			isa = PBXGroup;
			children = (
				F5759A392022C29200DAE584 /* InfoViewController.h */,
				F5759A362022C29200DAE584 /* InfoViewController.m */,
				F5759A372022C29200DAE584 /* MyFollowViewController.h */,
				F5759A382022C29200DAE584 /* MyFollowViewController.m */,
				F5759A542022FCC400DAE584 /* MyLikeViewController.h */,
				F5759A552022FCC400DAE584 /* MyLikeViewController.m */,
				F5759A5A2023167A00DAE584 /* MyAskViewController.h */,
				F5759A5B2023167A00DAE584 /* MyAskViewController.m */,
				F5759A5D2023169C00DAE584 /* MyAnswerViewController.h */,
				F5759A5E2023169C00DAE584 /* MyAnswerViewController.m */,
			);
			path = InfoController;
			sourceTree = "<group>";
		};
		F5759A602023F88500DAE584 /* Enterprise */ = {
			isa = PBXGroup;
			children = (
				F5759A612023F88500DAE584 /* 未勾选@2x.png */,
				F5759A622023F88500DAE584 /* 勾选@2x.png */,
				F5759A632023F88500DAE584 /* 没有提问@2x.png */,
				F5759A642023F88500DAE584 /* 不是企业用户@2x.png */,
			);
			path = Enterprise;
			sourceTree = "<group>";
		};
		F5759A7A2027EE6000DAE584 /* Main */ = {
			isa = PBXGroup;
			children = (
				F5759A7B2027EE6000DAE584 /* back@2x.png */,
				F5759A7C2027EE6000DAE584 /* 默认头像@2x.png */,
				F5759A7D2027EE6000DAE584 /* 帮助中心@2x.png */,
				F5759A7E2027EE6000DAE584 /* 企业-pre@2x.png */,
				F5759A7F2027EE6000DAE584 /* 消息-nor@2x.png */,
				F5759A802027EE6000DAE584 /* 设置@2x.png */,
				F5759A812027EE6000DAE584 /* 我的钱包@2x.png */,
				F5759A822027EE6000DAE584 /* home_nor@2x.png */,
				F5759A832027EE6000DAE584 /* banner背景@2x.png */,
				F5759A842027EE6000DAE584 /* 我的-pre@2x.png */,
				F5759A852027EE6000DAE584 /* 消息-pre@2x.png */,
				F5759A862027EE6000DAE584 /* 企业-nor@2x.png */,
				F5759A872027EE6000DAE584 /* 关于我们@2x.png */,
				F5759A882027EE6000DAE584 /* 我的-nor@2x.png */,
				F5759A892027EE6000DAE584 /* home_pre@2x.png */,
				F5759A8A2027EE6000DAE584 /* 申请成为答主@2x.png */,
				F5759A8B2027EE6000DAE584 /* 草稿箱@2x.png */,
			);
			path = Main;
			sourceTree = "<group>";
		};
		F5759A8D2027EE6000DAE584 /* MainAsk */ = {
			isa = PBXGroup;
			children = (
				F5759A8E2027EE6000DAE584 /* 已关注@2x.png */,
				F5759A8F2027EE6000DAE584 /* 关注@2x.png */,
				F5759A902027EE6000DAE584 /* 回答@2x.png */,
				F5759A912027EE6000DAE584 /* 详情-查看@2x.png */,
				F5759A922027EE6000DAE584 /* 查看@2x.png */,
				F5759A932027EE6000DAE584 /* 问题列表-点赞-按下@2x.png */,
				F5759A942027EE6000DAE584 /* +关注@2x.png */,
				F5759A952027EE6000DAE584 /* 展开全文@2x.png */,
				F5759A962027EE6000DAE584 /* 问题列表-点赞@2x.png */,
			);
			path = MainAsk;
			sourceTree = "<group>";
		};
		F5759AB42027EE9A00DAE584 /* ThirdParty */ = {
			isa = PBXGroup;
			children = (
				F5759AB52027EE9A00DAE584 /* FLAnimatedImage */,
			);
			path = ThirdParty;
			sourceTree = "<group>";
		};
		F5759AB52027EE9A00DAE584 /* FLAnimatedImage */ = {
			isa = PBXGroup;
			children = (
				F5759AB62027EE9A00DAE584 /* FLAnimatedImage.m */,
				F5759AB72027EE9A00DAE584 /* FLAnimatedImageView.m */,
				F5759AB82027EE9A00DAE584 /* FLAnimatedImage.h */,
				F5759AB92027EE9A00DAE584 /* FLAnimatedImageView.h */,
			);
			path = FLAnimatedImage;
			sourceTree = "<group>";
		};
		F5759ACD2027EFB400DAE584 /* gifReload */ = {
			isa = PBXGroup;
			children = (
				F5759ACE2027EFB400DAE584 /* MyRefreshAutoGifHeader.h */,
				F5759ACF2027EFB400DAE584 /* MyRefreshAutoGifFooter.h */,
				F5759AD02027EFB400DAE584 /* MyRefreshAutoGifFooter.m */,
				F5759AD12027EFB400DAE584 /* MyRefreshAutoGifHeader.m */,
			);
			path = gifReload;
			sourceTree = "<group>";
		};
		F5E91E88201B39C80059843A /* View */ = {
			isa = PBXGroup;
			children = (
				F5759A3E2022C2AA00DAE584 /* DraftViewTableViewCell.h */,
				F5759A3D2022C2AA00DAE584 /* DraftViewTableViewCell.m */,
				F5759A3C2022C2AA00DAE584 /* FollowTableViewCell.h */,
				F5759A3F2022C2AA00DAE584 /* FollowTableViewCell.m */,
				F5E91E89201B39C80059843A /* HeadViewTableViewCell.h */,
				F5E91E8A201B39C80059843A /* HeadViewTableViewCell.m */,
				F5759A57202300BF00DAE584 /* LikeTableViewCell.h */,
				F5759A58202300BF00DAE584 /* LikeTableViewCell.m */,
			);
			path = View;
			sourceTree = "<group>";
		};
		F5E91EA1201B3A750059843A /* Model */ = {
			isa = PBXGroup;
			children = (
				F502DBB12029536D00D898D5 /* DraftsModel.h */,
				F502DBB22029536D00D898D5 /* DraftsModel.m */,
				F5E91EA2201B3A750059843A /* QuestionModel.h */,
				F5E91EA3201B3A750059843A /* AnswerModel.h */,
				F5E91EA4201B3A750059843A /* QuestionModel.m */,
				F5E91EA5201B3A750059843A /* AnswerModel.m */,
			);
			path = Model;
			sourceTree = "<group>";
		};
		F5E91EA6201B3A750059843A /* View */ = {
			isa = PBXGroup;
			children = (
				F502DBB42029537800D898D5 /* DraftsTableViewCell.h */,
				F502DBB52029537800D898D5 /* DraftsTableViewCell.m */,
				F502DBB62029537800D898D5 /* DraftsTableViewCell.xib */,
				F5759ABC2027EF2F00DAE584 /* MainAskDetailHeadViewCellTableViewCell.h */,
				F5759ABE2027EF2F00DAE584 /* MainAskDetailHeadViewCellTableViewCell.m */,
				F5759ABD2027EF2F00DAE584 /* MainAskDetailHeadViewCellTableViewCell.xib */,
				F5E91EA7201B3A750059843A /* QuestionTableViewCell.h */,
				F5E91EA8201B3A750059843A /* AnswerTableViewCell.m */,
				F5E91EA9201B3A750059843A /* QuestionTableViewCell.m */,
				F5E91EAA201B3A750059843A /* AnswerTableViewCell.h */,
			);
			path = View;
			sourceTree = "<group>";
		};
		F5E91EAF201B3A950059843A /* Views */ = {
			isa = PBXGroup;
			children = (
				F5E91EB0201B3A950059843A /* AnswerOrLikeTableViewCell.h */,
				F5E91EB1201B3A950059843A /* AnswerOrLikeTableViewCell.xib */,
				F5E91EB2201B3A950059843A /* AnswerOrLikeTableViewCell.m */,
			);
			path = Views;
			sourceTree = "<group>";
		};
		F5E91EB3201B3A960059843A /* Model */ = {
			isa = PBXGroup;
			children = (
				F5E91EB4201B3A960059843A /* AnswerOrLikeModel.m */,
				F5E91EB5201B3A960059843A /* AnswerOrLikeModel.h */,
			);
			path = Model;
			sourceTree = "<group>";
		};
/* End PBXGroup section */

/* Begin PBXNativeTarget section */
		F563CCC92017153B00D4751A /* IPOAsk */ = {
			isa = PBXNativeTarget;
			buildConfigurationList = F563CCE02017153C00D4751A /* Build configuration list for PBXNativeTarget "IPOAsk" */;
			buildPhases = (
				47E36F4367B8A20BA7E94E27 /* [CP] Check Pods Manifest.lock */,
				F563CCC62017153B00D4751A /* Sources */,
				F563CCC72017153B00D4751A /* Frameworks */,
				F563CCC82017153B00D4751A /* Resources */,
				32EBB42DBBE1AD2790499676 /* [CP] Embed Pods Frameworks */,
				39654BB551EEE4AE36D1249B /* [CP] Copy Pods Resources */,
			);
			buildRules = (
			);
			dependencies = (
			);
			name = IPOAsk;
			productName = IPOAsk;
			productReference = F563CCCA2017153B00D4751A /* IPOAsk.app */;
			productType = "com.apple.product-type.application";
		};
/* End PBXNativeTarget section */

/* Begin PBXProject section */
		F563CCC22017153B00D4751A /* Project object */ = {
			isa = PBXProject;
			attributes = {
				LastUpgradeCheck = 0920;
				ORGANIZATIONNAME = law;
				TargetAttributes = {
					F563CCC92017153B00D4751A = {
						CreatedOnToolsVersion = 9.2;
						ProvisioningStyle = Automatic;
					};
				};
			};
			buildConfigurationList = F563CCC52017153B00D4751A /* Build configuration list for PBXProject "IPOAsk" */;
			compatibilityVersion = "Xcode 8.0";
			developmentRegion = en;
			hasScannedForEncodings = 0;
			knownRegions = (
				en,
				Base,
			);
			mainGroup = F563CCC12017153B00D4751A;
			productRefGroup = F563CCCB2017153B00D4751A /* Products */;
			projectDirPath = "";
			projectRoot = "";
			targets = (
				F563CCC92017153B00D4751A /* IPOAsk */,
			);
		};
/* End PBXProject section */

/* Begin PBXResourcesBuildPhase section */
		F563CCC82017153B00D4751A /* Resources */ = {
			isa = PBXResourcesBuildPhase;
			buildActionMask = 2147483647;
			files = (
				F563CCDA2017153B00D4751A /* LaunchScreen.storyboard in Resources */,
				F5759ACC2027EF3C00DAE584 /* MainAskDetailViewController.xib in Resources */,
				F5759AA32027EE6000DAE584 /* 企业-nor@2x.png in Resources */,
				F563CCD72017153B00D4751A /* Assets.xcassets in Resources */,
				F5759AB12027EE6000DAE584 /* 展开全文@2x.png in Resources */,
				F5759A9F2027EE6000DAE584 /* home_nor@2x.png in Resources */,
				F5759A772023FA6700DAE584 /* NotEnterpriseView.xib in Resources */,
				F5759A662023F88500DAE584 /* 勾选@2x.png in Resources */,
				F5759A992027EE6000DAE584 /* 默认头像@2x.png in Resources */,
				706B26372022B06C0018BE40 /* 其他优势@2x.png in Resources */,
				F5759ACA2027EF3C00DAE584 /* MainAskCommViewController.xib in Resources */,
				F5759AA12027EE6000DAE584 /* 我的-pre@2x.png in Resources */,
				F5759AA92027EE6000DAE584 /* 下拉加载.gif in Resources */,
				F5759A682023F88500DAE584 /* 不是企业用户@2x.png in Resources */,
				F5759A982027EE6000DAE584 /* back@2x.png in Resources */,
				F5759A6A2023F88F00DAE584 /* 虚线@2x.png in Resources */,
				F5759AAD2027EE6000DAE584 /* 详情-查看@2x.png in Resources */,
				706B26362022B06C0018BE40 /* 卡片@2x.png in Resources */,
				706B26392022B06C0018BE40 /* 专家一对一@2x.png in Resources */,
				F5759AAE2027EE6000DAE584 /* 查看@2x.png in Resources */,
				F5759A9C2027EE6000DAE584 /* 消息-nor@2x.png in Resources */,
				70CF77542021AE5A00B459F7 /* EnterpriseRegisterView.xib in Resources */,
				F5759AC92027EF3C00DAE584 /* EditQuestionViewController.xib in Resources */,
				F5759AA82027EE6000DAE584 /* 草稿箱@2x.png in Resources */,
				F5759AAF2027EE6000DAE584 /* 问题列表-点赞-按下@2x.png in Resources */,
				F5759ABF2027EF2F00DAE584 /* MainAskDetailHeadViewCellTableViewCell.xib in Resources */,
				706B26382022B06C0018BE40 /* 权威机构@2x.png in Resources */,
				F5759A9A2027EE6000DAE584 /* 帮助中心@2x.png in Resources */,
				706B26342022B06C0018BE40 /* 显示密码@2x.png in Resources */,
				F5759AA42027EE6000DAE584 /* 关于我们@2x.png in Resources */,
				706B26352022B06C0018BE40 /* 不显示密码@2x.png in Resources */,
				F502DBB82029537800D898D5 /* DraftsTableViewCell.xib in Resources */,
				F5759AA02027EE6000DAE584 /* banner背景@2x.png in Resources */,
				F5759AAA2027EE6000DAE584 /* 已关注@2x.png in Resources */,
				F5759AAC2027EE6000DAE584 /* 回答@2x.png in Resources */,
				F5759AA52027EE6000DAE584 /* 我的-nor@2x.png in Resources */,
				F5759A9E2027EE6000DAE584 /* 我的钱包@2x.png in Resources */,
				F5759A6F2023F8AB00DAE584 /* loginEnterpriseRegisterView.xib in Resources */,
				F5E91EB6201B3A960059843A /* AnswerOrLikeTableViewCell.xib in Resources */,
				F5759AB02027EE6000DAE584 /* +关注@2x.png in Resources */,
				F5759AA72027EE6000DAE584 /* 申请成为答主@2x.png in Resources */,
				F5759AAB2027EE6000DAE584 /* 关注@2x.png in Resources */,
				F5759AB32027EE6000DAE584 /* 上拉刷新.gif in Resources */,
				706B263B2022B6C20018BE40 /* 电话联系@2x.png in Resources */,
				F5759AA22027EE6000DAE584 /* 消息-pre@2x.png in Resources */,
				F5759AA62027EE6000DAE584 /* home_pre@2x.png in Resources */,
				F5759AB22027EE6000DAE584 /* 问题列表-点赞@2x.png in Resources */,
				F5759A672023F88500DAE584 /* 没有提问@2x.png in Resources */,
				F5759A652023F88500DAE584 /* 未勾选@2x.png in Resources */,
				84FBDC2A2019B1DF007A7E45 /* EnterpriseTableViewCell.xib in Resources */,
				F5759A762023FA6700DAE584 /* EnterpriseNotQuestionView.xib in Resources */,
				F563CCD52017153B00D4751A /* Main.storyboard in Resources */,
				F5759A9D2027EE6000DAE584 /* 设置@2x.png in Resources */,
				F5759A9B2027EE6000DAE584 /* 企业-pre@2x.png in Resources */,
			);
			runOnlyForDeploymentPostprocessing = 0;
		};
/* End PBXResourcesBuildPhase section */

/* Begin PBXShellScriptBuildPhase section */
		32EBB42DBBE1AD2790499676 /* [CP] Embed Pods Frameworks */ = {
			isa = PBXShellScriptBuildPhase;
			buildActionMask = 2147483647;
			files = (
			);
			inputPaths = (
			);
			name = "[CP] Embed Pods Frameworks";
			outputPaths = (
			);
			runOnlyForDeploymentPostprocessing = 0;
			shellPath = /bin/sh;
			shellScript = "\"${SRCROOT}/Pods/Target Support Files/Pods-IPOAsk/Pods-IPOAsk-frameworks.sh\"\n";
			showEnvVarsInLog = 0;
		};
		39654BB551EEE4AE36D1249B /* [CP] Copy Pods Resources */ = {
			isa = PBXShellScriptBuildPhase;
			buildActionMask = 2147483647;
			files = (
			);
			inputPaths = (
				"${SRCROOT}/Pods/Target Support Files/Pods-IPOAsk/Pods-IPOAsk-resources.sh",
				"${PODS_ROOT}/MJRefresh/MJRefresh/MJRefresh.bundle",
			);
			name = "[CP] Copy Pods Resources";
			outputPaths = (
				"${TARGET_BUILD_DIR}/${UNLOCALIZED_RESOURCES_FOLDER_PATH}",
			);
			runOnlyForDeploymentPostprocessing = 0;
			shellPath = /bin/sh;
			shellScript = "\"${SRCROOT}/Pods/Target Support Files/Pods-IPOAsk/Pods-IPOAsk-resources.sh\"\n";
			showEnvVarsInLog = 0;
		};
		47E36F4367B8A20BA7E94E27 /* [CP] Check Pods Manifest.lock */ = {
			isa = PBXShellScriptBuildPhase;
			buildActionMask = 2147483647;
			files = (
			);
			inputPaths = (
				"${PODS_PODFILE_DIR_PATH}/Podfile.lock",
				"${PODS_ROOT}/Manifest.lock",
			);
			name = "[CP] Check Pods Manifest.lock";
			outputPaths = (
				"$(DERIVED_FILE_DIR)/Pods-IPOAsk-checkManifestLockResult.txt",
			);
			runOnlyForDeploymentPostprocessing = 0;
			shellPath = /bin/sh;
			shellScript = "diff \"${PODS_PODFILE_DIR_PATH}/Podfile.lock\" \"${PODS_ROOT}/Manifest.lock\" > /dev/null\nif [ $? != 0 ] ; then\n    # print error to STDERR\n    echo \"error: The sandbox is not in sync with the Podfile.lock. Run 'pod install' or update your CocoaPods installation.\" >&2\n    exit 1\nfi\n# This output is used by Xcode 'outputs' to avoid re-running this script phase.\necho \"SUCCESS\" > \"${SCRIPT_OUTPUT_FILE_0}\"\n";
			showEnvVarsInLog = 0;
		};
/* End PBXShellScriptBuildPhase section */

/* Begin PBXSourcesBuildPhase section */
		F563CCC62017153B00D4751A /* Sources */ = {
			isa = PBXSourcesBuildPhase;
			buildActionMask = 2147483647;
			files = (
				F5759AD32027EFB400DAE584 /* MyRefreshAutoGifHeader.m in Sources */,
				F502DBAC2028594400D898D5 /* UserDataManager.m in Sources */,
				F5759A6E2023F8AB00DAE584 /* loginEnterpriseRegisterView.m in Sources */,
				F5E91E9D201B3A540059843A /* EditAnswerViewController.m in Sources */,
				F5759AC02027EF2F00DAE584 /* MainAskDetailHeadViewCellTableViewCell.m in Sources */,
				F502DBB32029536E00D898D5 /* DraftsModel.m in Sources */,
				84FBDC0A20198675007A7E45 /* AskHttpLink.m in Sources */,
				84C47B422018368A00E32486 /* BaseTableViewController.m in Sources */,
				F5E91EAD201B3A750059843A /* AnswerTableViewCell.m in Sources */,
				F502DBB02029534500D898D5 /* FMDBManager.m in Sources */,
				84C47B392018238300E32486 /* SignInViewController.m in Sources */,
				84FBDC2D2019C474007A7E45 /* TipsViews.m in Sources */,
				F5759A412022C2AB00DAE584 /* FollowTableViewCell.m in Sources */,
				F5E91EB8201B3A960059843A /* AnswerOrLikeModel.m in Sources */,
				F5759A4F2022C2B700DAE584 /* DraftViewController.m in Sources */,
				F5759A532022C2B700DAE584 /* WalletViewController.m in Sources */,
				84FBDC202019AC9B007A7E45 /* UINavigationBar+MyNavigationBar.m in Sources */,
				70CF774C20216C6900B459F7 /* TextFieldViews.m in Sources */,
				70CF774F2021729E00B459F7 /* RegisterView.m in Sources */,
				F5759A502022C2B700DAE584 /* SettingViewController.m in Sources */,
				F502DBBE2029A78500D898D5 /* SendPhoneCodeViewController.m in Sources */,
				F5759AD22027EFB400DAE584 /* MyRefreshAutoGifFooter.m in Sources */,
				84D1B3042017356200DF2DE4 /* UtilsCommon.m in Sources */,
				F5759A3A2022C29200DAE584 /* InfoViewController.m in Sources */,
				F5E91E9C201B3A540059843A /* QuestionViewController.m in Sources */,
				F5759ABB2027EE9A00DAE584 /* FLAnimatedImageView.m in Sources */,
				70CF774B20216C6900B459F7 /* loginView.m in Sources */,
				84FBDC142019A83F007A7E45 /* ApplicationEnterpriseViewController.m in Sources */,
				F502DBB72029537800D898D5 /* DraftsTableViewCell.m in Sources */,
				F5759A792023FA6700DAE584 /* NotEnterpriseView.m in Sources */,
				F5759A4E2022C2B700DAE584 /* AnswerViewController.m in Sources */,
				F5E91E9E201B3A540059843A /* EditQuestionViewController.m in Sources */,
				84D1B2EE20172E9A00DF2DE4 /* EnterpriseViewController.m in Sources */,
				84D1B2F420172F7300DF2DE4 /* MineViewController.m in Sources */,
				84FBDC292019B1DF007A7E45 /* EnterpriseTableViewCell.m in Sources */,
				F502DBBB2029538500D898D5 /* DraftsViewController.m in Sources */,
				F5759A5F2023169C00DAE584 /* MyAnswerViewController.m in Sources */,
				84D1B2E820172CD800DF2DE4 /* BaseNavViewController.m in Sources */,
				F5759ACB2027EF3C00DAE584 /* MainAskDetailViewController.m in Sources */,
				F5759A782023FA6700DAE584 /* EnterpriseNotQuestionView.m in Sources */,
				F5759A5C2023167A00DAE584 /* MyAskViewController.m in Sources */,
				84FBDC11201987CF007A7E45 /* AskProgressHUD.m in Sources */,
				84D1B2EB20172DFD00DF2DE4 /* MainAskViewController.m in Sources */,
				70CF77572021BD8100B459F7 /* ResetPasswordViewController.m in Sources */,
				F5759A3B2022C29200DAE584 /* MyFollowViewController.m in Sources */,
				F5759ABA2027EE9A00DAE584 /* FLAnimatedImage.m in Sources */,
				F563CCCF2017153B00D4751A /* AppDelegate.m in Sources */,
				F5759AC82027EF3C00DAE584 /* MainAskCommViewController.m in Sources */,
				F5E91EA0201B3A540059843A /* AnswerDetailViewController.m in Sources */,
				84C47B47201869AA00E32486 /* MBProgressHUD.m in Sources */,
				F5759A402022C2AB00DAE584 /* DraftViewTableViewCell.m in Sources */,
				F5759A562022FCC400DAE584 /* MyLikeViewController.m in Sources */,
				F5E91E9F201B3A540059843A /* MainNavigationController.m in Sources */,
				F5E91EB7201B3A960059843A /* AnswerOrLikeTableViewCell.m in Sources */,
				84FBDC252019B081007A7E45 /* EnterpriseModel.m in Sources */,
				F5759A59202300BF00DAE584 /* LikeTableViewCell.m in Sources */,
				84D1B2F120172F4F00DF2DE4 /* MessageViewController.m in Sources */,
				F5E91EAC201B3A750059843A /* AnswerModel.m in Sources */,
				70CF77522021AE5200B459F7 /* EnterpriseRegisterView.m in Sources */,
				F5E91EAE201B3A750059843A /* QuestionTableViewCell.m in Sources */,
				84D1B2F92017326600DF2DE4 /* main.m in Sources */,
				84D1B2E520172B0900DF2DE4 /* BaseTabBarViewController.m in Sources */,
				F5759A512022C2B700DAE584 /* AboutViewController.m in Sources */,
				F5E91EAB201B3A750059843A /* QuestionModel.m in Sources */,
				F5E91E8B201B39C80059843A /* HeadViewTableViewCell.m in Sources */,
				84FBDC182019AC15007A7E45 /* UIBarButtonItem+myBarButtonItem.m in Sources */,
				F5759A522022C2B700DAE584 /* HelpViewController.m in Sources */,
				F5E91E9B201B3A540059843A /* SearchViewController.m in Sources */,
				F5E91E8E201B3A120059843A /* BaseViewController.m in Sources */,
			);
			runOnlyForDeploymentPostprocessing = 0;
		};
/* End PBXSourcesBuildPhase section */

/* Begin PBXVariantGroup section */
		F563CCD32017153B00D4751A /* Main.storyboard */ = {
			isa = PBXVariantGroup;
			children = (
				F563CCD42017153B00D4751A /* Base */,
			);
			name = Main.storyboard;
			sourceTree = "<group>";
		};
		F563CCD82017153B00D4751A /* LaunchScreen.storyboard */ = {
			isa = PBXVariantGroup;
			children = (
				F563CCD92017153B00D4751A /* Base */,
			);
			name = LaunchScreen.storyboard;
			sourceTree = "<group>";
		};
/* End PBXVariantGroup section */

/* Begin XCBuildConfiguration section */
		F563CCDE2017153C00D4751A /* Debug */ = {
			isa = XCBuildConfiguration;
			buildSettings = {
				ALWAYS_SEARCH_USER_PATHS = NO;
				CLANG_ANALYZER_NONNULL = YES;
				CLANG_ANALYZER_NUMBER_OBJECT_CONVERSION = YES_AGGRESSIVE;
				CLANG_CXX_LANGUAGE_STANDARD = "gnu++14";
				CLANG_CXX_LIBRARY = "libc++";
				CLANG_ENABLE_MODULES = YES;
				CLANG_ENABLE_OBJC_ARC = YES;
				CLANG_WARN_BLOCK_CAPTURE_AUTORELEASING = YES;
				CLANG_WARN_BOOL_CONVERSION = YES;
				CLANG_WARN_COMMA = YES;
				CLANG_WARN_CONSTANT_CONVERSION = YES;
				CLANG_WARN_DIRECT_OBJC_ISA_USAGE = YES_ERROR;
				CLANG_WARN_DOCUMENTATION_COMMENTS = YES;
				CLANG_WARN_EMPTY_BODY = YES;
				CLANG_WARN_ENUM_CONVERSION = YES;
				CLANG_WARN_INFINITE_RECURSION = YES;
				CLANG_WARN_INT_CONVERSION = YES;
				CLANG_WARN_NON_LITERAL_NULL_CONVERSION = YES;
				CLANG_WARN_OBJC_LITERAL_CONVERSION = YES;
				CLANG_WARN_OBJC_ROOT_CLASS = YES_ERROR;
				CLANG_WARN_RANGE_LOOP_ANALYSIS = YES;
				CLANG_WARN_STRICT_PROTOTYPES = YES;
				CLANG_WARN_SUSPICIOUS_MOVE = YES;
				CLANG_WARN_UNGUARDED_AVAILABILITY = YES_AGGRESSIVE;
				CLANG_WARN_UNREACHABLE_CODE = YES;
				CLANG_WARN__DUPLICATE_METHOD_MATCH = YES;
				CODE_SIGN_IDENTITY = "iPhone Developer";
				COPY_PHASE_STRIP = NO;
				DEBUG_INFORMATION_FORMAT = dwarf;
				ENABLE_STRICT_OBJC_MSGSEND = YES;
				ENABLE_TESTABILITY = YES;
				GCC_C_LANGUAGE_STANDARD = gnu11;
				GCC_DYNAMIC_NO_PIC = NO;
				GCC_NO_COMMON_BLOCKS = YES;
				GCC_OPTIMIZATION_LEVEL = 0;
				GCC_PREPROCESSOR_DEFINITIONS = (
					"DEBUG=1",
					"$(inherited)",
				);
				GCC_WARN_64_TO_32_BIT_CONVERSION = YES;
				GCC_WARN_ABOUT_RETURN_TYPE = YES_ERROR;
				GCC_WARN_UNDECLARED_SELECTOR = YES;
				GCC_WARN_UNINITIALIZED_AUTOS = YES_AGGRESSIVE;
				GCC_WARN_UNUSED_FUNCTION = YES;
				GCC_WARN_UNUSED_VARIABLE = YES;
				IPHONEOS_DEPLOYMENT_TARGET = 11.2;
				MTL_ENABLE_DEBUG_INFO = YES;
				ONLY_ACTIVE_ARCH = YES;
				SDKROOT = iphoneos;
			};
			name = Debug;
		};
		F563CCDF2017153C00D4751A /* Release */ = {
			isa = XCBuildConfiguration;
			buildSettings = {
				ALWAYS_SEARCH_USER_PATHS = NO;
				CLANG_ANALYZER_NONNULL = YES;
				CLANG_ANALYZER_NUMBER_OBJECT_CONVERSION = YES_AGGRESSIVE;
				CLANG_CXX_LANGUAGE_STANDARD = "gnu++14";
				CLANG_CXX_LIBRARY = "libc++";
				CLANG_ENABLE_MODULES = YES;
				CLANG_ENABLE_OBJC_ARC = YES;
				CLANG_WARN_BLOCK_CAPTURE_AUTORELEASING = YES;
				CLANG_WARN_BOOL_CONVERSION = YES;
				CLANG_WARN_COMMA = YES;
				CLANG_WARN_CONSTANT_CONVERSION = YES;
				CLANG_WARN_DIRECT_OBJC_ISA_USAGE = YES_ERROR;
				CLANG_WARN_DOCUMENTATION_COMMENTS = YES;
				CLANG_WARN_EMPTY_BODY = YES;
				CLANG_WARN_ENUM_CONVERSION = YES;
				CLANG_WARN_INFINITE_RECURSION = YES;
				CLANG_WARN_INT_CONVERSION = YES;
				CLANG_WARN_NON_LITERAL_NULL_CONVERSION = YES;
				CLANG_WARN_OBJC_LITERAL_CONVERSION = YES;
				CLANG_WARN_OBJC_ROOT_CLASS = YES_ERROR;
				CLANG_WARN_RANGE_LOOP_ANALYSIS = YES;
				CLANG_WARN_STRICT_PROTOTYPES = YES;
				CLANG_WARN_SUSPICIOUS_MOVE = YES;
				CLANG_WARN_UNGUARDED_AVAILABILITY = YES_AGGRESSIVE;
				CLANG_WARN_UNREACHABLE_CODE = YES;
				CLANG_WARN__DUPLICATE_METHOD_MATCH = YES;
				CODE_SIGN_IDENTITY = "iPhone Developer";
				COPY_PHASE_STRIP = NO;
				DEBUG_INFORMATION_FORMAT = "dwarf-with-dsym";
				ENABLE_NS_ASSERTIONS = NO;
				ENABLE_STRICT_OBJC_MSGSEND = YES;
				GCC_C_LANGUAGE_STANDARD = gnu11;
				GCC_NO_COMMON_BLOCKS = YES;
				GCC_WARN_64_TO_32_BIT_CONVERSION = YES;
				GCC_WARN_ABOUT_RETURN_TYPE = YES_ERROR;
				GCC_WARN_UNDECLARED_SELECTOR = YES;
				GCC_WARN_UNINITIALIZED_AUTOS = YES_AGGRESSIVE;
				GCC_WARN_UNUSED_FUNCTION = YES;
				GCC_WARN_UNUSED_VARIABLE = YES;
				IPHONEOS_DEPLOYMENT_TARGET = 11.2;
				MTL_ENABLE_DEBUG_INFO = NO;
				SDKROOT = iphoneos;
				VALIDATE_PRODUCT = YES;
			};
			name = Release;
		};
		F563CCE12017153C00D4751A /* Debug */ = {
			isa = XCBuildConfiguration;
			baseConfigurationReference = 0441DF22CC1CD148DF8C8CB4 /* Pods-IPOAsk.debug.xcconfig */;
			buildSettings = {
				ASSETCATALOG_COMPILER_APPICON_NAME = AppIcon;
				CODE_SIGN_STYLE = Automatic;
				DEVELOPMENT_TEAM = NG2U3PU777;
				GCC_PREFIX_HEADER = "$(SRCROOT)/IPOAsk/Supporting Files/PrefixHeader.pch";
				INFOPLIST_FILE = IPOAsk/Info.plist;
				IPHONEOS_DEPLOYMENT_TARGET = 8.0;
				LD_RUNPATH_SEARCH_PATHS = "$(inherited) @executable_path/Frameworks";
				PRODUCT_BUNDLE_IDENTIFIER = com.IPOAsk;
				PRODUCT_NAME = "$(TARGET_NAME)";
				TARGETED_DEVICE_FAMILY = "1,2";
				USER_HEADER_SEARCH_PATHS = "";
			};
			name = Debug;
		};
		F563CCE22017153C00D4751A /* Release */ = {
			isa = XCBuildConfiguration;
			baseConfigurationReference = 84994DE7CA75AE47A7213852 /* Pods-IPOAsk.release.xcconfig */;
			buildSettings = {
				ASSETCATALOG_COMPILER_APPICON_NAME = AppIcon;
				CODE_SIGN_STYLE = Automatic;
				DEVELOPMENT_TEAM = NG2U3PU777;
				GCC_PREFIX_HEADER = "$(SRCROOT)/IPOAsk/Supporting Files/PrefixHeader.pch";
				INFOPLIST_FILE = IPOAsk/Info.plist;
				IPHONEOS_DEPLOYMENT_TARGET = 8.0;
				LD_RUNPATH_SEARCH_PATHS = "$(inherited) @executable_path/Frameworks";
				PRODUCT_BUNDLE_IDENTIFIER = com.IPOAsk;
				PRODUCT_NAME = "$(TARGET_NAME)";
				TARGETED_DEVICE_FAMILY = "1,2";
				USER_HEADER_SEARCH_PATHS = "";
			};
			name = Release;
		};
/* End XCBuildConfiguration section */

/* Begin XCConfigurationList section */
		F563CCC52017153B00D4751A /* Build configuration list for PBXProject "IPOAsk" */ = {
			isa = XCConfigurationList;
			buildConfigurations = (
				F563CCDE2017153C00D4751A /* Debug */,
				F563CCDF2017153C00D4751A /* Release */,
			);
			defaultConfigurationIsVisible = 0;
			defaultConfigurationName = Release;
		};
		F563CCE02017153C00D4751A /* Build configuration list for PBXNativeTarget "IPOAsk" */ = {
			isa = XCConfigurationList;
			buildConfigurations = (
				F563CCE12017153C00D4751A /* Debug */,
				F563CCE22017153C00D4751A /* Release */,
			);
			defaultConfigurationIsVisible = 0;
			defaultConfigurationName = Release;
		};
/* End XCConfigurationList section */
	};
	rootObject = F563CCC22017153B00D4751A /* Project object */;
}
